
Microsoft Visual Studio Solution File, Format Version 12.00
# Visual Studio Version 16
VisualStudioVersion = 16.0.29519.87
MinimumVisualStudioVersion = 10.0.40219.1
Project("{8BC9CEB8-8B4A-11D0-8D11-00A0C91BC942}") = "AdventOfCodeCommon", "AdventOfCodeCommon\AdventOfCodeCommon.vcxproj", "{CACB5746-DED5-4746-82AA-8AA8F76CEC06}"
EndProject
Project("{2150E333-8FDC-42A3-9474-1A3956D46DE8}") = "AdventOfCode2017", "AdventOfCode2017", "{55904875-D27A-4052-A99D-C4B43B186A6C}"
EndProject
Project("{8BC9CEB8-8B4A-11D0-8D11-00A0C91BC942}") = "Day01-InverseCaptcha", "AdventOfCode2017\Day01-InverseCaptcha\Day01-InverseCaptcha.vcxproj", "{E157DBC3-3E58-4A10-ABD3-A597C6752F36}"
EndProject
Project("{8BC9CEB8-8B4A-11D0-8D11-00A0C91BC942}") = "Day02-CorruptedChecksum", "AdventOfCode2017\Day02-CorruptedChecksum\Day02-CorruptedChecksum.vcxproj", "{B542145C-B60E-4B0B-AD47-67FD721CA448}"
EndProject
Project("{8BC9CEB8-8B4A-11D0-8D11-00A0C91BC942}") = "Day03-SpiralMemory", "AdventOfCode2017\Day03-SpiralMemory\Day03-SpiralMemory.vcxproj", "{34E55C7E-2267-4862-81C0-2270AAD9C586}"
EndProject
Project("{8BC9CEB8-8B4A-11D0-8D11-00A0C91BC942}") = "Day04-HighEntropyPassphrases", "AdventOfCode2017\Day04-HighEntropyPassphrases\Day04-HighEntropyPassphrases.vcxproj", "{00105898-5BEA-4DD8-86A0-E4A73B42FF9C}"
EndProject
Project("{8BC9CEB8-8B4A-11D0-8D11-00A0C91BC942}") = "Day05-MazeOfTrampolines", "AdventOfCode2017\Day05-MazeOfTrampolines\Day05-MazeOfTrampolines.vcxproj", "{4A023829-02DC-4DC0-B388-B023F1C0A68E}"
EndProject
Project("{8BC9CEB8-8B4A-11D0-8D11-00A0C91BC942}") = "Day06-MemoryReallocation", "AdventOfCode2017\Day06-MemoryReallocation\Day06-MemoryReallocation.vcxproj", "{E3112216-81FD-465A-8732-375605FE2483}"
EndProject
Project("{8BC9CEB8-8B4A-11D0-8D11-00A0C91BC942}") = "Day07-RecursiveCircus", "AdventOfCode2017\Day07-RecursiveCircus\Day07-RecursiveCircus.vcxproj", "{07BFE542-3AA5-49C1-B479-E5CB38331457}"
EndProject
Project("{8BC9CEB8-8B4A-11D0-8D11-00A0C91BC942}") = "Day08-LikeRegisters", "AdventOfCode2017\Day08-LikeRegisters\Day08-LikeRegisters.vcxproj", "{971810EA-0811-4EF8-B21F-279C6016D148}"
EndProject
Project("{8BC9CEB8-8B4A-11D0-8D11-00A0C91BC942}") = "Day09-StreamProcessing", "AdventOfCode2017\Day09-StreamProcessing\Day09-StreamProcessing.vcxproj", "{B8015A32-0B74-4C51-BFDA-A488AA51A199}"
EndProject
Project("{8BC9CEB8-8B4A-11D0-8D11-00A0C91BC942}") = "Day10-KnotHash", "AdventOfCode2017\Day10-KnotHash\Day10-KnotHash.vcxproj", "{F374A5D2-BBD2-437A-967F-3CB294205F5A}"
EndProject
Project("{8BC9CEB8-8B4A-11D0-8D11-00A0C91BC942}") = "Day11-HexEd", "AdventOfCode2017\Day11-HexEd\Day11-HexEd.vcxproj", "{210601CD-5073-4A1B-BD22-E89B603A22F3}"
EndProject
Project("{8BC9CEB8-8B4A-11D0-8D11-00A0C91BC942}") = "Day12-DigitalPlumber", "AdventOfCode2017\Day12-DigitalPlumber\Day12-DigitalPlumber.vcxproj", "{13C81FB0-9159-42C0-BFD6-1A562A4A5255}"
EndProject
Project("{8BC9CEB8-8B4A-11D0-8D11-00A0C91BC942}") = "Day13-PacketScanners", "AdventOfCode2017\Day13-PacketScanners\Day13-PacketScanners.vcxproj", "{6A73B587-9004-4C17-9195-C6BB5FF04839}"
EndProject
Project("{8BC9CEB8-8B4A-11D0-8D11-00A0C91BC942}") = "Day14-DiskDefragmentation", "AdventOfCode2017\Day14-DiskDefragmentation\Day14-DiskDefragmentation.vcxproj", "{66CB3005-B1A2-4731-BF10-9428C3DC2D83}"
EndProject
Project("{8BC9CEB8-8B4A-11D0-8D11-00A0C91BC942}") = "Day15-DuelingGenerators", "AdventOfCode2017\Day15-DuelingGenerators\Day15-DuelingGenerators.vcxproj", "{A70697D1-4DEA-41F4-BF4C-11493EDC2A3A}"
EndProject
Project("{8BC9CEB8-8B4A-11D0-8D11-00A0C91BC942}") = "Day16-PermutationPromenade", "AdventOfCode2017\Day16-PermutationPromenade\Day16-PermutationPromenade.vcxproj", "{06D1543E-860F-438E-9146-FC654518B520}"
EndProject
Project("{8BC9CEB8-8B4A-11D0-8D11-00A0C91BC942}") = "Day17-Spinlock", "AdventOfCode2017\Day17-Spinlock\Day17-Spinlock.vcxproj", "{23EB1884-40CA-4B0C-854A-15AF2F090FF4}"
EndProject
Project("{8BC9CEB8-8B4A-11D0-8D11-00A0C91BC942}") = "Day18-Duet", "AdventOfCode2017\Day18-Duet\Day18-Duet.vcxproj", "{13BBBB3C-613D-4E32-8DCB-55212EC94B2F}"
EndProject
Project("{8BC9CEB8-8B4A-11D0-8D11-00A0C91BC942}") = "Day19-SeriesOfTubes", "AdventOfCode2017\Day19-SeriesOfTubes\Day19-SeriesOfTubes.vcxproj", "{3A1155E3-84D4-4FA1-ACF7-1E647DE1BF83}"
EndProject
Project("{8BC9CEB8-8B4A-11D0-8D11-00A0C91BC942}") = "Day20-ParticleSwarm", "AdventOfCode2017\Day20-ParticleSwarm\Day20-ParticleSwarm.vcxproj", "{2D165B2F-0881-4AFE-BF23-F2DA0594AFF8}"
EndProject
Project("{8BC9CEB8-8B4A-11D0-8D11-00A0C91BC942}") = "Day21-FractalArt", "AdventOfCode2017\Day21-FractalArt\Day21-FractalArt.vcxproj", "{FFA2362A-C1B1-4A47-A1D5-24B672FBD9DE}"
EndProject
Project("{8BC9CEB8-8B4A-11D0-8D11-00A0C91BC942}") = "Day22-SporificaVirus", "AdventOfCode2017\Day22-SporificaVirus\Day22-SporificaVirus.vcxproj", "{923D0963-8FCF-42F4-8A1B-A6D6E5EC4E95}"
EndProject
Project("{8BC9CEB8-8B4A-11D0-8D11-00A0C91BC942}") = "Day23-CoprocessorConflagration", "AdventOfCode2017\Day23-CoprocessorConflagration\Day23-CoprocessorConflagration.vcxproj", "{E15D72CF-7E02-41F8-8114-2A4631E65876}"
EndProject
Project("{8BC9CEB8-8B4A-11D0-8D11-00A0C91BC942}") = "Day24-ElectromagneticMoat", "AdventOfCode2017\Day24-ElectromagneticMoat\Day24-ElectromagneticMoat.vcxproj", "{0191C9FE-1EB1-4932-9424-CD6269D07214}"
EndProject
Project("{8BC9CEB8-8B4A-11D0-8D11-00A0C91BC942}") = "Day25-HaltingProblem", "AdventOfCode2017\Day25-HaltingProblem\Day25-HaltingProblem.vcxproj", "{CC0F8660-324B-41B4-81AD-A82C0BC3F892}"
EndProject
Project("{2150E333-8FDC-42A3-9474-1A3956D46DE8}") = "AdventOfCode2018", "AdventOfCode2018", "{D5F46C08-94B9-4D43-8F1B-1F2D558CF7EA}"
EndProject
Project("{8BC9CEB8-8B4A-11D0-8D11-00A0C91BC942}") = "Day01-ChronalCalibration", "AdventOfCode2018\Day01-ChronalCalibration\Day01-ChronalCalibration.vcxproj", "{09B3BC3B-EA86-486C-B097-506C4D7780F5}"
EndProject
Project("{8BC9CEB8-8B4A-11D0-8D11-00A0C91BC942}") = "Day02-InventoryManagement", "AdventOfCode2018\Day02-InventoryManagement\Day02-InventoryManagement.vcxproj", "{9D993241-EBF4-4B97-BA88-EA132EDC7FF7}"
EndProject
Project("{8BC9CEB8-8B4A-11D0-8D11-00A0C91BC942}") = "Day03-HowYouSliceIt", "AdventOfCode2018\Day03-HowYouSliceIt\Day03-HowYouSliceIt.vcxproj", "{394031D7-6391-47AC-8A7B-BA48AACD4CA3}"
EndProject
Project("{8BC9CEB8-8B4A-11D0-8D11-00A0C91BC942}") = "Day04-ReposeRecord", "AdventOfCode2018\Day04-ReposeRecord\Day04-ReposeRecord.vcxproj", "{205553EB-BB83-4B55-807A-B03CF6C61CBD}"
EndProject
Project("{8BC9CEB8-8B4A-11D0-8D11-00A0C91BC942}") = "Day05-AlchemicalReduction", "AdventOfCode2018\Day05-AlchemicalReduction\Day05-AlchemicalReduction.vcxproj", "{6A94E39E-4409-4FAD-9D14-DDEF37E317D9}"
EndProject
Project("{8BC9CEB8-8B4A-11D0-8D11-00A0C91BC942}") = "Day06-ChronalCoordinates", "AdventOfCode2018\Day06-ChronalCoordinates\Day06-ChronalCoordinates.vcxproj", "{C456A912-5B38-45C0-BCE3-A55FA589A503}"
EndProject
Project("{8BC9CEB8-8B4A-11D0-8D11-00A0C91BC942}") = "Day07-TheSumOfItsParts", "AdventOfCode2018\Day07-TheSumOfItsParts\Day07-TheSumOfItsParts.vcxproj", "{41D60D01-03DA-476B-8F1B-C0910D7B82A1}"
EndProject
Project("{8BC9CEB8-8B4A-11D0-8D11-00A0C91BC942}") = "Day08-MemoryManeuver", "AdventOfCode2018\Day08-MemoryManeuver\Day08-MemoryManeuver.vcxproj", "{A4A18506-EAB2-4CFE-8CD9-FE34B61A1799}"
EndProject
Project("{8BC9CEB8-8B4A-11D0-8D11-00A0C91BC942}") = "Day09-MarbleMania", "AdventOfCode2018\Day09-MarbleMania\Day09-MarbleMania.vcxproj", "{C07D567F-6C8F-4D60-90C5-32EE547BF124}"
EndProject
Project("{8BC9CEB8-8B4A-11D0-8D11-00A0C91BC942}") = "Day10-TheStarsAlign", "AdventOfCode2018\Day10-TheStarsAlign\Day10-TheStarsAlign.vcxproj", "{6719D252-C19A-470C-9AEF-34AAC08A9222}"
EndProject
Project("{8BC9CEB8-8B4A-11D0-8D11-00A0C91BC942}") = "Day11-ChronalCharge", "AdventOfCode2018\Day11-ChronalCharge\Day11-ChronalCharge.vcxproj", "{6429B478-CC99-4A97-9D3A-A935792D0D8F}"
EndProject
Project("{8BC9CEB8-8B4A-11D0-8D11-00A0C91BC942}") = "Day12-SubterraneanSustainability", "AdventOfCode2018\Day12-SubterraneanSustainability\Day12-SubterraneanSustainability.vcxproj", "{6450B83E-296C-4F76-88C1-0C1CFD7C6736}"
EndProject
Project("{8BC9CEB8-8B4A-11D0-8D11-00A0C91BC942}") = "Day13-MineCartMadness", "AdventOfCode2018\Day13-MineCartMadness\Day13-MineCartMadness.vcxproj", "{8E39B8C2-DF00-4A83-9905-04B8AF3C9985}"
EndProject
Project("{8BC9CEB8-8B4A-11D0-8D11-00A0C91BC942}") = "Day14-ChocolateCharts", "AdventOfCode2018\Day14-ChocolateCharts\Day14-ChocolateCharts.vcxproj", "{B55020A6-B473-4FCA-89B2-9958A250D5BB}"
EndProject
Project("{8BC9CEB8-8B4A-11D0-8D11-00A0C91BC942}") = "Day15-BeverageBandits", "AdventOfCode2018\Day15-BeverageBandits\Day15-BeverageBandits.vcxproj", "{DF55390B-C646-4A17-AE88-1B63470A1421}"
EndProject
Project("{8BC9CEB8-8B4A-11D0-8D11-00A0C91BC942}") = "Day16-ChronalClassification", "AdventOfCode2018\Day16-ChronalClassification\Day16-ChronalClassification.vcxproj", "{12EF004A-B007-4527-8958-FD900FC97867}"
EndProject
Project("{8BC9CEB8-8B4A-11D0-8D11-00A0C91BC942}") = "Day17-ReservoirResearch", "AdventOfCode2018\Day17-ReservoirResearch\Day17-ReservoirResearch.vcxproj", "{7F80F07E-8902-47E5-843F-C9E15D8B58F2}"
EndProject
Project("{8BC9CEB8-8B4A-11D0-8D11-00A0C91BC942}") = "Day18-SettlersNorthPole", "AdventOfCode2018\Day18-SettlersNorthPole\Day18-SettlersNorthPole.vcxproj", "{9810BDC8-C6D5-47B9-97AE-6159F510DD84}"
EndProject
Project("{8BC9CEB8-8B4A-11D0-8D11-00A0C91BC942}") = "Day19-GoWithTheFlow", "AdventOfCode2018\Day19-GoWithTheFlow\Day19-GoWithTheFlow.vcxproj", "{ED98AAE8-7EF6-47BA-85CB-8E7B60D264A4}"
EndProject
Project("{8BC9CEB8-8B4A-11D0-8D11-00A0C91BC942}") = "Day20-ARegularMap", "AdventOfCode2018\Day20-ARegularMap\Day20-ARegularMap.vcxproj", "{8B8CB2FE-CE9D-4E45-8CF3-66ADE0230774}"
EndProject
Project("{8BC9CEB8-8B4A-11D0-8D11-00A0C91BC942}") = "Day21-ChronalConversion", "AdventOfCode2018\Day21-ChronalConversion\Day21-ChronalConversion.vcxproj", "{15A8CEFE-A0C1-4551-940A-047E3B5F1D61}"
EndProject
Project("{8BC9CEB8-8B4A-11D0-8D11-00A0C91BC942}") = "Day22-ModeMaze", "AdventOfCode2018\Day22-ModeMaze\Day22-ModeMaze.vcxproj", "{B93D909E-7CB9-4E26-A4A0-4C2097739ECD}"
EndProject
Project("{8BC9CEB8-8B4A-11D0-8D11-00A0C91BC942}") = "Day23-EmergencyTeleportation", "AdventOfCode2018\Day23-EmergencyTeleportation\Day23-EmergencyTeleportation.vcxproj", "{73E33835-ECB0-4745-85F3-74CCEC259FEF}"
EndProject
Project("{8BC9CEB8-8B4A-11D0-8D11-00A0C91BC942}") = "Day24-ImmuneSystemSimulator", "AdventOfCode2018\Day24-ImmuneSystemSimulator\Day24-ImmuneSystemSimulator.vcxproj", "{AFEAD110-3939-4C65-A06E-AEFDA2DEEF6E}"
EndProject
Project("{8BC9CEB8-8B4A-11D0-8D11-00A0C91BC942}") = "Day25-FourDimensionalAdventure", "AdventOfCode2018\Day25-FourDimensionalAdventure\Day25-FourDimensionalAdventure.vcxproj", "{00355304-E093-434E-AFF3-CDBF530EB50F}"
EndProject
Project("{2150E333-8FDC-42A3-9474-1A3956D46DE8}") = "AdventOfCode2019", "AdventOfCode2019", "{C4C5EFAB-33AB-4A69-9267-497B81F2C031}"
EndProject
Project("{8BC9CEB8-8B4A-11D0-8D11-00A0C91BC942}") = "Day01-TyrannyOfTheRocket", "AdventOfCode2019\Day01-TyrannyOfTheRocket\Day01-TyrannyOfTheRocket.vcxproj", "{28B6C9E2-91FC-48BF-80B8-4CDF932E0AD5}"
EndProject
Project("{8BC9CEB8-8B4A-11D0-8D11-00A0C91BC942}") = "Day02-ProgramAlarm", "AdventOfCode2019\Day02-ProgramAlarm\Day02-ProgramAlarm.vcxproj", "{F5BC6877-0975-4FA6-8E88-9F99DF284E7D}"
EndProject
Project("{8BC9CEB8-8B4A-11D0-8D11-00A0C91BC942}") = "Day03-CrossedWires", "AdventOfCode2019\Day03-CrossedWires\Day03-CrossedWires.vcxproj", "{CBD67307-14E9-4F55-BE19-C84D783A70C9}"
EndProject
Project("{8BC9CEB8-8B4A-11D0-8D11-00A0C91BC942}") = "Day04-SecureContainer", "AdventOfCode2019\Day04-SecureContainer\Day04-SecureContainer.vcxproj", "{6A46A51F-CFBA-470D-8921-DAD81B98B793}"
EndProject
Project("{8BC9CEB8-8B4A-11D0-8D11-00A0C91BC942}") = "Day05-SunnyWithAsteroids", "AdventOfCode2019\Day05-SunnyWithAsteroids\Day05-SunnyWithAsteroids.vcxproj", "{18D9CF08-5043-4DC9-9A7A-BCC5FF65F7A0}"
EndProject
Project("{8BC9CEB8-8B4A-11D0-8D11-00A0C91BC942}") = "Day06-UniversalOrbitMap", "AdventOfCode2019\Day06-UniversalOrbitMap\Day06-UniversalOrbitMap.vcxproj", "{47805F25-C970-4483-B55C-CFCAA9A2972D}"
EndProject
Project("{8BC9CEB8-8B4A-11D0-8D11-00A0C91BC942}") = "Day07-AmplificationCircuit", "AdventOfCode2019\Day07-AmplificationCircuit\Day07-AmplificationCircuit.vcxproj", "{304D8476-85C7-415B-869B-8AF9DE57B037}"
EndProject
Project("{8BC9CEB8-8B4A-11D0-8D11-00A0C91BC942}") = "Day08-SpaceImageFormat", "AdventOfCode2019\Day08-SpaceImageFormat\Day08-SpaceImageFormat.vcxproj", "{F7F7A38A-9F68-4226-8386-F58E799DD4FD}"
EndProject
Project("{8BC9CEB8-8B4A-11D0-8D11-00A0C91BC942}") = "Day09-SensorBoost", "AdventOfCode2019\Day09-SensorBoost\Day09-SensorBoost.vcxproj", "{A743A113-BADB-43D8-B42A-D5E0AF0D0E35}"
EndProject
Project("{8BC9CEB8-8B4A-11D0-8D11-00A0C91BC942}") = "Day10-MonitoringStation", "AdventOfCode2019\Day10-MonitoringStation\Day10-MonitoringStation.vcxproj", "{C138E21D-C13C-4114-8BBE-150B743F5C98}"
EndProject
Project("{8BC9CEB8-8B4A-11D0-8D11-00A0C91BC942}") = "Day11-SpacePolice", "AdventOfCode2019\Day11-SpacePolice\Day11-SpacePolice.vcxproj", "{D17DC92A-48FF-4BBB-BC76-829C96574520}"
EndProject
Project("{8BC9CEB8-8B4A-11D0-8D11-00A0C91BC942}") = "Day12-TheNBodyProblem", "AdventOfCode2019\Day12-TheNBodyProblem\Day12-TheNBodyProblem.vcxproj", "{71E13923-E9D4-461E-BD19-0C0BB3877485}"
EndProject
Project("{8BC9CEB8-8B4A-11D0-8D11-00A0C91BC942}") = "Day13-CarePackage", "AdventOfCode2019\Day13-CarePackage\Day13-CarePackage.vcxproj", "{78A72B3B-BC29-4ED1-986B-A51C7A00E1E2}"
EndProject
Project("{8BC9CEB8-8B4A-11D0-8D11-00A0C91BC942}") = "Day14-SpaceStoichiometry", "AdventOfCode2019\Day14-SpaceStoichiometry\Day14-SpaceStoichiometry.vcxproj", "{495948B0-8DAA-4F70-8019-7707F31EFA67}"
EndProject
Project("{8BC9CEB8-8B4A-11D0-8D11-00A0C91BC942}") = "Day15-OxygenSystem", "AdventOfCode2019\Day15-OxygenSystem\Day15-OxygenSystem.vcxproj", "{CBD55F94-FE7E-4649-9464-DD6D70F77E74}"
EndProject
Project("{8BC9CEB8-8B4A-11D0-8D11-00A0C91BC942}") = "Day16-FlawedFrequencyTransmission", "AdventOfCode2019\Day16-FlawedFrequencyTransmission\Day16-FlawedFrequencyTransmission.vcxproj", "{4052A023-709A-4AD8-99BD-C812542CFE2C}"
EndProject
Project("{8BC9CEB8-8B4A-11D0-8D11-00A0C91BC942}") = "Day17-SetAndForget", "AdventOfCode2019\Day17-SetAndForget\Day17-SetAndForget.vcxproj", "{72FF1008-EE99-4806-878B-0A6DCA7FA838}"
EndProject
Project("{8BC9CEB8-8B4A-11D0-8D11-00A0C91BC942}") = "Day18-ManyWorldsInterpretation", "AdventOfCode2019\Day18-ManyWorldsInterpretation\Day18-ManyWorldsInterpretation.vcxproj", "{4AFF263F-3649-4601-AA46-0B803917C90C}"
EndProject
Project("{8BC9CEB8-8B4A-11D0-8D11-00A0C91BC942}") = "Day19-TractorBeam", "AdventOfCode2019\Day19-TractorBeam\Day19-TractorBeam.vcxproj", "{64731B3F-953C-4BF5-89AA-82083BD5E4A9}"
EndProject
Project("{8BC9CEB8-8B4A-11D0-8D11-00A0C91BC942}") = "Day20-DonutMaze", "AdventOfCode2019\Day20-DonutMaze\Day20-DonutMaze.vcxproj", "{078D188F-FFE7-470D-9662-C032268B93DD}"
EndProject
Project("{8BC9CEB8-8B4A-11D0-8D11-00A0C91BC942}") = "Day21-SpringdroidAdventure", "AdventOfCode2019\Day21-SpringdroidAdventure\Day21-SpringdroidAdventure.vcxproj", "{F0812FAD-C12B-4D63-931A-8B4C379B47D5}"
EndProject
Project("{8BC9CEB8-8B4A-11D0-8D11-00A0C91BC942}") = "Day22-SlamShuffle", "AdventOfCode2019\Day22-SlamShuffle\Day22-SlamShuffle.vcxproj", "{A3695BFD-534F-4EEC-8362-40A7F172CE7C}"
EndProject
Project("{8BC9CEB8-8B4A-11D0-8D11-00A0C91BC942}") = "Day23-CategorySix", "AdventOfCode2019\Day23-CategorySix\Day23-CategorySix.vcxproj", "{8215FF9E-61E9-41A7-99B1-E1B067145CA1}"
EndProject
Global
	GlobalSection(SolutionConfigurationPlatforms) = preSolution
		Debug|x64 = Debug|x64
		Debug|x86 = Debug|x86
		Release|x64 = Release|x64
		Release|x86 = Release|x86
		Test|x64 = Test|x64
		Test|x86 = Test|x86
	EndGlobalSection
	GlobalSection(ProjectConfigurationPlatforms) = postSolution
		{CACB5746-DED5-4746-82AA-8AA8F76CEC06}.Debug|x64.ActiveCfg = Debug|x64
		{CACB5746-DED5-4746-82AA-8AA8F76CEC06}.Debug|x64.Build.0 = Debug|x64
		{CACB5746-DED5-4746-82AA-8AA8F76CEC06}.Debug|x86.ActiveCfg = Debug|Win32
		{CACB5746-DED5-4746-82AA-8AA8F76CEC06}.Debug|x86.Build.0 = Debug|Win32
		{CACB5746-DED5-4746-82AA-8AA8F76CEC06}.Release|x64.ActiveCfg = Release|x64
		{CACB5746-DED5-4746-82AA-8AA8F76CEC06}.Release|x64.Build.0 = Release|x64
		{CACB5746-DED5-4746-82AA-8AA8F76CEC06}.Release|x86.ActiveCfg = Release|Win32
		{CACB5746-DED5-4746-82AA-8AA8F76CEC06}.Release|x86.Build.0 = Release|Win32
		{CACB5746-DED5-4746-82AA-8AA8F76CEC06}.Test|x64.ActiveCfg = Test|x64
		{CACB5746-DED5-4746-82AA-8AA8F76CEC06}.Test|x64.Build.0 = Test|x64
		{CACB5746-DED5-4746-82AA-8AA8F76CEC06}.Test|x86.ActiveCfg = Test|Win32
		{CACB5746-DED5-4746-82AA-8AA8F76CEC06}.Test|x86.Build.0 = Test|Win32
		{E157DBC3-3E58-4A10-ABD3-A597C6752F36}.Debug|x64.ActiveCfg = Debug|x64
		{E157DBC3-3E58-4A10-ABD3-A597C6752F36}.Debug|x64.Build.0 = Debug|x64
		{E157DBC3-3E58-4A10-ABD3-A597C6752F36}.Debug|x86.ActiveCfg = Debug|Win32
		{E157DBC3-3E58-4A10-ABD3-A597C6752F36}.Debug|x86.Build.0 = Debug|Win32
		{E157DBC3-3E58-4A10-ABD3-A597C6752F36}.Release|x64.ActiveCfg = Release|x64
		{E157DBC3-3E58-4A10-ABD3-A597C6752F36}.Release|x64.Build.0 = Release|x64
		{E157DBC3-3E58-4A10-ABD3-A597C6752F36}.Release|x86.ActiveCfg = Release|Win32
		{E157DBC3-3E58-4A10-ABD3-A597C6752F36}.Release|x86.Build.0 = Release|Win32
		{E157DBC3-3E58-4A10-ABD3-A597C6752F36}.Test|x64.ActiveCfg = Test|x64
		{E157DBC3-3E58-4A10-ABD3-A597C6752F36}.Test|x64.Build.0 = Test|x64
		{E157DBC3-3E58-4A10-ABD3-A597C6752F36}.Test|x86.ActiveCfg = Test|Win32
		{E157DBC3-3E58-4A10-ABD3-A597C6752F36}.Test|x86.Build.0 = Test|Win32
		{B542145C-B60E-4B0B-AD47-67FD721CA448}.Debug|x64.ActiveCfg = Debug|x64
		{B542145C-B60E-4B0B-AD47-67FD721CA448}.Debug|x64.Build.0 = Debug|x64
		{B542145C-B60E-4B0B-AD47-67FD721CA448}.Debug|x86.ActiveCfg = Debug|Win32
		{B542145C-B60E-4B0B-AD47-67FD721CA448}.Debug|x86.Build.0 = Debug|Win32
		{B542145C-B60E-4B0B-AD47-67FD721CA448}.Release|x64.ActiveCfg = Release|x64
		{B542145C-B60E-4B0B-AD47-67FD721CA448}.Release|x64.Build.0 = Release|x64
		{B542145C-B60E-4B0B-AD47-67FD721CA448}.Release|x86.ActiveCfg = Release|Win32
		{B542145C-B60E-4B0B-AD47-67FD721CA448}.Release|x86.Build.0 = Release|Win32
		{B542145C-B60E-4B0B-AD47-67FD721CA448}.Test|x64.ActiveCfg = Test|x64
		{B542145C-B60E-4B0B-AD47-67FD721CA448}.Test|x64.Build.0 = Test|x64
		{B542145C-B60E-4B0B-AD47-67FD721CA448}.Test|x86.ActiveCfg = Test|Win32
		{B542145C-B60E-4B0B-AD47-67FD721CA448}.Test|x86.Build.0 = Test|Win32
		{34E55C7E-2267-4862-81C0-2270AAD9C586}.Debug|x64.ActiveCfg = Debug|x64
		{34E55C7E-2267-4862-81C0-2270AAD9C586}.Debug|x64.Build.0 = Debug|x64
		{34E55C7E-2267-4862-81C0-2270AAD9C586}.Debug|x86.ActiveCfg = Debug|Win32
		{34E55C7E-2267-4862-81C0-2270AAD9C586}.Debug|x86.Build.0 = Debug|Win32
		{34E55C7E-2267-4862-81C0-2270AAD9C586}.Release|x64.ActiveCfg = Release|x64
		{34E55C7E-2267-4862-81C0-2270AAD9C586}.Release|x64.Build.0 = Release|x64
		{34E55C7E-2267-4862-81C0-2270AAD9C586}.Release|x86.ActiveCfg = Release|Win32
		{34E55C7E-2267-4862-81C0-2270AAD9C586}.Release|x86.Build.0 = Release|Win32
		{34E55C7E-2267-4862-81C0-2270AAD9C586}.Test|x64.ActiveCfg = Test|x64
		{34E55C7E-2267-4862-81C0-2270AAD9C586}.Test|x64.Build.0 = Test|x64
		{34E55C7E-2267-4862-81C0-2270AAD9C586}.Test|x86.ActiveCfg = Test|Win32
		{34E55C7E-2267-4862-81C0-2270AAD9C586}.Test|x86.Build.0 = Test|Win32
		{00105898-5BEA-4DD8-86A0-E4A73B42FF9C}.Debug|x64.ActiveCfg = Debug|x64
		{00105898-5BEA-4DD8-86A0-E4A73B42FF9C}.Debug|x64.Build.0 = Debug|x64
		{00105898-5BEA-4DD8-86A0-E4A73B42FF9C}.Debug|x86.ActiveCfg = Debug|Win32
		{00105898-5BEA-4DD8-86A0-E4A73B42FF9C}.Debug|x86.Build.0 = Debug|Win32
		{00105898-5BEA-4DD8-86A0-E4A73B42FF9C}.Release|x64.ActiveCfg = Release|x64
		{00105898-5BEA-4DD8-86A0-E4A73B42FF9C}.Release|x64.Build.0 = Release|x64
		{00105898-5BEA-4DD8-86A0-E4A73B42FF9C}.Release|x86.ActiveCfg = Release|Win32
		{00105898-5BEA-4DD8-86A0-E4A73B42FF9C}.Release|x86.Build.0 = Release|Win32
		{00105898-5BEA-4DD8-86A0-E4A73B42FF9C}.Test|x64.ActiveCfg = Test|x64
		{00105898-5BEA-4DD8-86A0-E4A73B42FF9C}.Test|x64.Build.0 = Test|x64
		{00105898-5BEA-4DD8-86A0-E4A73B42FF9C}.Test|x86.ActiveCfg = Test|Win32
		{00105898-5BEA-4DD8-86A0-E4A73B42FF9C}.Test|x86.Build.0 = Test|Win32
		{4A023829-02DC-4DC0-B388-B023F1C0A68E}.Debug|x64.ActiveCfg = Debug|x64
		{4A023829-02DC-4DC0-B388-B023F1C0A68E}.Debug|x64.Build.0 = Debug|x64
		{4A023829-02DC-4DC0-B388-B023F1C0A68E}.Debug|x86.ActiveCfg = Debug|Win32
		{4A023829-02DC-4DC0-B388-B023F1C0A68E}.Debug|x86.Build.0 = Debug|Win32
		{4A023829-02DC-4DC0-B388-B023F1C0A68E}.Release|x64.ActiveCfg = Release|x64
		{4A023829-02DC-4DC0-B388-B023F1C0A68E}.Release|x64.Build.0 = Release|x64
		{4A023829-02DC-4DC0-B388-B023F1C0A68E}.Release|x86.ActiveCfg = Release|Win32
		{4A023829-02DC-4DC0-B388-B023F1C0A68E}.Release|x86.Build.0 = Release|Win32
		{4A023829-02DC-4DC0-B388-B023F1C0A68E}.Test|x64.ActiveCfg = Test|x64
		{4A023829-02DC-4DC0-B388-B023F1C0A68E}.Test|x64.Build.0 = Test|x64
		{4A023829-02DC-4DC0-B388-B023F1C0A68E}.Test|x86.ActiveCfg = Test|Win32
		{4A023829-02DC-4DC0-B388-B023F1C0A68E}.Test|x86.Build.0 = Test|Win32
		{E3112216-81FD-465A-8732-375605FE2483}.Debug|x64.ActiveCfg = Debug|x64
		{E3112216-81FD-465A-8732-375605FE2483}.Debug|x64.Build.0 = Debug|x64
		{E3112216-81FD-465A-8732-375605FE2483}.Debug|x86.ActiveCfg = Debug|Win32
		{E3112216-81FD-465A-8732-375605FE2483}.Debug|x86.Build.0 = Debug|Win32
		{E3112216-81FD-465A-8732-375605FE2483}.Release|x64.ActiveCfg = Release|x64
		{E3112216-81FD-465A-8732-375605FE2483}.Release|x64.Build.0 = Release|x64
		{E3112216-81FD-465A-8732-375605FE2483}.Release|x86.ActiveCfg = Release|Win32
		{E3112216-81FD-465A-8732-375605FE2483}.Release|x86.Build.0 = Release|Win32
		{E3112216-81FD-465A-8732-375605FE2483}.Test|x64.ActiveCfg = Test|x64
		{E3112216-81FD-465A-8732-375605FE2483}.Test|x64.Build.0 = Test|x64
		{E3112216-81FD-465A-8732-375605FE2483}.Test|x86.ActiveCfg = Test|Win32
		{E3112216-81FD-465A-8732-375605FE2483}.Test|x86.Build.0 = Test|Win32
		{07BFE542-3AA5-49C1-B479-E5CB38331457}.Debug|x64.ActiveCfg = Debug|x64
		{07BFE542-3AA5-49C1-B479-E5CB38331457}.Debug|x64.Build.0 = Debug|x64
		{07BFE542-3AA5-49C1-B479-E5CB38331457}.Debug|x86.ActiveCfg = Debug|Win32
		{07BFE542-3AA5-49C1-B479-E5CB38331457}.Debug|x86.Build.0 = Debug|Win32
		{07BFE542-3AA5-49C1-B479-E5CB38331457}.Release|x64.ActiveCfg = Release|x64
		{07BFE542-3AA5-49C1-B479-E5CB38331457}.Release|x64.Build.0 = Release|x64
		{07BFE542-3AA5-49C1-B479-E5CB38331457}.Release|x86.ActiveCfg = Release|Win32
		{07BFE542-3AA5-49C1-B479-E5CB38331457}.Release|x86.Build.0 = Release|Win32
		{07BFE542-3AA5-49C1-B479-E5CB38331457}.Test|x64.ActiveCfg = Test|x64
		{07BFE542-3AA5-49C1-B479-E5CB38331457}.Test|x64.Build.0 = Test|x64
		{07BFE542-3AA5-49C1-B479-E5CB38331457}.Test|x86.ActiveCfg = Test|Win32
		{07BFE542-3AA5-49C1-B479-E5CB38331457}.Test|x86.Build.0 = Test|Win32
		{971810EA-0811-4EF8-B21F-279C6016D148}.Debug|x64.ActiveCfg = Debug|x64
		{971810EA-0811-4EF8-B21F-279C6016D148}.Debug|x64.Build.0 = Debug|x64
		{971810EA-0811-4EF8-B21F-279C6016D148}.Debug|x86.ActiveCfg = Debug|Win32
		{971810EA-0811-4EF8-B21F-279C6016D148}.Debug|x86.Build.0 = Debug|Win32
		{971810EA-0811-4EF8-B21F-279C6016D148}.Release|x64.ActiveCfg = Release|x64
		{971810EA-0811-4EF8-B21F-279C6016D148}.Release|x64.Build.0 = Release|x64
		{971810EA-0811-4EF8-B21F-279C6016D148}.Release|x86.ActiveCfg = Release|Win32
		{971810EA-0811-4EF8-B21F-279C6016D148}.Release|x86.Build.0 = Release|Win32
		{971810EA-0811-4EF8-B21F-279C6016D148}.Test|x64.ActiveCfg = Test|x64
		{971810EA-0811-4EF8-B21F-279C6016D148}.Test|x64.Build.0 = Test|x64
		{971810EA-0811-4EF8-B21F-279C6016D148}.Test|x86.ActiveCfg = Test|Win32
		{971810EA-0811-4EF8-B21F-279C6016D148}.Test|x86.Build.0 = Test|Win32
		{B8015A32-0B74-4C51-BFDA-A488AA51A199}.Debug|x64.ActiveCfg = Debug|x64
		{B8015A32-0B74-4C51-BFDA-A488AA51A199}.Debug|x64.Build.0 = Debug|x64
		{B8015A32-0B74-4C51-BFDA-A488AA51A199}.Debug|x86.ActiveCfg = Debug|Win32
		{B8015A32-0B74-4C51-BFDA-A488AA51A199}.Debug|x86.Build.0 = Debug|Win32
		{B8015A32-0B74-4C51-BFDA-A488AA51A199}.Release|x64.ActiveCfg = Release|x64
		{B8015A32-0B74-4C51-BFDA-A488AA51A199}.Release|x64.Build.0 = Release|x64
		{B8015A32-0B74-4C51-BFDA-A488AA51A199}.Release|x86.ActiveCfg = Release|Win32
		{B8015A32-0B74-4C51-BFDA-A488AA51A199}.Release|x86.Build.0 = Release|Win32
		{B8015A32-0B74-4C51-BFDA-A488AA51A199}.Test|x64.ActiveCfg = Test|x64
		{B8015A32-0B74-4C51-BFDA-A488AA51A199}.Test|x64.Build.0 = Test|x64
		{B8015A32-0B74-4C51-BFDA-A488AA51A199}.Test|x86.ActiveCfg = Test|Win32
		{B8015A32-0B74-4C51-BFDA-A488AA51A199}.Test|x86.Build.0 = Test|Win32
		{F374A5D2-BBD2-437A-967F-3CB294205F5A}.Debug|x64.ActiveCfg = Debug|x64
		{F374A5D2-BBD2-437A-967F-3CB294205F5A}.Debug|x64.Build.0 = Debug|x64
		{F374A5D2-BBD2-437A-967F-3CB294205F5A}.Debug|x86.ActiveCfg = Debug|Win32
		{F374A5D2-BBD2-437A-967F-3CB294205F5A}.Debug|x86.Build.0 = Debug|Win32
		{F374A5D2-BBD2-437A-967F-3CB294205F5A}.Release|x64.ActiveCfg = Release|x64
		{F374A5D2-BBD2-437A-967F-3CB294205F5A}.Release|x64.Build.0 = Release|x64
		{F374A5D2-BBD2-437A-967F-3CB294205F5A}.Release|x86.ActiveCfg = Release|Win32
		{F374A5D2-BBD2-437A-967F-3CB294205F5A}.Release|x86.Build.0 = Release|Win32
		{F374A5D2-BBD2-437A-967F-3CB294205F5A}.Test|x64.ActiveCfg = Test|x64
		{F374A5D2-BBD2-437A-967F-3CB294205F5A}.Test|x64.Build.0 = Test|x64
		{F374A5D2-BBD2-437A-967F-3CB294205F5A}.Test|x86.ActiveCfg = Test|Win32
		{F374A5D2-BBD2-437A-967F-3CB294205F5A}.Test|x86.Build.0 = Test|Win32
		{210601CD-5073-4A1B-BD22-E89B603A22F3}.Debug|x64.ActiveCfg = Debug|x64
		{210601CD-5073-4A1B-BD22-E89B603A22F3}.Debug|x64.Build.0 = Debug|x64
		{210601CD-5073-4A1B-BD22-E89B603A22F3}.Debug|x86.ActiveCfg = Debug|Win32
		{210601CD-5073-4A1B-BD22-E89B603A22F3}.Debug|x86.Build.0 = Debug|Win32
		{210601CD-5073-4A1B-BD22-E89B603A22F3}.Release|x64.ActiveCfg = Release|x64
		{210601CD-5073-4A1B-BD22-E89B603A22F3}.Release|x64.Build.0 = Release|x64
		{210601CD-5073-4A1B-BD22-E89B603A22F3}.Release|x86.ActiveCfg = Release|Win32
		{210601CD-5073-4A1B-BD22-E89B603A22F3}.Release|x86.Build.0 = Release|Win32
		{210601CD-5073-4A1B-BD22-E89B603A22F3}.Test|x64.ActiveCfg = Test|x64
		{210601CD-5073-4A1B-BD22-E89B603A22F3}.Test|x64.Build.0 = Test|x64
		{210601CD-5073-4A1B-BD22-E89B603A22F3}.Test|x86.ActiveCfg = Test|Win32
		{210601CD-5073-4A1B-BD22-E89B603A22F3}.Test|x86.Build.0 = Test|Win32
		{13C81FB0-9159-42C0-BFD6-1A562A4A5255}.Debug|x64.ActiveCfg = Debug|x64
		{13C81FB0-9159-42C0-BFD6-1A562A4A5255}.Debug|x64.Build.0 = Debug|x64
		{13C81FB0-9159-42C0-BFD6-1A562A4A5255}.Debug|x86.ActiveCfg = Debug|Win32
		{13C81FB0-9159-42C0-BFD6-1A562A4A5255}.Debug|x86.Build.0 = Debug|Win32
		{13C81FB0-9159-42C0-BFD6-1A562A4A5255}.Release|x64.ActiveCfg = Release|x64
		{13C81FB0-9159-42C0-BFD6-1A562A4A5255}.Release|x64.Build.0 = Release|x64
		{13C81FB0-9159-42C0-BFD6-1A562A4A5255}.Release|x86.ActiveCfg = Release|Win32
		{13C81FB0-9159-42C0-BFD6-1A562A4A5255}.Release|x86.Build.0 = Release|Win32
		{13C81FB0-9159-42C0-BFD6-1A562A4A5255}.Test|x64.ActiveCfg = Test|x64
		{13C81FB0-9159-42C0-BFD6-1A562A4A5255}.Test|x64.Build.0 = Test|x64
		{13C81FB0-9159-42C0-BFD6-1A562A4A5255}.Test|x86.ActiveCfg = Test|Win32
		{13C81FB0-9159-42C0-BFD6-1A562A4A5255}.Test|x86.Build.0 = Test|Win32
		{6A73B587-9004-4C17-9195-C6BB5FF04839}.Debug|x64.ActiveCfg = Debug|x64
		{6A73B587-9004-4C17-9195-C6BB5FF04839}.Debug|x64.Build.0 = Debug|x64
		{6A73B587-9004-4C17-9195-C6BB5FF04839}.Debug|x86.ActiveCfg = Debug|Win32
		{6A73B587-9004-4C17-9195-C6BB5FF04839}.Debug|x86.Build.0 = Debug|Win32
		{6A73B587-9004-4C17-9195-C6BB5FF04839}.Release|x64.ActiveCfg = Release|x64
		{6A73B587-9004-4C17-9195-C6BB5FF04839}.Release|x64.Build.0 = Release|x64
		{6A73B587-9004-4C17-9195-C6BB5FF04839}.Release|x86.ActiveCfg = Release|Win32
		{6A73B587-9004-4C17-9195-C6BB5FF04839}.Release|x86.Build.0 = Release|Win32
		{6A73B587-9004-4C17-9195-C6BB5FF04839}.Test|x64.ActiveCfg = Test|x64
		{6A73B587-9004-4C17-9195-C6BB5FF04839}.Test|x64.Build.0 = Test|x64
		{6A73B587-9004-4C17-9195-C6BB5FF04839}.Test|x86.ActiveCfg = Test|Win32
		{6A73B587-9004-4C17-9195-C6BB5FF04839}.Test|x86.Build.0 = Test|Win32
		{66CB3005-B1A2-4731-BF10-9428C3DC2D83}.Debug|x64.ActiveCfg = Debug|x64
		{66CB3005-B1A2-4731-BF10-9428C3DC2D83}.Debug|x64.Build.0 = Debug|x64
		{66CB3005-B1A2-4731-BF10-9428C3DC2D83}.Debug|x86.ActiveCfg = Debug|Win32
		{66CB3005-B1A2-4731-BF10-9428C3DC2D83}.Debug|x86.Build.0 = Debug|Win32
		{66CB3005-B1A2-4731-BF10-9428C3DC2D83}.Release|x64.ActiveCfg = Release|x64
		{66CB3005-B1A2-4731-BF10-9428C3DC2D83}.Release|x64.Build.0 = Release|x64
		{66CB3005-B1A2-4731-BF10-9428C3DC2D83}.Release|x86.ActiveCfg = Release|Win32
		{66CB3005-B1A2-4731-BF10-9428C3DC2D83}.Release|x86.Build.0 = Release|Win32
		{66CB3005-B1A2-4731-BF10-9428C3DC2D83}.Test|x64.ActiveCfg = Test|x64
		{66CB3005-B1A2-4731-BF10-9428C3DC2D83}.Test|x64.Build.0 = Test|x64
		{66CB3005-B1A2-4731-BF10-9428C3DC2D83}.Test|x86.ActiveCfg = Test|Win32
		{66CB3005-B1A2-4731-BF10-9428C3DC2D83}.Test|x86.Build.0 = Test|Win32
		{A70697D1-4DEA-41F4-BF4C-11493EDC2A3A}.Debug|x64.ActiveCfg = Debug|x64
		{A70697D1-4DEA-41F4-BF4C-11493EDC2A3A}.Debug|x64.Build.0 = Debug|x64
		{A70697D1-4DEA-41F4-BF4C-11493EDC2A3A}.Debug|x86.ActiveCfg = Debug|Win32
		{A70697D1-4DEA-41F4-BF4C-11493EDC2A3A}.Debug|x86.Build.0 = Debug|Win32
		{A70697D1-4DEA-41F4-BF4C-11493EDC2A3A}.Release|x64.ActiveCfg = Release|x64
		{A70697D1-4DEA-41F4-BF4C-11493EDC2A3A}.Release|x64.Build.0 = Release|x64
		{A70697D1-4DEA-41F4-BF4C-11493EDC2A3A}.Release|x86.ActiveCfg = Release|Win32
		{A70697D1-4DEA-41F4-BF4C-11493EDC2A3A}.Release|x86.Build.0 = Release|Win32
		{A70697D1-4DEA-41F4-BF4C-11493EDC2A3A}.Test|x64.ActiveCfg = Test|x64
		{A70697D1-4DEA-41F4-BF4C-11493EDC2A3A}.Test|x64.Build.0 = Test|x64
		{A70697D1-4DEA-41F4-BF4C-11493EDC2A3A}.Test|x86.ActiveCfg = Test|Win32
		{A70697D1-4DEA-41F4-BF4C-11493EDC2A3A}.Test|x86.Build.0 = Test|Win32
		{06D1543E-860F-438E-9146-FC654518B520}.Debug|x64.ActiveCfg = Debug|x64
		{06D1543E-860F-438E-9146-FC654518B520}.Debug|x64.Build.0 = Debug|x64
		{06D1543E-860F-438E-9146-FC654518B520}.Debug|x86.ActiveCfg = Debug|Win32
		{06D1543E-860F-438E-9146-FC654518B520}.Debug|x86.Build.0 = Debug|Win32
		{06D1543E-860F-438E-9146-FC654518B520}.Release|x64.ActiveCfg = Release|x64
		{06D1543E-860F-438E-9146-FC654518B520}.Release|x64.Build.0 = Release|x64
		{06D1543E-860F-438E-9146-FC654518B520}.Release|x86.ActiveCfg = Release|Win32
		{06D1543E-860F-438E-9146-FC654518B520}.Release|x86.Build.0 = Release|Win32
		{06D1543E-860F-438E-9146-FC654518B520}.Test|x64.ActiveCfg = Test|x64
		{06D1543E-860F-438E-9146-FC654518B520}.Test|x64.Build.0 = Test|x64
		{06D1543E-860F-438E-9146-FC654518B520}.Test|x86.ActiveCfg = Test|Win32
		{06D1543E-860F-438E-9146-FC654518B520}.Test|x86.Build.0 = Test|Win32
		{23EB1884-40CA-4B0C-854A-15AF2F090FF4}.Debug|x64.ActiveCfg = Debug|x64
		{23EB1884-40CA-4B0C-854A-15AF2F090FF4}.Debug|x64.Build.0 = Debug|x64
		{23EB1884-40CA-4B0C-854A-15AF2F090FF4}.Debug|x86.ActiveCfg = Debug|Win32
		{23EB1884-40CA-4B0C-854A-15AF2F090FF4}.Debug|x86.Build.0 = Debug|Win32
		{23EB1884-40CA-4B0C-854A-15AF2F090FF4}.Release|x64.ActiveCfg = Release|x64
		{23EB1884-40CA-4B0C-854A-15AF2F090FF4}.Release|x64.Build.0 = Release|x64
		{23EB1884-40CA-4B0C-854A-15AF2F090FF4}.Release|x86.ActiveCfg = Release|Win32
		{23EB1884-40CA-4B0C-854A-15AF2F090FF4}.Release|x86.Build.0 = Release|Win32
		{23EB1884-40CA-4B0C-854A-15AF2F090FF4}.Test|x64.ActiveCfg = Test|x64
		{23EB1884-40CA-4B0C-854A-15AF2F090FF4}.Test|x64.Build.0 = Test|x64
		{23EB1884-40CA-4B0C-854A-15AF2F090FF4}.Test|x86.ActiveCfg = Test|Win32
		{23EB1884-40CA-4B0C-854A-15AF2F090FF4}.Test|x86.Build.0 = Test|Win32
		{13BBBB3C-613D-4E32-8DCB-55212EC94B2F}.Debug|x64.ActiveCfg = Debug|x64
		{13BBBB3C-613D-4E32-8DCB-55212EC94B2F}.Debug|x64.Build.0 = Debug|x64
		{13BBBB3C-613D-4E32-8DCB-55212EC94B2F}.Debug|x86.ActiveCfg = Debug|Win32
		{13BBBB3C-613D-4E32-8DCB-55212EC94B2F}.Debug|x86.Build.0 = Debug|Win32
		{13BBBB3C-613D-4E32-8DCB-55212EC94B2F}.Release|x64.ActiveCfg = Release|x64
		{13BBBB3C-613D-4E32-8DCB-55212EC94B2F}.Release|x64.Build.0 = Release|x64
		{13BBBB3C-613D-4E32-8DCB-55212EC94B2F}.Release|x86.ActiveCfg = Release|Win32
		{13BBBB3C-613D-4E32-8DCB-55212EC94B2F}.Release|x86.Build.0 = Release|Win32
		{13BBBB3C-613D-4E32-8DCB-55212EC94B2F}.Test|x64.ActiveCfg = Test|x64
		{13BBBB3C-613D-4E32-8DCB-55212EC94B2F}.Test|x64.Build.0 = Test|x64
		{13BBBB3C-613D-4E32-8DCB-55212EC94B2F}.Test|x86.ActiveCfg = Test|Win32
		{13BBBB3C-613D-4E32-8DCB-55212EC94B2F}.Test|x86.Build.0 = Test|Win32
		{3A1155E3-84D4-4FA1-ACF7-1E647DE1BF83}.Debug|x64.ActiveCfg = Debug|x64
		{3A1155E3-84D4-4FA1-ACF7-1E647DE1BF83}.Debug|x64.Build.0 = Debug|x64
		{3A1155E3-84D4-4FA1-ACF7-1E647DE1BF83}.Debug|x86.ActiveCfg = Debug|Win32
		{3A1155E3-84D4-4FA1-ACF7-1E647DE1BF83}.Debug|x86.Build.0 = Debug|Win32
		{3A1155E3-84D4-4FA1-ACF7-1E647DE1BF83}.Release|x64.ActiveCfg = Release|x64
		{3A1155E3-84D4-4FA1-ACF7-1E647DE1BF83}.Release|x64.Build.0 = Release|x64
		{3A1155E3-84D4-4FA1-ACF7-1E647DE1BF83}.Release|x86.ActiveCfg = Release|Win32
		{3A1155E3-84D4-4FA1-ACF7-1E647DE1BF83}.Release|x86.Build.0 = Release|Win32
		{3A1155E3-84D4-4FA1-ACF7-1E647DE1BF83}.Test|x64.ActiveCfg = Test|x64
		{3A1155E3-84D4-4FA1-ACF7-1E647DE1BF83}.Test|x64.Build.0 = Test|x64
		{3A1155E3-84D4-4FA1-ACF7-1E647DE1BF83}.Test|x86.ActiveCfg = Test|Win32
		{3A1155E3-84D4-4FA1-ACF7-1E647DE1BF83}.Test|x86.Build.0 = Test|Win32
		{2D165B2F-0881-4AFE-BF23-F2DA0594AFF8}.Debug|x64.ActiveCfg = Debug|x64
		{2D165B2F-0881-4AFE-BF23-F2DA0594AFF8}.Debug|x64.Build.0 = Debug|x64
		{2D165B2F-0881-4AFE-BF23-F2DA0594AFF8}.Debug|x86.ActiveCfg = Debug|Win32
		{2D165B2F-0881-4AFE-BF23-F2DA0594AFF8}.Debug|x86.Build.0 = Debug|Win32
		{2D165B2F-0881-4AFE-BF23-F2DA0594AFF8}.Release|x64.ActiveCfg = Release|x64
		{2D165B2F-0881-4AFE-BF23-F2DA0594AFF8}.Release|x64.Build.0 = Release|x64
		{2D165B2F-0881-4AFE-BF23-F2DA0594AFF8}.Release|x86.ActiveCfg = Release|Win32
		{2D165B2F-0881-4AFE-BF23-F2DA0594AFF8}.Release|x86.Build.0 = Release|Win32
		{2D165B2F-0881-4AFE-BF23-F2DA0594AFF8}.Test|x64.ActiveCfg = Test|x64
		{2D165B2F-0881-4AFE-BF23-F2DA0594AFF8}.Test|x64.Build.0 = Test|x64
		{2D165B2F-0881-4AFE-BF23-F2DA0594AFF8}.Test|x86.ActiveCfg = Test|Win32
		{2D165B2F-0881-4AFE-BF23-F2DA0594AFF8}.Test|x86.Build.0 = Test|Win32
		{FFA2362A-C1B1-4A47-A1D5-24B672FBD9DE}.Debug|x64.ActiveCfg = Debug|x64
		{FFA2362A-C1B1-4A47-A1D5-24B672FBD9DE}.Debug|x64.Build.0 = Debug|x64
		{FFA2362A-C1B1-4A47-A1D5-24B672FBD9DE}.Debug|x86.ActiveCfg = Debug|Win32
		{FFA2362A-C1B1-4A47-A1D5-24B672FBD9DE}.Debug|x86.Build.0 = Debug|Win32
		{FFA2362A-C1B1-4A47-A1D5-24B672FBD9DE}.Release|x64.ActiveCfg = Release|x64
		{FFA2362A-C1B1-4A47-A1D5-24B672FBD9DE}.Release|x64.Build.0 = Release|x64
		{FFA2362A-C1B1-4A47-A1D5-24B672FBD9DE}.Release|x86.ActiveCfg = Release|Win32
		{FFA2362A-C1B1-4A47-A1D5-24B672FBD9DE}.Release|x86.Build.0 = Release|Win32
		{FFA2362A-C1B1-4A47-A1D5-24B672FBD9DE}.Test|x64.ActiveCfg = Test|x64
		{FFA2362A-C1B1-4A47-A1D5-24B672FBD9DE}.Test|x64.Build.0 = Test|x64
		{FFA2362A-C1B1-4A47-A1D5-24B672FBD9DE}.Test|x86.ActiveCfg = Test|Win32
		{FFA2362A-C1B1-4A47-A1D5-24B672FBD9DE}.Test|x86.Build.0 = Test|Win32
		{923D0963-8FCF-42F4-8A1B-A6D6E5EC4E95}.Debug|x64.ActiveCfg = Debug|x64
		{923D0963-8FCF-42F4-8A1B-A6D6E5EC4E95}.Debug|x64.Build.0 = Debug|x64
		{923D0963-8FCF-42F4-8A1B-A6D6E5EC4E95}.Debug|x86.ActiveCfg = Debug|Win32
		{923D0963-8FCF-42F4-8A1B-A6D6E5EC4E95}.Debug|x86.Build.0 = Debug|Win32
		{923D0963-8FCF-42F4-8A1B-A6D6E5EC4E95}.Release|x64.ActiveCfg = Release|x64
		{923D0963-8FCF-42F4-8A1B-A6D6E5EC4E95}.Release|x64.Build.0 = Release|x64
		{923D0963-8FCF-42F4-8A1B-A6D6E5EC4E95}.Release|x86.ActiveCfg = Release|Win32
		{923D0963-8FCF-42F4-8A1B-A6D6E5EC4E95}.Release|x86.Build.0 = Release|Win32
		{923D0963-8FCF-42F4-8A1B-A6D6E5EC4E95}.Test|x64.ActiveCfg = Test|x64
		{923D0963-8FCF-42F4-8A1B-A6D6E5EC4E95}.Test|x64.Build.0 = Test|x64
		{923D0963-8FCF-42F4-8A1B-A6D6E5EC4E95}.Test|x86.ActiveCfg = Test|Win32
		{923D0963-8FCF-42F4-8A1B-A6D6E5EC4E95}.Test|x86.Build.0 = Test|Win32
		{E15D72CF-7E02-41F8-8114-2A4631E65876}.Debug|x64.ActiveCfg = Debug|x64
		{E15D72CF-7E02-41F8-8114-2A4631E65876}.Debug|x64.Build.0 = Debug|x64
		{E15D72CF-7E02-41F8-8114-2A4631E65876}.Debug|x86.ActiveCfg = Debug|Win32
		{E15D72CF-7E02-41F8-8114-2A4631E65876}.Debug|x86.Build.0 = Debug|Win32
		{E15D72CF-7E02-41F8-8114-2A4631E65876}.Release|x64.ActiveCfg = Release|x64
		{E15D72CF-7E02-41F8-8114-2A4631E65876}.Release|x64.Build.0 = Release|x64
		{E15D72CF-7E02-41F8-8114-2A4631E65876}.Release|x86.ActiveCfg = Release|Win32
		{E15D72CF-7E02-41F8-8114-2A4631E65876}.Release|x86.Build.0 = Release|Win32
		{E15D72CF-7E02-41F8-8114-2A4631E65876}.Test|x64.ActiveCfg = Test|x64
		{E15D72CF-7E02-41F8-8114-2A4631E65876}.Test|x64.Build.0 = Test|x64
		{E15D72CF-7E02-41F8-8114-2A4631E65876}.Test|x86.ActiveCfg = Test|Win32
		{E15D72CF-7E02-41F8-8114-2A4631E65876}.Test|x86.Build.0 = Test|Win32
		{0191C9FE-1EB1-4932-9424-CD6269D07214}.Debug|x64.ActiveCfg = Debug|x64
		{0191C9FE-1EB1-4932-9424-CD6269D07214}.Debug|x64.Build.0 = Debug|x64
		{0191C9FE-1EB1-4932-9424-CD6269D07214}.Debug|x86.ActiveCfg = Debug|Win32
		{0191C9FE-1EB1-4932-9424-CD6269D07214}.Debug|x86.Build.0 = Debug|Win32
		{0191C9FE-1EB1-4932-9424-CD6269D07214}.Release|x64.ActiveCfg = Release|x64
		{0191C9FE-1EB1-4932-9424-CD6269D07214}.Release|x64.Build.0 = Release|x64
		{0191C9FE-1EB1-4932-9424-CD6269D07214}.Release|x86.ActiveCfg = Release|Win32
		{0191C9FE-1EB1-4932-9424-CD6269D07214}.Release|x86.Build.0 = Release|Win32
		{0191C9FE-1EB1-4932-9424-CD6269D07214}.Test|x64.ActiveCfg = Test|x64
		{0191C9FE-1EB1-4932-9424-CD6269D07214}.Test|x64.Build.0 = Test|x64
		{0191C9FE-1EB1-4932-9424-CD6269D07214}.Test|x86.ActiveCfg = Test|Win32
		{0191C9FE-1EB1-4932-9424-CD6269D07214}.Test|x86.Build.0 = Test|Win32
		{CC0F8660-324B-41B4-81AD-A82C0BC3F892}.Debug|x64.ActiveCfg = Debug|x64
		{CC0F8660-324B-41B4-81AD-A82C0BC3F892}.Debug|x64.Build.0 = Debug|x64
		{CC0F8660-324B-41B4-81AD-A82C0BC3F892}.Debug|x86.ActiveCfg = Debug|Win32
		{CC0F8660-324B-41B4-81AD-A82C0BC3F892}.Debug|x86.Build.0 = Debug|Win32
		{CC0F8660-324B-41B4-81AD-A82C0BC3F892}.Release|x64.ActiveCfg = Release|x64
		{CC0F8660-324B-41B4-81AD-A82C0BC3F892}.Release|x64.Build.0 = Release|x64
		{CC0F8660-324B-41B4-81AD-A82C0BC3F892}.Release|x86.ActiveCfg = Release|Win32
		{CC0F8660-324B-41B4-81AD-A82C0BC3F892}.Release|x86.Build.0 = Release|Win32
		{CC0F8660-324B-41B4-81AD-A82C0BC3F892}.Test|x64.ActiveCfg = Test|x64
		{CC0F8660-324B-41B4-81AD-A82C0BC3F892}.Test|x64.Build.0 = Test|x64
		{CC0F8660-324B-41B4-81AD-A82C0BC3F892}.Test|x86.ActiveCfg = Test|Win32
		{CC0F8660-324B-41B4-81AD-A82C0BC3F892}.Test|x86.Build.0 = Test|Win32
		{09B3BC3B-EA86-486C-B097-506C4D7780F5}.Debug|x64.ActiveCfg = Debug|x64
		{09B3BC3B-EA86-486C-B097-506C4D7780F5}.Debug|x64.Build.0 = Debug|x64
		{09B3BC3B-EA86-486C-B097-506C4D7780F5}.Debug|x86.ActiveCfg = Debug|Win32
		{09B3BC3B-EA86-486C-B097-506C4D7780F5}.Debug|x86.Build.0 = Debug|Win32
		{09B3BC3B-EA86-486C-B097-506C4D7780F5}.Release|x64.ActiveCfg = Release|x64
		{09B3BC3B-EA86-486C-B097-506C4D7780F5}.Release|x64.Build.0 = Release|x64
		{09B3BC3B-EA86-486C-B097-506C4D7780F5}.Release|x86.ActiveCfg = Release|Win32
		{09B3BC3B-EA86-486C-B097-506C4D7780F5}.Release|x86.Build.0 = Release|Win32
		{09B3BC3B-EA86-486C-B097-506C4D7780F5}.Test|x64.ActiveCfg = Test|x64
		{09B3BC3B-EA86-486C-B097-506C4D7780F5}.Test|x64.Build.0 = Test|x64
		{09B3BC3B-EA86-486C-B097-506C4D7780F5}.Test|x86.ActiveCfg = Test|Win32
		{09B3BC3B-EA86-486C-B097-506C4D7780F5}.Test|x86.Build.0 = Test|Win32
		{9D993241-EBF4-4B97-BA88-EA132EDC7FF7}.Debug|x64.ActiveCfg = Debug|x64
		{9D993241-EBF4-4B97-BA88-EA132EDC7FF7}.Debug|x64.Build.0 = Debug|x64
		{9D993241-EBF4-4B97-BA88-EA132EDC7FF7}.Debug|x86.ActiveCfg = Debug|Win32
		{9D993241-EBF4-4B97-BA88-EA132EDC7FF7}.Debug|x86.Build.0 = Debug|Win32
		{9D993241-EBF4-4B97-BA88-EA132EDC7FF7}.Release|x64.ActiveCfg = Release|x64
		{9D993241-EBF4-4B97-BA88-EA132EDC7FF7}.Release|x64.Build.0 = Release|x64
		{9D993241-EBF4-4B97-BA88-EA132EDC7FF7}.Release|x86.ActiveCfg = Release|Win32
		{9D993241-EBF4-4B97-BA88-EA132EDC7FF7}.Release|x86.Build.0 = Release|Win32
		{9D993241-EBF4-4B97-BA88-EA132EDC7FF7}.Test|x64.ActiveCfg = Test|x64
		{9D993241-EBF4-4B97-BA88-EA132EDC7FF7}.Test|x64.Build.0 = Test|x64
		{9D993241-EBF4-4B97-BA88-EA132EDC7FF7}.Test|x86.ActiveCfg = Test|Win32
		{9D993241-EBF4-4B97-BA88-EA132EDC7FF7}.Test|x86.Build.0 = Test|Win32
		{394031D7-6391-47AC-8A7B-BA48AACD4CA3}.Debug|x64.ActiveCfg = Debug|x64
		{394031D7-6391-47AC-8A7B-BA48AACD4CA3}.Debug|x64.Build.0 = Debug|x64
		{394031D7-6391-47AC-8A7B-BA48AACD4CA3}.Debug|x86.ActiveCfg = Debug|Win32
		{394031D7-6391-47AC-8A7B-BA48AACD4CA3}.Debug|x86.Build.0 = Debug|Win32
		{394031D7-6391-47AC-8A7B-BA48AACD4CA3}.Release|x64.ActiveCfg = Release|x64
		{394031D7-6391-47AC-8A7B-BA48AACD4CA3}.Release|x64.Build.0 = Release|x64
		{394031D7-6391-47AC-8A7B-BA48AACD4CA3}.Release|x86.ActiveCfg = Release|Win32
		{394031D7-6391-47AC-8A7B-BA48AACD4CA3}.Release|x86.Build.0 = Release|Win32
		{394031D7-6391-47AC-8A7B-BA48AACD4CA3}.Test|x64.ActiveCfg = Test|x64
		{394031D7-6391-47AC-8A7B-BA48AACD4CA3}.Test|x64.Build.0 = Test|x64
		{394031D7-6391-47AC-8A7B-BA48AACD4CA3}.Test|x86.ActiveCfg = Test|Win32
		{394031D7-6391-47AC-8A7B-BA48AACD4CA3}.Test|x86.Build.0 = Test|Win32
		{205553EB-BB83-4B55-807A-B03CF6C61CBD}.Debug|x64.ActiveCfg = Debug|x64
		{205553EB-BB83-4B55-807A-B03CF6C61CBD}.Debug|x64.Build.0 = Debug|x64
		{205553EB-BB83-4B55-807A-B03CF6C61CBD}.Debug|x86.ActiveCfg = Debug|Win32
		{205553EB-BB83-4B55-807A-B03CF6C61CBD}.Debug|x86.Build.0 = Debug|Win32
		{205553EB-BB83-4B55-807A-B03CF6C61CBD}.Release|x64.ActiveCfg = Release|x64
		{205553EB-BB83-4B55-807A-B03CF6C61CBD}.Release|x64.Build.0 = Release|x64
		{205553EB-BB83-4B55-807A-B03CF6C61CBD}.Release|x86.ActiveCfg = Release|Win32
		{205553EB-BB83-4B55-807A-B03CF6C61CBD}.Release|x86.Build.0 = Release|Win32
		{205553EB-BB83-4B55-807A-B03CF6C61CBD}.Test|x64.ActiveCfg = Test|x64
		{205553EB-BB83-4B55-807A-B03CF6C61CBD}.Test|x64.Build.0 = Test|x64
		{205553EB-BB83-4B55-807A-B03CF6C61CBD}.Test|x86.ActiveCfg = Test|Win32
		{205553EB-BB83-4B55-807A-B03CF6C61CBD}.Test|x86.Build.0 = Test|Win32
		{6A94E39E-4409-4FAD-9D14-DDEF37E317D9}.Debug|x64.ActiveCfg = Debug|x64
		{6A94E39E-4409-4FAD-9D14-DDEF37E317D9}.Debug|x64.Build.0 = Debug|x64
		{6A94E39E-4409-4FAD-9D14-DDEF37E317D9}.Debug|x86.ActiveCfg = Debug|Win32
		{6A94E39E-4409-4FAD-9D14-DDEF37E317D9}.Debug|x86.Build.0 = Debug|Win32
		{6A94E39E-4409-4FAD-9D14-DDEF37E317D9}.Release|x64.ActiveCfg = Release|x64
		{6A94E39E-4409-4FAD-9D14-DDEF37E317D9}.Release|x64.Build.0 = Release|x64
		{6A94E39E-4409-4FAD-9D14-DDEF37E317D9}.Release|x86.ActiveCfg = Release|Win32
		{6A94E39E-4409-4FAD-9D14-DDEF37E317D9}.Release|x86.Build.0 = Release|Win32
		{6A94E39E-4409-4FAD-9D14-DDEF37E317D9}.Test|x64.ActiveCfg = Test|x64
		{6A94E39E-4409-4FAD-9D14-DDEF37E317D9}.Test|x64.Build.0 = Test|x64
		{6A94E39E-4409-4FAD-9D14-DDEF37E317D9}.Test|x86.ActiveCfg = Test|Win32
		{6A94E39E-4409-4FAD-9D14-DDEF37E317D9}.Test|x86.Build.0 = Test|Win32
		{C456A912-5B38-45C0-BCE3-A55FA589A503}.Debug|x64.ActiveCfg = Debug|x64
		{C456A912-5B38-45C0-BCE3-A55FA589A503}.Debug|x64.Build.0 = Debug|x64
		{C456A912-5B38-45C0-BCE3-A55FA589A503}.Debug|x86.ActiveCfg = Debug|Win32
		{C456A912-5B38-45C0-BCE3-A55FA589A503}.Debug|x86.Build.0 = Debug|Win32
		{C456A912-5B38-45C0-BCE3-A55FA589A503}.Release|x64.ActiveCfg = Release|x64
		{C456A912-5B38-45C0-BCE3-A55FA589A503}.Release|x64.Build.0 = Release|x64
		{C456A912-5B38-45C0-BCE3-A55FA589A503}.Release|x86.ActiveCfg = Release|Win32
		{C456A912-5B38-45C0-BCE3-A55FA589A503}.Release|x86.Build.0 = Release|Win32
		{C456A912-5B38-45C0-BCE3-A55FA589A503}.Test|x64.ActiveCfg = Test|x64
		{C456A912-5B38-45C0-BCE3-A55FA589A503}.Test|x64.Build.0 = Test|x64
		{C456A912-5B38-45C0-BCE3-A55FA589A503}.Test|x86.ActiveCfg = Test|Win32
		{C456A912-5B38-45C0-BCE3-A55FA589A503}.Test|x86.Build.0 = Test|Win32
		{41D60D01-03DA-476B-8F1B-C0910D7B82A1}.Debug|x64.ActiveCfg = Debug|x64
		{41D60D01-03DA-476B-8F1B-C0910D7B82A1}.Debug|x64.Build.0 = Debug|x64
		{41D60D01-03DA-476B-8F1B-C0910D7B82A1}.Debug|x86.ActiveCfg = Debug|Win32
		{41D60D01-03DA-476B-8F1B-C0910D7B82A1}.Debug|x86.Build.0 = Debug|Win32
		{41D60D01-03DA-476B-8F1B-C0910D7B82A1}.Release|x64.ActiveCfg = Release|x64
		{41D60D01-03DA-476B-8F1B-C0910D7B82A1}.Release|x64.Build.0 = Release|x64
		{41D60D01-03DA-476B-8F1B-C0910D7B82A1}.Release|x86.ActiveCfg = Release|Win32
		{41D60D01-03DA-476B-8F1B-C0910D7B82A1}.Release|x86.Build.0 = Release|Win32
		{41D60D01-03DA-476B-8F1B-C0910D7B82A1}.Test|x64.ActiveCfg = Test|x64
		{41D60D01-03DA-476B-8F1B-C0910D7B82A1}.Test|x64.Build.0 = Test|x64
		{41D60D01-03DA-476B-8F1B-C0910D7B82A1}.Test|x86.ActiveCfg = Test|Win32
		{41D60D01-03DA-476B-8F1B-C0910D7B82A1}.Test|x86.Build.0 = Test|Win32
		{A4A18506-EAB2-4CFE-8CD9-FE34B61A1799}.Debug|x64.ActiveCfg = Debug|x64
		{A4A18506-EAB2-4CFE-8CD9-FE34B61A1799}.Debug|x64.Build.0 = Debug|x64
		{A4A18506-EAB2-4CFE-8CD9-FE34B61A1799}.Debug|x86.ActiveCfg = Debug|Win32
		{A4A18506-EAB2-4CFE-8CD9-FE34B61A1799}.Debug|x86.Build.0 = Debug|Win32
		{A4A18506-EAB2-4CFE-8CD9-FE34B61A1799}.Release|x64.ActiveCfg = Release|x64
		{A4A18506-EAB2-4CFE-8CD9-FE34B61A1799}.Release|x64.Build.0 = Release|x64
		{A4A18506-EAB2-4CFE-8CD9-FE34B61A1799}.Release|x86.ActiveCfg = Release|Win32
		{A4A18506-EAB2-4CFE-8CD9-FE34B61A1799}.Release|x86.Build.0 = Release|Win32
		{A4A18506-EAB2-4CFE-8CD9-FE34B61A1799}.Test|x64.ActiveCfg = Test|x64
		{A4A18506-EAB2-4CFE-8CD9-FE34B61A1799}.Test|x64.Build.0 = Test|x64
		{A4A18506-EAB2-4CFE-8CD9-FE34B61A1799}.Test|x86.ActiveCfg = Test|Win32
		{A4A18506-EAB2-4CFE-8CD9-FE34B61A1799}.Test|x86.Build.0 = Test|Win32
		{C07D567F-6C8F-4D60-90C5-32EE547BF124}.Debug|x64.ActiveCfg = Debug|x64
		{C07D567F-6C8F-4D60-90C5-32EE547BF124}.Debug|x64.Build.0 = Debug|x64
		{C07D567F-6C8F-4D60-90C5-32EE547BF124}.Debug|x86.ActiveCfg = Debug|Win32
		{C07D567F-6C8F-4D60-90C5-32EE547BF124}.Debug|x86.Build.0 = Debug|Win32
		{C07D567F-6C8F-4D60-90C5-32EE547BF124}.Release|x64.ActiveCfg = Release|x64
		{C07D567F-6C8F-4D60-90C5-32EE547BF124}.Release|x64.Build.0 = Release|x64
		{C07D567F-6C8F-4D60-90C5-32EE547BF124}.Release|x86.ActiveCfg = Release|Win32
		{C07D567F-6C8F-4D60-90C5-32EE547BF124}.Release|x86.Build.0 = Release|Win32
		{C07D567F-6C8F-4D60-90C5-32EE547BF124}.Test|x64.ActiveCfg = Test|x64
		{C07D567F-6C8F-4D60-90C5-32EE547BF124}.Test|x64.Build.0 = Test|x64
		{C07D567F-6C8F-4D60-90C5-32EE547BF124}.Test|x86.ActiveCfg = Test|Win32
		{C07D567F-6C8F-4D60-90C5-32EE547BF124}.Test|x86.Build.0 = Test|Win32
		{6719D252-C19A-470C-9AEF-34AAC08A9222}.Debug|x64.ActiveCfg = Debug|x64
		{6719D252-C19A-470C-9AEF-34AAC08A9222}.Debug|x64.Build.0 = Debug|x64
		{6719D252-C19A-470C-9AEF-34AAC08A9222}.Debug|x86.ActiveCfg = Debug|Win32
		{6719D252-C19A-470C-9AEF-34AAC08A9222}.Debug|x86.Build.0 = Debug|Win32
		{6719D252-C19A-470C-9AEF-34AAC08A9222}.Release|x64.ActiveCfg = Release|x64
		{6719D252-C19A-470C-9AEF-34AAC08A9222}.Release|x64.Build.0 = Release|x64
		{6719D252-C19A-470C-9AEF-34AAC08A9222}.Release|x86.ActiveCfg = Release|Win32
		{6719D252-C19A-470C-9AEF-34AAC08A9222}.Release|x86.Build.0 = Release|Win32
		{6719D252-C19A-470C-9AEF-34AAC08A9222}.Test|x64.ActiveCfg = Test|x64
		{6719D252-C19A-470C-9AEF-34AAC08A9222}.Test|x64.Build.0 = Test|x64
		{6719D252-C19A-470C-9AEF-34AAC08A9222}.Test|x86.ActiveCfg = Test|Win32
		{6719D252-C19A-470C-9AEF-34AAC08A9222}.Test|x86.Build.0 = Test|Win32
		{6429B478-CC99-4A97-9D3A-A935792D0D8F}.Debug|x64.ActiveCfg = Debug|x64
		{6429B478-CC99-4A97-9D3A-A935792D0D8F}.Debug|x64.Build.0 = Debug|x64
		{6429B478-CC99-4A97-9D3A-A935792D0D8F}.Debug|x86.ActiveCfg = Debug|Win32
		{6429B478-CC99-4A97-9D3A-A935792D0D8F}.Debug|x86.Build.0 = Debug|Win32
		{6429B478-CC99-4A97-9D3A-A935792D0D8F}.Release|x64.ActiveCfg = Release|x64
		{6429B478-CC99-4A97-9D3A-A935792D0D8F}.Release|x64.Build.0 = Release|x64
		{6429B478-CC99-4A97-9D3A-A935792D0D8F}.Release|x86.ActiveCfg = Release|Win32
		{6429B478-CC99-4A97-9D3A-A935792D0D8F}.Release|x86.Build.0 = Release|Win32
		{6429B478-CC99-4A97-9D3A-A935792D0D8F}.Test|x64.ActiveCfg = Test|x64
		{6429B478-CC99-4A97-9D3A-A935792D0D8F}.Test|x64.Build.0 = Test|x64
		{6429B478-CC99-4A97-9D3A-A935792D0D8F}.Test|x86.ActiveCfg = Test|Win32
		{6429B478-CC99-4A97-9D3A-A935792D0D8F}.Test|x86.Build.0 = Test|Win32
		{6450B83E-296C-4F76-88C1-0C1CFD7C6736}.Debug|x64.ActiveCfg = Debug|x64
		{6450B83E-296C-4F76-88C1-0C1CFD7C6736}.Debug|x64.Build.0 = Debug|x64
		{6450B83E-296C-4F76-88C1-0C1CFD7C6736}.Debug|x86.ActiveCfg = Debug|Win32
		{6450B83E-296C-4F76-88C1-0C1CFD7C6736}.Debug|x86.Build.0 = Debug|Win32
		{6450B83E-296C-4F76-88C1-0C1CFD7C6736}.Release|x64.ActiveCfg = Release|x64
		{6450B83E-296C-4F76-88C1-0C1CFD7C6736}.Release|x64.Build.0 = Release|x64
		{6450B83E-296C-4F76-88C1-0C1CFD7C6736}.Release|x86.ActiveCfg = Release|Win32
		{6450B83E-296C-4F76-88C1-0C1CFD7C6736}.Release|x86.Build.0 = Release|Win32
		{6450B83E-296C-4F76-88C1-0C1CFD7C6736}.Test|x64.ActiveCfg = Test|x64
		{6450B83E-296C-4F76-88C1-0C1CFD7C6736}.Test|x64.Build.0 = Test|x64
		{6450B83E-296C-4F76-88C1-0C1CFD7C6736}.Test|x86.ActiveCfg = Test|Win32
		{6450B83E-296C-4F76-88C1-0C1CFD7C6736}.Test|x86.Build.0 = Test|Win32
		{8E39B8C2-DF00-4A83-9905-04B8AF3C9985}.Debug|x64.ActiveCfg = Debug|x64
		{8E39B8C2-DF00-4A83-9905-04B8AF3C9985}.Debug|x64.Build.0 = Debug|x64
		{8E39B8C2-DF00-4A83-9905-04B8AF3C9985}.Debug|x86.ActiveCfg = Debug|Win32
		{8E39B8C2-DF00-4A83-9905-04B8AF3C9985}.Debug|x86.Build.0 = Debug|Win32
		{8E39B8C2-DF00-4A83-9905-04B8AF3C9985}.Release|x64.ActiveCfg = Release|x64
		{8E39B8C2-DF00-4A83-9905-04B8AF3C9985}.Release|x64.Build.0 = Release|x64
		{8E39B8C2-DF00-4A83-9905-04B8AF3C9985}.Release|x86.ActiveCfg = Release|Win32
		{8E39B8C2-DF00-4A83-9905-04B8AF3C9985}.Release|x86.Build.0 = Release|Win32
		{8E39B8C2-DF00-4A83-9905-04B8AF3C9985}.Test|x64.ActiveCfg = Test|x64
		{8E39B8C2-DF00-4A83-9905-04B8AF3C9985}.Test|x64.Build.0 = Test|x64
		{8E39B8C2-DF00-4A83-9905-04B8AF3C9985}.Test|x86.ActiveCfg = Test|Win32
		{8E39B8C2-DF00-4A83-9905-04B8AF3C9985}.Test|x86.Build.0 = Test|Win32
		{B55020A6-B473-4FCA-89B2-9958A250D5BB}.Debug|x64.ActiveCfg = Debug|x64
		{B55020A6-B473-4FCA-89B2-9958A250D5BB}.Debug|x64.Build.0 = Debug|x64
		{B55020A6-B473-4FCA-89B2-9958A250D5BB}.Debug|x86.ActiveCfg = Debug|Win32
		{B55020A6-B473-4FCA-89B2-9958A250D5BB}.Debug|x86.Build.0 = Debug|Win32
		{B55020A6-B473-4FCA-89B2-9958A250D5BB}.Release|x64.ActiveCfg = Release|x64
		{B55020A6-B473-4FCA-89B2-9958A250D5BB}.Release|x64.Build.0 = Release|x64
		{B55020A6-B473-4FCA-89B2-9958A250D5BB}.Release|x86.ActiveCfg = Release|Win32
		{B55020A6-B473-4FCA-89B2-9958A250D5BB}.Release|x86.Build.0 = Release|Win32
		{B55020A6-B473-4FCA-89B2-9958A250D5BB}.Test|x64.ActiveCfg = Test|x64
		{B55020A6-B473-4FCA-89B2-9958A250D5BB}.Test|x64.Build.0 = Test|x64
		{B55020A6-B473-4FCA-89B2-9958A250D5BB}.Test|x86.ActiveCfg = Test|Win32
		{B55020A6-B473-4FCA-89B2-9958A250D5BB}.Test|x86.Build.0 = Test|Win32
		{DF55390B-C646-4A17-AE88-1B63470A1421}.Debug|x64.ActiveCfg = Debug|x64
		{DF55390B-C646-4A17-AE88-1B63470A1421}.Debug|x64.Build.0 = Debug|x64
		{DF55390B-C646-4A17-AE88-1B63470A1421}.Debug|x86.ActiveCfg = Debug|Win32
		{DF55390B-C646-4A17-AE88-1B63470A1421}.Debug|x86.Build.0 = Debug|Win32
		{DF55390B-C646-4A17-AE88-1B63470A1421}.Release|x64.ActiveCfg = Release|x64
		{DF55390B-C646-4A17-AE88-1B63470A1421}.Release|x64.Build.0 = Release|x64
		{DF55390B-C646-4A17-AE88-1B63470A1421}.Release|x86.ActiveCfg = Release|Win32
		{DF55390B-C646-4A17-AE88-1B63470A1421}.Release|x86.Build.0 = Release|Win32
		{DF55390B-C646-4A17-AE88-1B63470A1421}.Test|x64.ActiveCfg = Test|x64
		{DF55390B-C646-4A17-AE88-1B63470A1421}.Test|x64.Build.0 = Test|x64
		{DF55390B-C646-4A17-AE88-1B63470A1421}.Test|x86.ActiveCfg = Test|Win32
		{DF55390B-C646-4A17-AE88-1B63470A1421}.Test|x86.Build.0 = Test|Win32
		{12EF004A-B007-4527-8958-FD900FC97867}.Debug|x64.ActiveCfg = Debug|x64
		{12EF004A-B007-4527-8958-FD900FC97867}.Debug|x64.Build.0 = Debug|x64
		{12EF004A-B007-4527-8958-FD900FC97867}.Debug|x86.ActiveCfg = Debug|Win32
		{12EF004A-B007-4527-8958-FD900FC97867}.Debug|x86.Build.0 = Debug|Win32
		{12EF004A-B007-4527-8958-FD900FC97867}.Release|x64.ActiveCfg = Release|x64
		{12EF004A-B007-4527-8958-FD900FC97867}.Release|x64.Build.0 = Release|x64
		{12EF004A-B007-4527-8958-FD900FC97867}.Release|x86.ActiveCfg = Release|Win32
		{12EF004A-B007-4527-8958-FD900FC97867}.Release|x86.Build.0 = Release|Win32
		{12EF004A-B007-4527-8958-FD900FC97867}.Test|x64.ActiveCfg = Test|x64
		{12EF004A-B007-4527-8958-FD900FC97867}.Test|x64.Build.0 = Test|x64
		{12EF004A-B007-4527-8958-FD900FC97867}.Test|x86.ActiveCfg = Test|Win32
		{12EF004A-B007-4527-8958-FD900FC97867}.Test|x86.Build.0 = Test|Win32
		{7F80F07E-8902-47E5-843F-C9E15D8B58F2}.Debug|x64.ActiveCfg = Debug|x64
		{7F80F07E-8902-47E5-843F-C9E15D8B58F2}.Debug|x64.Build.0 = Debug|x64
		{7F80F07E-8902-47E5-843F-C9E15D8B58F2}.Debug|x86.ActiveCfg = Debug|Win32
		{7F80F07E-8902-47E5-843F-C9E15D8B58F2}.Debug|x86.Build.0 = Debug|Win32
		{7F80F07E-8902-47E5-843F-C9E15D8B58F2}.Release|x64.ActiveCfg = Release|x64
		{7F80F07E-8902-47E5-843F-C9E15D8B58F2}.Release|x64.Build.0 = Release|x64
		{7F80F07E-8902-47E5-843F-C9E15D8B58F2}.Release|x86.ActiveCfg = Release|Win32
		{7F80F07E-8902-47E5-843F-C9E15D8B58F2}.Release|x86.Build.0 = Release|Win32
		{7F80F07E-8902-47E5-843F-C9E15D8B58F2}.Test|x64.ActiveCfg = Test|x64
		{7F80F07E-8902-47E5-843F-C9E15D8B58F2}.Test|x64.Build.0 = Test|x64
		{7F80F07E-8902-47E5-843F-C9E15D8B58F2}.Test|x86.ActiveCfg = Test|Win32
		{7F80F07E-8902-47E5-843F-C9E15D8B58F2}.Test|x86.Build.0 = Test|Win32
		{9810BDC8-C6D5-47B9-97AE-6159F510DD84}.Debug|x64.ActiveCfg = Debug|x64
		{9810BDC8-C6D5-47B9-97AE-6159F510DD84}.Debug|x64.Build.0 = Debug|x64
		{9810BDC8-C6D5-47B9-97AE-6159F510DD84}.Debug|x86.ActiveCfg = Debug|Win32
		{9810BDC8-C6D5-47B9-97AE-6159F510DD84}.Debug|x86.Build.0 = Debug|Win32
		{9810BDC8-C6D5-47B9-97AE-6159F510DD84}.Release|x64.ActiveCfg = Release|x64
		{9810BDC8-C6D5-47B9-97AE-6159F510DD84}.Release|x64.Build.0 = Release|x64
		{9810BDC8-C6D5-47B9-97AE-6159F510DD84}.Release|x86.ActiveCfg = Release|Win32
		{9810BDC8-C6D5-47B9-97AE-6159F510DD84}.Release|x86.Build.0 = Release|Win32
		{9810BDC8-C6D5-47B9-97AE-6159F510DD84}.Test|x64.ActiveCfg = Test|x64
		{9810BDC8-C6D5-47B9-97AE-6159F510DD84}.Test|x64.Build.0 = Test|x64
		{9810BDC8-C6D5-47B9-97AE-6159F510DD84}.Test|x86.ActiveCfg = Test|Win32
		{9810BDC8-C6D5-47B9-97AE-6159F510DD84}.Test|x86.Build.0 = Test|Win32
		{ED98AAE8-7EF6-47BA-85CB-8E7B60D264A4}.Debug|x64.ActiveCfg = Debug|x64
		{ED98AAE8-7EF6-47BA-85CB-8E7B60D264A4}.Debug|x64.Build.0 = Debug|x64
		{ED98AAE8-7EF6-47BA-85CB-8E7B60D264A4}.Debug|x86.ActiveCfg = Debug|Win32
		{ED98AAE8-7EF6-47BA-85CB-8E7B60D264A4}.Debug|x86.Build.0 = Debug|Win32
		{ED98AAE8-7EF6-47BA-85CB-8E7B60D264A4}.Release|x64.ActiveCfg = Release|x64
		{ED98AAE8-7EF6-47BA-85CB-8E7B60D264A4}.Release|x64.Build.0 = Release|x64
		{ED98AAE8-7EF6-47BA-85CB-8E7B60D264A4}.Release|x86.ActiveCfg = Release|Win32
		{ED98AAE8-7EF6-47BA-85CB-8E7B60D264A4}.Release|x86.Build.0 = Release|Win32
		{ED98AAE8-7EF6-47BA-85CB-8E7B60D264A4}.Test|x64.ActiveCfg = Test|x64
		{ED98AAE8-7EF6-47BA-85CB-8E7B60D264A4}.Test|x64.Build.0 = Test|x64
		{ED98AAE8-7EF6-47BA-85CB-8E7B60D264A4}.Test|x86.ActiveCfg = Test|Win32
		{ED98AAE8-7EF6-47BA-85CB-8E7B60D264A4}.Test|x86.Build.0 = Test|Win32
		{8B8CB2FE-CE9D-4E45-8CF3-66ADE0230774}.Debug|x64.ActiveCfg = Debug|x64
		{8B8CB2FE-CE9D-4E45-8CF3-66ADE0230774}.Debug|x64.Build.0 = Debug|x64
		{8B8CB2FE-CE9D-4E45-8CF3-66ADE0230774}.Debug|x86.ActiveCfg = Debug|Win32
		{8B8CB2FE-CE9D-4E45-8CF3-66ADE0230774}.Debug|x86.Build.0 = Debug|Win32
		{8B8CB2FE-CE9D-4E45-8CF3-66ADE0230774}.Release|x64.ActiveCfg = Release|x64
		{8B8CB2FE-CE9D-4E45-8CF3-66ADE0230774}.Release|x64.Build.0 = Release|x64
		{8B8CB2FE-CE9D-4E45-8CF3-66ADE0230774}.Release|x86.ActiveCfg = Release|Win32
		{8B8CB2FE-CE9D-4E45-8CF3-66ADE0230774}.Release|x86.Build.0 = Release|Win32
		{8B8CB2FE-CE9D-4E45-8CF3-66ADE0230774}.Test|x64.ActiveCfg = Test|x64
		{8B8CB2FE-CE9D-4E45-8CF3-66ADE0230774}.Test|x64.Build.0 = Test|x64
		{8B8CB2FE-CE9D-4E45-8CF3-66ADE0230774}.Test|x86.ActiveCfg = Test|Win32
		{8B8CB2FE-CE9D-4E45-8CF3-66ADE0230774}.Test|x86.Build.0 = Test|Win32
		{15A8CEFE-A0C1-4551-940A-047E3B5F1D61}.Debug|x64.ActiveCfg = Debug|x64
		{15A8CEFE-A0C1-4551-940A-047E3B5F1D61}.Debug|x64.Build.0 = Debug|x64
		{15A8CEFE-A0C1-4551-940A-047E3B5F1D61}.Debug|x86.ActiveCfg = Debug|Win32
		{15A8CEFE-A0C1-4551-940A-047E3B5F1D61}.Debug|x86.Build.0 = Debug|Win32
		{15A8CEFE-A0C1-4551-940A-047E3B5F1D61}.Release|x64.ActiveCfg = Release|x64
		{15A8CEFE-A0C1-4551-940A-047E3B5F1D61}.Release|x64.Build.0 = Release|x64
		{15A8CEFE-A0C1-4551-940A-047E3B5F1D61}.Release|x86.ActiveCfg = Release|Win32
		{15A8CEFE-A0C1-4551-940A-047E3B5F1D61}.Release|x86.Build.0 = Release|Win32
		{15A8CEFE-A0C1-4551-940A-047E3B5F1D61}.Test|x64.ActiveCfg = Test|x64
		{15A8CEFE-A0C1-4551-940A-047E3B5F1D61}.Test|x64.Build.0 = Test|x64
		{15A8CEFE-A0C1-4551-940A-047E3B5F1D61}.Test|x86.ActiveCfg = Test|Win32
		{15A8CEFE-A0C1-4551-940A-047E3B5F1D61}.Test|x86.Build.0 = Test|Win32
		{B93D909E-7CB9-4E26-A4A0-4C2097739ECD}.Debug|x64.ActiveCfg = Debug|x64
		{B93D909E-7CB9-4E26-A4A0-4C2097739ECD}.Debug|x64.Build.0 = Debug|x64
		{B93D909E-7CB9-4E26-A4A0-4C2097739ECD}.Debug|x86.ActiveCfg = Debug|Win32
		{B93D909E-7CB9-4E26-A4A0-4C2097739ECD}.Debug|x86.Build.0 = Debug|Win32
		{B93D909E-7CB9-4E26-A4A0-4C2097739ECD}.Release|x64.ActiveCfg = Release|x64
		{B93D909E-7CB9-4E26-A4A0-4C2097739ECD}.Release|x64.Build.0 = Release|x64
		{B93D909E-7CB9-4E26-A4A0-4C2097739ECD}.Release|x86.ActiveCfg = Release|Win32
		{B93D909E-7CB9-4E26-A4A0-4C2097739ECD}.Release|x86.Build.0 = Release|Win32
		{B93D909E-7CB9-4E26-A4A0-4C2097739ECD}.Test|x64.ActiveCfg = Test|x64
		{B93D909E-7CB9-4E26-A4A0-4C2097739ECD}.Test|x64.Build.0 = Test|x64
		{B93D909E-7CB9-4E26-A4A0-4C2097739ECD}.Test|x86.ActiveCfg = Test|Win32
		{B93D909E-7CB9-4E26-A4A0-4C2097739ECD}.Test|x86.Build.0 = Test|Win32
		{73E33835-ECB0-4745-85F3-74CCEC259FEF}.Debug|x64.ActiveCfg = Debug|x64
		{73E33835-ECB0-4745-85F3-74CCEC259FEF}.Debug|x64.Build.0 = Debug|x64
		{73E33835-ECB0-4745-85F3-74CCEC259FEF}.Debug|x86.ActiveCfg = Debug|Win32
		{73E33835-ECB0-4745-85F3-74CCEC259FEF}.Debug|x86.Build.0 = Debug|Win32
		{73E33835-ECB0-4745-85F3-74CCEC259FEF}.Release|x64.ActiveCfg = Release|x64
		{73E33835-ECB0-4745-85F3-74CCEC259FEF}.Release|x64.Build.0 = Release|x64
		{73E33835-ECB0-4745-85F3-74CCEC259FEF}.Release|x86.ActiveCfg = Release|Win32
		{73E33835-ECB0-4745-85F3-74CCEC259FEF}.Release|x86.Build.0 = Release|Win32
		{73E33835-ECB0-4745-85F3-74CCEC259FEF}.Test|x64.ActiveCfg = Test|x64
		{73E33835-ECB0-4745-85F3-74CCEC259FEF}.Test|x64.Build.0 = Test|x64
		{73E33835-ECB0-4745-85F3-74CCEC259FEF}.Test|x86.ActiveCfg = Test|Win32
		{73E33835-ECB0-4745-85F3-74CCEC259FEF}.Test|x86.Build.0 = Test|Win32
		{AFEAD110-3939-4C65-A06E-AEFDA2DEEF6E}.Debug|x64.ActiveCfg = Debug|x64
		{AFEAD110-3939-4C65-A06E-AEFDA2DEEF6E}.Debug|x64.Build.0 = Debug|x64
		{AFEAD110-3939-4C65-A06E-AEFDA2DEEF6E}.Debug|x86.ActiveCfg = Debug|Win32
		{AFEAD110-3939-4C65-A06E-AEFDA2DEEF6E}.Debug|x86.Build.0 = Debug|Win32
		{AFEAD110-3939-4C65-A06E-AEFDA2DEEF6E}.Release|x64.ActiveCfg = Release|x64
		{AFEAD110-3939-4C65-A06E-AEFDA2DEEF6E}.Release|x64.Build.0 = Release|x64
		{AFEAD110-3939-4C65-A06E-AEFDA2DEEF6E}.Release|x86.ActiveCfg = Release|Win32
		{AFEAD110-3939-4C65-A06E-AEFDA2DEEF6E}.Release|x86.Build.0 = Release|Win32
		{AFEAD110-3939-4C65-A06E-AEFDA2DEEF6E}.Test|x64.ActiveCfg = Test|x64
		{AFEAD110-3939-4C65-A06E-AEFDA2DEEF6E}.Test|x64.Build.0 = Test|x64
		{AFEAD110-3939-4C65-A06E-AEFDA2DEEF6E}.Test|x86.ActiveCfg = Test|Win32
		{AFEAD110-3939-4C65-A06E-AEFDA2DEEF6E}.Test|x86.Build.0 = Test|Win32
		{00355304-E093-434E-AFF3-CDBF530EB50F}.Debug|x64.ActiveCfg = Debug|x64
		{00355304-E093-434E-AFF3-CDBF530EB50F}.Debug|x64.Build.0 = Debug|x64
		{00355304-E093-434E-AFF3-CDBF530EB50F}.Debug|x86.ActiveCfg = Debug|Win32
		{00355304-E093-434E-AFF3-CDBF530EB50F}.Debug|x86.Build.0 = Debug|Win32
		{00355304-E093-434E-AFF3-CDBF530EB50F}.Release|x64.ActiveCfg = Release|x64
		{00355304-E093-434E-AFF3-CDBF530EB50F}.Release|x64.Build.0 = Release|x64
		{00355304-E093-434E-AFF3-CDBF530EB50F}.Release|x86.ActiveCfg = Release|Win32
		{00355304-E093-434E-AFF3-CDBF530EB50F}.Release|x86.Build.0 = Release|Win32
		{00355304-E093-434E-AFF3-CDBF530EB50F}.Test|x64.ActiveCfg = Test|x64
		{00355304-E093-434E-AFF3-CDBF530EB50F}.Test|x64.Build.0 = Test|x64
		{00355304-E093-434E-AFF3-CDBF530EB50F}.Test|x86.ActiveCfg = Test|Win32
		{00355304-E093-434E-AFF3-CDBF530EB50F}.Test|x86.Build.0 = Test|Win32
		{28B6C9E2-91FC-48BF-80B8-4CDF932E0AD5}.Debug|x64.ActiveCfg = Debug|x64
		{28B6C9E2-91FC-48BF-80B8-4CDF932E0AD5}.Debug|x64.Build.0 = Debug|x64
		{28B6C9E2-91FC-48BF-80B8-4CDF932E0AD5}.Debug|x86.ActiveCfg = Debug|Win32
		{28B6C9E2-91FC-48BF-80B8-4CDF932E0AD5}.Debug|x86.Build.0 = Debug|Win32
		{28B6C9E2-91FC-48BF-80B8-4CDF932E0AD5}.Release|x64.ActiveCfg = Release|x64
		{28B6C9E2-91FC-48BF-80B8-4CDF932E0AD5}.Release|x64.Build.0 = Release|x64
		{28B6C9E2-91FC-48BF-80B8-4CDF932E0AD5}.Release|x86.ActiveCfg = Release|Win32
		{28B6C9E2-91FC-48BF-80B8-4CDF932E0AD5}.Release|x86.Build.0 = Release|Win32
		{28B6C9E2-91FC-48BF-80B8-4CDF932E0AD5}.Test|x64.ActiveCfg = Test|x64
		{28B6C9E2-91FC-48BF-80B8-4CDF932E0AD5}.Test|x64.Build.0 = Test|x64
		{28B6C9E2-91FC-48BF-80B8-4CDF932E0AD5}.Test|x86.ActiveCfg = Test|Win32
		{28B6C9E2-91FC-48BF-80B8-4CDF932E0AD5}.Test|x86.Build.0 = Test|Win32
		{F5BC6877-0975-4FA6-8E88-9F99DF284E7D}.Debug|x64.ActiveCfg = Debug|x64
		{F5BC6877-0975-4FA6-8E88-9F99DF284E7D}.Debug|x64.Build.0 = Debug|x64
		{F5BC6877-0975-4FA6-8E88-9F99DF284E7D}.Debug|x86.ActiveCfg = Debug|Win32
		{F5BC6877-0975-4FA6-8E88-9F99DF284E7D}.Debug|x86.Build.0 = Debug|Win32
		{F5BC6877-0975-4FA6-8E88-9F99DF284E7D}.Release|x64.ActiveCfg = Release|x64
		{F5BC6877-0975-4FA6-8E88-9F99DF284E7D}.Release|x64.Build.0 = Release|x64
		{F5BC6877-0975-4FA6-8E88-9F99DF284E7D}.Release|x86.ActiveCfg = Release|Win32
		{F5BC6877-0975-4FA6-8E88-9F99DF284E7D}.Release|x86.Build.0 = Release|Win32
		{F5BC6877-0975-4FA6-8E88-9F99DF284E7D}.Test|x64.ActiveCfg = Test|x64
		{F5BC6877-0975-4FA6-8E88-9F99DF284E7D}.Test|x64.Build.0 = Test|x64
		{F5BC6877-0975-4FA6-8E88-9F99DF284E7D}.Test|x86.ActiveCfg = Test|Win32
		{F5BC6877-0975-4FA6-8E88-9F99DF284E7D}.Test|x86.Build.0 = Test|Win32
		{CBD67307-14E9-4F55-BE19-C84D783A70C9}.Debug|x64.ActiveCfg = Debug|x64
		{CBD67307-14E9-4F55-BE19-C84D783A70C9}.Debug|x64.Build.0 = Debug|x64
		{CBD67307-14E9-4F55-BE19-C84D783A70C9}.Debug|x86.ActiveCfg = Debug|Win32
		{CBD67307-14E9-4F55-BE19-C84D783A70C9}.Debug|x86.Build.0 = Debug|Win32
		{CBD67307-14E9-4F55-BE19-C84D783A70C9}.Release|x64.ActiveCfg = Release|x64
		{CBD67307-14E9-4F55-BE19-C84D783A70C9}.Release|x64.Build.0 = Release|x64
		{CBD67307-14E9-4F55-BE19-C84D783A70C9}.Release|x86.ActiveCfg = Release|Win32
		{CBD67307-14E9-4F55-BE19-C84D783A70C9}.Release|x86.Build.0 = Release|Win32
		{CBD67307-14E9-4F55-BE19-C84D783A70C9}.Test|x64.ActiveCfg = Test|x64
		{CBD67307-14E9-4F55-BE19-C84D783A70C9}.Test|x64.Build.0 = Test|x64
		{CBD67307-14E9-4F55-BE19-C84D783A70C9}.Test|x86.ActiveCfg = Test|Win32
		{CBD67307-14E9-4F55-BE19-C84D783A70C9}.Test|x86.Build.0 = Test|Win32
		{6A46A51F-CFBA-470D-8921-DAD81B98B793}.Debug|x64.ActiveCfg = Debug|x64
		{6A46A51F-CFBA-470D-8921-DAD81B98B793}.Debug|x64.Build.0 = Debug|x64
		{6A46A51F-CFBA-470D-8921-DAD81B98B793}.Debug|x86.ActiveCfg = Debug|Win32
		{6A46A51F-CFBA-470D-8921-DAD81B98B793}.Debug|x86.Build.0 = Debug|Win32
		{6A46A51F-CFBA-470D-8921-DAD81B98B793}.Release|x64.ActiveCfg = Release|x64
		{6A46A51F-CFBA-470D-8921-DAD81B98B793}.Release|x64.Build.0 = Release|x64
		{6A46A51F-CFBA-470D-8921-DAD81B98B793}.Release|x86.ActiveCfg = Release|Win32
		{6A46A51F-CFBA-470D-8921-DAD81B98B793}.Release|x86.Build.0 = Release|Win32
		{6A46A51F-CFBA-470D-8921-DAD81B98B793}.Test|x64.ActiveCfg = Test|x64
		{6A46A51F-CFBA-470D-8921-DAD81B98B793}.Test|x64.Build.0 = Test|x64
		{6A46A51F-CFBA-470D-8921-DAD81B98B793}.Test|x86.ActiveCfg = Test|Win32
		{6A46A51F-CFBA-470D-8921-DAD81B98B793}.Test|x86.Build.0 = Test|Win32
		{18D9CF08-5043-4DC9-9A7A-BCC5FF65F7A0}.Debug|x64.ActiveCfg = Debug|x64
		{18D9CF08-5043-4DC9-9A7A-BCC5FF65F7A0}.Debug|x64.Build.0 = Debug|x64
		{18D9CF08-5043-4DC9-9A7A-BCC5FF65F7A0}.Debug|x86.ActiveCfg = Debug|Win32
		{18D9CF08-5043-4DC9-9A7A-BCC5FF65F7A0}.Debug|x86.Build.0 = Debug|Win32
		{18D9CF08-5043-4DC9-9A7A-BCC5FF65F7A0}.Release|x64.ActiveCfg = Release|x64
		{18D9CF08-5043-4DC9-9A7A-BCC5FF65F7A0}.Release|x64.Build.0 = Release|x64
		{18D9CF08-5043-4DC9-9A7A-BCC5FF65F7A0}.Release|x86.ActiveCfg = Release|Win32
		{18D9CF08-5043-4DC9-9A7A-BCC5FF65F7A0}.Release|x86.Build.0 = Release|Win32
		{18D9CF08-5043-4DC9-9A7A-BCC5FF65F7A0}.Test|x64.ActiveCfg = Test|x64
		{18D9CF08-5043-4DC9-9A7A-BCC5FF65F7A0}.Test|x64.Build.0 = Test|x64
		{18D9CF08-5043-4DC9-9A7A-BCC5FF65F7A0}.Test|x86.ActiveCfg = Test|Win32
		{18D9CF08-5043-4DC9-9A7A-BCC5FF65F7A0}.Test|x86.Build.0 = Test|Win32
		{47805F25-C970-4483-B55C-CFCAA9A2972D}.Debug|x64.ActiveCfg = Debug|x64
		{47805F25-C970-4483-B55C-CFCAA9A2972D}.Debug|x64.Build.0 = Debug|x64
		{47805F25-C970-4483-B55C-CFCAA9A2972D}.Debug|x86.ActiveCfg = Debug|Win32
		{47805F25-C970-4483-B55C-CFCAA9A2972D}.Debug|x86.Build.0 = Debug|Win32
		{47805F25-C970-4483-B55C-CFCAA9A2972D}.Release|x64.ActiveCfg = Release|x64
		{47805F25-C970-4483-B55C-CFCAA9A2972D}.Release|x64.Build.0 = Release|x64
		{47805F25-C970-4483-B55C-CFCAA9A2972D}.Release|x86.ActiveCfg = Release|Win32
		{47805F25-C970-4483-B55C-CFCAA9A2972D}.Release|x86.Build.0 = Release|Win32
		{47805F25-C970-4483-B55C-CFCAA9A2972D}.Test|x64.ActiveCfg = Test|x64
		{47805F25-C970-4483-B55C-CFCAA9A2972D}.Test|x64.Build.0 = Test|x64
		{47805F25-C970-4483-B55C-CFCAA9A2972D}.Test|x86.ActiveCfg = Test|Win32
		{47805F25-C970-4483-B55C-CFCAA9A2972D}.Test|x86.Build.0 = Test|Win32
		{304D8476-85C7-415B-869B-8AF9DE57B037}.Debug|x64.ActiveCfg = Debug|x64
		{304D8476-85C7-415B-869B-8AF9DE57B037}.Debug|x64.Build.0 = Debug|x64
		{304D8476-85C7-415B-869B-8AF9DE57B037}.Debug|x86.ActiveCfg = Debug|Win32
		{304D8476-85C7-415B-869B-8AF9DE57B037}.Debug|x86.Build.0 = Debug|Win32
		{304D8476-85C7-415B-869B-8AF9DE57B037}.Release|x64.ActiveCfg = Release|x64
		{304D8476-85C7-415B-869B-8AF9DE57B037}.Release|x64.Build.0 = Release|x64
		{304D8476-85C7-415B-869B-8AF9DE57B037}.Release|x86.ActiveCfg = Release|Win32
		{304D8476-85C7-415B-869B-8AF9DE57B037}.Release|x86.Build.0 = Release|Win32
		{304D8476-85C7-415B-869B-8AF9DE57B037}.Test|x64.ActiveCfg = Test|x64
		{304D8476-85C7-415B-869B-8AF9DE57B037}.Test|x64.Build.0 = Test|x64
		{304D8476-85C7-415B-869B-8AF9DE57B037}.Test|x86.ActiveCfg = Test|Win32
		{304D8476-85C7-415B-869B-8AF9DE57B037}.Test|x86.Build.0 = Test|Win32
		{F7F7A38A-9F68-4226-8386-F58E799DD4FD}.Debug|x64.ActiveCfg = Debug|x64
		{F7F7A38A-9F68-4226-8386-F58E799DD4FD}.Debug|x64.Build.0 = Debug|x64
		{F7F7A38A-9F68-4226-8386-F58E799DD4FD}.Debug|x86.ActiveCfg = Debug|Win32
		{F7F7A38A-9F68-4226-8386-F58E799DD4FD}.Debug|x86.Build.0 = Debug|Win32
		{F7F7A38A-9F68-4226-8386-F58E799DD4FD}.Release|x64.ActiveCfg = Release|x64
		{F7F7A38A-9F68-4226-8386-F58E799DD4FD}.Release|x64.Build.0 = Release|x64
		{F7F7A38A-9F68-4226-8386-F58E799DD4FD}.Release|x86.ActiveCfg = Release|Win32
		{F7F7A38A-9F68-4226-8386-F58E799DD4FD}.Release|x86.Build.0 = Release|Win32
		{F7F7A38A-9F68-4226-8386-F58E799DD4FD}.Test|x64.ActiveCfg = Test|x64
		{F7F7A38A-9F68-4226-8386-F58E799DD4FD}.Test|x64.Build.0 = Test|x64
		{F7F7A38A-9F68-4226-8386-F58E799DD4FD}.Test|x86.ActiveCfg = Test|Win32
		{F7F7A38A-9F68-4226-8386-F58E799DD4FD}.Test|x86.Build.0 = Test|Win32
		{A743A113-BADB-43D8-B42A-D5E0AF0D0E35}.Debug|x64.ActiveCfg = Debug|x64
		{A743A113-BADB-43D8-B42A-D5E0AF0D0E35}.Debug|x64.Build.0 = Debug|x64
		{A743A113-BADB-43D8-B42A-D5E0AF0D0E35}.Debug|x86.ActiveCfg = Debug|Win32
		{A743A113-BADB-43D8-B42A-D5E0AF0D0E35}.Debug|x86.Build.0 = Debug|Win32
		{A743A113-BADB-43D8-B42A-D5E0AF0D0E35}.Release|x64.ActiveCfg = Release|x64
		{A743A113-BADB-43D8-B42A-D5E0AF0D0E35}.Release|x64.Build.0 = Release|x64
		{A743A113-BADB-43D8-B42A-D5E0AF0D0E35}.Release|x86.ActiveCfg = Release|Win32
		{A743A113-BADB-43D8-B42A-D5E0AF0D0E35}.Release|x86.Build.0 = Release|Win32
		{A743A113-BADB-43D8-B42A-D5E0AF0D0E35}.Test|x64.ActiveCfg = Test|x64
		{A743A113-BADB-43D8-B42A-D5E0AF0D0E35}.Test|x64.Build.0 = Test|x64
		{A743A113-BADB-43D8-B42A-D5E0AF0D0E35}.Test|x86.ActiveCfg = Test|Win32
		{A743A113-BADB-43D8-B42A-D5E0AF0D0E35}.Test|x86.Build.0 = Test|Win32
		{C138E21D-C13C-4114-8BBE-150B743F5C98}.Debug|x64.ActiveCfg = Debug|x64
		{C138E21D-C13C-4114-8BBE-150B743F5C98}.Debug|x64.Build.0 = Debug|x64
		{C138E21D-C13C-4114-8BBE-150B743F5C98}.Debug|x86.ActiveCfg = Debug|Win32
		{C138E21D-C13C-4114-8BBE-150B743F5C98}.Debug|x86.Build.0 = Debug|Win32
		{C138E21D-C13C-4114-8BBE-150B743F5C98}.Release|x64.ActiveCfg = Release|x64
		{C138E21D-C13C-4114-8BBE-150B743F5C98}.Release|x64.Build.0 = Release|x64
		{C138E21D-C13C-4114-8BBE-150B743F5C98}.Release|x86.ActiveCfg = Release|Win32
		{C138E21D-C13C-4114-8BBE-150B743F5C98}.Release|x86.Build.0 = Release|Win32
		{C138E21D-C13C-4114-8BBE-150B743F5C98}.Test|x64.ActiveCfg = Test|x64
		{C138E21D-C13C-4114-8BBE-150B743F5C98}.Test|x64.Build.0 = Test|x64
		{C138E21D-C13C-4114-8BBE-150B743F5C98}.Test|x86.ActiveCfg = Test|Win32
		{C138E21D-C13C-4114-8BBE-150B743F5C98}.Test|x86.Build.0 = Test|Win32
		{D17DC92A-48FF-4BBB-BC76-829C96574520}.Debug|x64.ActiveCfg = Debug|x64
		{D17DC92A-48FF-4BBB-BC76-829C96574520}.Debug|x64.Build.0 = Debug|x64
		{D17DC92A-48FF-4BBB-BC76-829C96574520}.Debug|x86.ActiveCfg = Debug|Win32
		{D17DC92A-48FF-4BBB-BC76-829C96574520}.Debug|x86.Build.0 = Debug|Win32
		{D17DC92A-48FF-4BBB-BC76-829C96574520}.Release|x64.ActiveCfg = Release|x64
		{D17DC92A-48FF-4BBB-BC76-829C96574520}.Release|x64.Build.0 = Release|x64
		{D17DC92A-48FF-4BBB-BC76-829C96574520}.Release|x86.ActiveCfg = Release|Win32
		{D17DC92A-48FF-4BBB-BC76-829C96574520}.Release|x86.Build.0 = Release|Win32
		{D17DC92A-48FF-4BBB-BC76-829C96574520}.Test|x64.ActiveCfg = Test|x64
		{D17DC92A-48FF-4BBB-BC76-829C96574520}.Test|x64.Build.0 = Test|x64
		{D17DC92A-48FF-4BBB-BC76-829C96574520}.Test|x86.ActiveCfg = Test|Win32
		{D17DC92A-48FF-4BBB-BC76-829C96574520}.Test|x86.Build.0 = Test|Win32
		{71E13923-E9D4-461E-BD19-0C0BB3877485}.Debug|x64.ActiveCfg = Debug|x64
		{71E13923-E9D4-461E-BD19-0C0BB3877485}.Debug|x64.Build.0 = Debug|x64
		{71E13923-E9D4-461E-BD19-0C0BB3877485}.Debug|x86.ActiveCfg = Debug|Win32
		{71E13923-E9D4-461E-BD19-0C0BB3877485}.Debug|x86.Build.0 = Debug|Win32
		{71E13923-E9D4-461E-BD19-0C0BB3877485}.Release|x64.ActiveCfg = Release|x64
		{71E13923-E9D4-461E-BD19-0C0BB3877485}.Release|x64.Build.0 = Release|x64
		{71E13923-E9D4-461E-BD19-0C0BB3877485}.Release|x86.ActiveCfg = Release|Win32
		{71E13923-E9D4-461E-BD19-0C0BB3877485}.Release|x86.Build.0 = Release|Win32
		{71E13923-E9D4-461E-BD19-0C0BB3877485}.Test|x64.ActiveCfg = Test|x64
		{71E13923-E9D4-461E-BD19-0C0BB3877485}.Test|x64.Build.0 = Test|x64
		{71E13923-E9D4-461E-BD19-0C0BB3877485}.Test|x86.ActiveCfg = Test|Win32
		{71E13923-E9D4-461E-BD19-0C0BB3877485}.Test|x86.Build.0 = Test|Win32
		{78A72B3B-BC29-4ED1-986B-A51C7A00E1E2}.Debug|x64.ActiveCfg = Debug|x64
		{78A72B3B-BC29-4ED1-986B-A51C7A00E1E2}.Debug|x64.Build.0 = Debug|x64
		{78A72B3B-BC29-4ED1-986B-A51C7A00E1E2}.Debug|x86.ActiveCfg = Debug|Win32
		{78A72B3B-BC29-4ED1-986B-A51C7A00E1E2}.Debug|x86.Build.0 = Debug|Win32
		{78A72B3B-BC29-4ED1-986B-A51C7A00E1E2}.Release|x64.ActiveCfg = Release|x64
		{78A72B3B-BC29-4ED1-986B-A51C7A00E1E2}.Release|x64.Build.0 = Release|x64
		{78A72B3B-BC29-4ED1-986B-A51C7A00E1E2}.Release|x86.ActiveCfg = Release|Win32
		{78A72B3B-BC29-4ED1-986B-A51C7A00E1E2}.Release|x86.Build.0 = Release|Win32
		{78A72B3B-BC29-4ED1-986B-A51C7A00E1E2}.Test|x64.ActiveCfg = Test|x64
		{78A72B3B-BC29-4ED1-986B-A51C7A00E1E2}.Test|x64.Build.0 = Test|x64
		{78A72B3B-BC29-4ED1-986B-A51C7A00E1E2}.Test|x86.ActiveCfg = Test|Win32
		{78A72B3B-BC29-4ED1-986B-A51C7A00E1E2}.Test|x86.Build.0 = Test|Win32
		{495948B0-8DAA-4F70-8019-7707F31EFA67}.Debug|x64.ActiveCfg = Debug|x64
		{495948B0-8DAA-4F70-8019-7707F31EFA67}.Debug|x64.Build.0 = Debug|x64
		{495948B0-8DAA-4F70-8019-7707F31EFA67}.Debug|x86.ActiveCfg = Debug|Win32
		{495948B0-8DAA-4F70-8019-7707F31EFA67}.Debug|x86.Build.0 = Debug|Win32
		{495948B0-8DAA-4F70-8019-7707F31EFA67}.Release|x64.ActiveCfg = Release|x64
		{495948B0-8DAA-4F70-8019-7707F31EFA67}.Release|x64.Build.0 = Release|x64
		{495948B0-8DAA-4F70-8019-7707F31EFA67}.Release|x86.ActiveCfg = Release|Win32
		{495948B0-8DAA-4F70-8019-7707F31EFA67}.Release|x86.Build.0 = Release|Win32
		{495948B0-8DAA-4F70-8019-7707F31EFA67}.Test|x64.ActiveCfg = Test|x64
		{495948B0-8DAA-4F70-8019-7707F31EFA67}.Test|x64.Build.0 = Test|x64
		{495948B0-8DAA-4F70-8019-7707F31EFA67}.Test|x86.ActiveCfg = Test|Win32
		{495948B0-8DAA-4F70-8019-7707F31EFA67}.Test|x86.Build.0 = Test|Win32
		{CBD55F94-FE7E-4649-9464-DD6D70F77E74}.Debug|x64.ActiveCfg = Debug|x64
		{CBD55F94-FE7E-4649-9464-DD6D70F77E74}.Debug|x64.Build.0 = Debug|x64
		{CBD55F94-FE7E-4649-9464-DD6D70F77E74}.Debug|x86.ActiveCfg = Debug|Win32
		{CBD55F94-FE7E-4649-9464-DD6D70F77E74}.Debug|x86.Build.0 = Debug|Win32
		{CBD55F94-FE7E-4649-9464-DD6D70F77E74}.Release|x64.ActiveCfg = Release|x64
		{CBD55F94-FE7E-4649-9464-DD6D70F77E74}.Release|x64.Build.0 = Release|x64
		{CBD55F94-FE7E-4649-9464-DD6D70F77E74}.Release|x86.ActiveCfg = Release|Win32
		{CBD55F94-FE7E-4649-9464-DD6D70F77E74}.Release|x86.Build.0 = Release|Win32
		{CBD55F94-FE7E-4649-9464-DD6D70F77E74}.Test|x64.ActiveCfg = Test|x64
		{CBD55F94-FE7E-4649-9464-DD6D70F77E74}.Test|x64.Build.0 = Test|x64
		{CBD55F94-FE7E-4649-9464-DD6D70F77E74}.Test|x86.ActiveCfg = Test|Win32
		{CBD55F94-FE7E-4649-9464-DD6D70F77E74}.Test|x86.Build.0 = Test|Win32
		{4052A023-709A-4AD8-99BD-C812542CFE2C}.Debug|x64.ActiveCfg = Debug|x64
		{4052A023-709A-4AD8-99BD-C812542CFE2C}.Debug|x64.Build.0 = Debug|x64
		{4052A023-709A-4AD8-99BD-C812542CFE2C}.Debug|x86.ActiveCfg = Debug|Win32
		{4052A023-709A-4AD8-99BD-C812542CFE2C}.Debug|x86.Build.0 = Debug|Win32
		{4052A023-709A-4AD8-99BD-C812542CFE2C}.Release|x64.ActiveCfg = Release|x64
		{4052A023-709A-4AD8-99BD-C812542CFE2C}.Release|x64.Build.0 = Release|x64
		{4052A023-709A-4AD8-99BD-C812542CFE2C}.Release|x86.ActiveCfg = Release|Win32
		{4052A023-709A-4AD8-99BD-C812542CFE2C}.Release|x86.Build.0 = Release|Win32
		{4052A023-709A-4AD8-99BD-C812542CFE2C}.Test|x64.ActiveCfg = Test|x64
		{4052A023-709A-4AD8-99BD-C812542CFE2C}.Test|x64.Build.0 = Test|x64
		{4052A023-709A-4AD8-99BD-C812542CFE2C}.Test|x86.ActiveCfg = Test|Win32
		{4052A023-709A-4AD8-99BD-C812542CFE2C}.Test|x86.Build.0 = Test|Win32
		{72FF1008-EE99-4806-878B-0A6DCA7FA838}.Debug|x64.ActiveCfg = Debug|x64
		{72FF1008-EE99-4806-878B-0A6DCA7FA838}.Debug|x64.Build.0 = Debug|x64
		{72FF1008-EE99-4806-878B-0A6DCA7FA838}.Debug|x86.ActiveCfg = Debug|Win32
		{72FF1008-EE99-4806-878B-0A6DCA7FA838}.Debug|x86.Build.0 = Debug|Win32
		{72FF1008-EE99-4806-878B-0A6DCA7FA838}.Release|x64.ActiveCfg = Release|x64
		{72FF1008-EE99-4806-878B-0A6DCA7FA838}.Release|x64.Build.0 = Release|x64
		{72FF1008-EE99-4806-878B-0A6DCA7FA838}.Release|x86.ActiveCfg = Release|Win32
		{72FF1008-EE99-4806-878B-0A6DCA7FA838}.Release|x86.Build.0 = Release|Win32
		{72FF1008-EE99-4806-878B-0A6DCA7FA838}.Test|x64.ActiveCfg = Test|x64
		{72FF1008-EE99-4806-878B-0A6DCA7FA838}.Test|x64.Build.0 = Test|x64
		{72FF1008-EE99-4806-878B-0A6DCA7FA838}.Test|x86.ActiveCfg = Test|Win32
		{72FF1008-EE99-4806-878B-0A6DCA7FA838}.Test|x86.Build.0 = Test|Win32
		{4AFF263F-3649-4601-AA46-0B803917C90C}.Debug|x64.ActiveCfg = Debug|x64
		{4AFF263F-3649-4601-AA46-0B803917C90C}.Debug|x64.Build.0 = Debug|x64
		{4AFF263F-3649-4601-AA46-0B803917C90C}.Debug|x86.ActiveCfg = Debug|Win32
		{4AFF263F-3649-4601-AA46-0B803917C90C}.Debug|x86.Build.0 = Debug|Win32
		{4AFF263F-3649-4601-AA46-0B803917C90C}.Release|x64.ActiveCfg = Release|x64
		{4AFF263F-3649-4601-AA46-0B803917C90C}.Release|x64.Build.0 = Release|x64
		{4AFF263F-3649-4601-AA46-0B803917C90C}.Release|x86.ActiveCfg = Release|Win32
		{4AFF263F-3649-4601-AA46-0B803917C90C}.Release|x86.Build.0 = Release|Win32
		{4AFF263F-3649-4601-AA46-0B803917C90C}.Test|x64.ActiveCfg = Test|x64
		{4AFF263F-3649-4601-AA46-0B803917C90C}.Test|x64.Build.0 = Test|x64
		{4AFF263F-3649-4601-AA46-0B803917C90C}.Test|x86.ActiveCfg = Test|Win32
		{4AFF263F-3649-4601-AA46-0B803917C90C}.Test|x86.Build.0 = Test|Win32
		{64731B3F-953C-4BF5-89AA-82083BD5E4A9}.Debug|x64.ActiveCfg = Debug|x64
		{64731B3F-953C-4BF5-89AA-82083BD5E4A9}.Debug|x64.Build.0 = Debug|x64
		{64731B3F-953C-4BF5-89AA-82083BD5E4A9}.Debug|x86.ActiveCfg = Debug|Win32
		{64731B3F-953C-4BF5-89AA-82083BD5E4A9}.Debug|x86.Build.0 = Debug|Win32
		{64731B3F-953C-4BF5-89AA-82083BD5E4A9}.Release|x64.ActiveCfg = Release|x64
		{64731B3F-953C-4BF5-89AA-82083BD5E4A9}.Release|x64.Build.0 = Release|x64
		{64731B3F-953C-4BF5-89AA-82083BD5E4A9}.Release|x86.ActiveCfg = Release|Win32
		{64731B3F-953C-4BF5-89AA-82083BD5E4A9}.Release|x86.Build.0 = Release|Win32
		{64731B3F-953C-4BF5-89AA-82083BD5E4A9}.Test|x64.ActiveCfg = Test|x64
		{64731B3F-953C-4BF5-89AA-82083BD5E4A9}.Test|x64.Build.0 = Test|x64
		{64731B3F-953C-4BF5-89AA-82083BD5E4A9}.Test|x86.ActiveCfg = Test|Win32
		{64731B3F-953C-4BF5-89AA-82083BD5E4A9}.Test|x86.Build.0 = Test|Win32
		{078D188F-FFE7-470D-9662-C032268B93DD}.Debug|x64.ActiveCfg = Debug|x64
		{078D188F-FFE7-470D-9662-C032268B93DD}.Debug|x64.Build.0 = Debug|x64
		{078D188F-FFE7-470D-9662-C032268B93DD}.Debug|x86.ActiveCfg = Debug|Win32
		{078D188F-FFE7-470D-9662-C032268B93DD}.Debug|x86.Build.0 = Debug|Win32
		{078D188F-FFE7-470D-9662-C032268B93DD}.Release|x64.ActiveCfg = Release|x64
		{078D188F-FFE7-470D-9662-C032268B93DD}.Release|x64.Build.0 = Release|x64
		{078D188F-FFE7-470D-9662-C032268B93DD}.Release|x86.ActiveCfg = Release|Win32
		{078D188F-FFE7-470D-9662-C032268B93DD}.Release|x86.Build.0 = Release|Win32
		{078D188F-FFE7-470D-9662-C032268B93DD}.Test|x64.ActiveCfg = Test|x64
		{078D188F-FFE7-470D-9662-C032268B93DD}.Test|x64.Build.0 = Test|x64
		{078D188F-FFE7-470D-9662-C032268B93DD}.Test|x86.ActiveCfg = Test|Win32
		{078D188F-FFE7-470D-9662-C032268B93DD}.Test|x86.Build.0 = Test|Win32
		{F0812FAD-C12B-4D63-931A-8B4C379B47D5}.Debug|x64.ActiveCfg = Debug|x64
		{F0812FAD-C12B-4D63-931A-8B4C379B47D5}.Debug|x64.Build.0 = Debug|x64
		{F0812FAD-C12B-4D63-931A-8B4C379B47D5}.Debug|x86.ActiveCfg = Debug|Win32
		{F0812FAD-C12B-4D63-931A-8B4C379B47D5}.Debug|x86.Build.0 = Debug|Win32
		{F0812FAD-C12B-4D63-931A-8B4C379B47D5}.Release|x64.ActiveCfg = Release|x64
		{F0812FAD-C12B-4D63-931A-8B4C379B47D5}.Release|x64.Build.0 = Release|x64
		{F0812FAD-C12B-4D63-931A-8B4C379B47D5}.Release|x86.ActiveCfg = Release|Win32
		{F0812FAD-C12B-4D63-931A-8B4C379B47D5}.Release|x86.Build.0 = Release|Win32
		{F0812FAD-C12B-4D63-931A-8B4C379B47D5}.Test|x64.ActiveCfg = Test|x64
		{F0812FAD-C12B-4D63-931A-8B4C379B47D5}.Test|x64.Build.0 = Test|x64
		{F0812FAD-C12B-4D63-931A-8B4C379B47D5}.Test|x86.ActiveCfg = Test|Win32
		{F0812FAD-C12B-4D63-931A-8B4C379B47D5}.Test|x86.Build.0 = Test|Win32
		{A3695BFD-534F-4EEC-8362-40A7F172CE7C}.Debug|x64.ActiveCfg = Debug|x64
		{A3695BFD-534F-4EEC-8362-40A7F172CE7C}.Debug|x64.Build.0 = Debug|x64
		{A3695BFD-534F-4EEC-8362-40A7F172CE7C}.Debug|x86.ActiveCfg = Debug|Win32
		{A3695BFD-534F-4EEC-8362-40A7F172CE7C}.Debug|x86.Build.0 = Debug|Win32
		{A3695BFD-534F-4EEC-8362-40A7F172CE7C}.Release|x64.ActiveCfg = Release|x64
		{A3695BFD-534F-4EEC-8362-40A7F172CE7C}.Release|x64.Build.0 = Release|x64
		{A3695BFD-534F-4EEC-8362-40A7F172CE7C}.Release|x86.ActiveCfg = Release|Win32
		{A3695BFD-534F-4EEC-8362-40A7F172CE7C}.Release|x86.Build.0 = Release|Win32
		{A3695BFD-534F-4EEC-8362-40A7F172CE7C}.Test|x64.ActiveCfg = Test|x64
		{A3695BFD-534F-4EEC-8362-40A7F172CE7C}.Test|x64.Build.0 = Test|x64
		{A3695BFD-534F-4EEC-8362-40A7F172CE7C}.Test|x86.ActiveCfg = Test|Win32
		{A3695BFD-534F-4EEC-8362-40A7F172CE7C}.Test|x86.Build.0 = Test|Win32
		{8215FF9E-61E9-41A7-99B1-E1B067145CA1}.Debug|x64.ActiveCfg = Debug|x64
		{8215FF9E-61E9-41A7-99B1-E1B067145CA1}.Debug|x64.Build.0 = Debug|x64
		{8215FF9E-61E9-41A7-99B1-E1B067145CA1}.Debug|x86.ActiveCfg = Debug|Win32
		{8215FF9E-61E9-41A7-99B1-E1B067145CA1}.Debug|x86.Build.0 = Debug|Win32
		{8215FF9E-61E9-41A7-99B1-E1B067145CA1}.Release|x64.ActiveCfg = Release|x64
		{8215FF9E-61E9-41A7-99B1-E1B067145CA1}.Release|x64.Build.0 = Release|x64
		{8215FF9E-61E9-41A7-99B1-E1B067145CA1}.Release|x86.ActiveCfg = Release|Win32
		{8215FF9E-61E9-41A7-99B1-E1B067145CA1}.Release|x86.Build.0 = Release|Win32
		{8215FF9E-61E9-41A7-99B1-E1B067145CA1}.Test|x64.ActiveCfg = Test|x64
		{8215FF9E-61E9-41A7-99B1-E1B067145CA1}.Test|x64.Build.0 = Test|x64
		{8215FF9E-61E9-41A7-99B1-E1B067145CA1}.Test|x86.ActiveCfg = Test|Win32
		{8215FF9E-61E9-41A7-99B1-E1B067145CA1}.Test|x86.Build.0 = Test|Win32
	EndGlobalSection
	GlobalSection(SolutionProperties) = preSolution
		HideSolutionNode = FALSE
	EndGlobalSection
	GlobalSection(NestedProjects) = preSolution
		{E157DBC3-3E58-4A10-ABD3-A597C6752F36} = {55904875-D27A-4052-A99D-C4B43B186A6C}
		{B542145C-B60E-4B0B-AD47-67FD721CA448} = {55904875-D27A-4052-A99D-C4B43B186A6C}
		{34E55C7E-2267-4862-81C0-2270AAD9C586} = {55904875-D27A-4052-A99D-C4B43B186A6C}
		{00105898-5BEA-4DD8-86A0-E4A73B42FF9C} = {55904875-D27A-4052-A99D-C4B43B186A6C}
		{4A023829-02DC-4DC0-B388-B023F1C0A68E} = {55904875-D27A-4052-A99D-C4B43B186A6C}
		{E3112216-81FD-465A-8732-375605FE2483} = {55904875-D27A-4052-A99D-C4B43B186A6C}
		{07BFE542-3AA5-49C1-B479-E5CB38331457} = {55904875-D27A-4052-A99D-C4B43B186A6C}
		{971810EA-0811-4EF8-B21F-279C6016D148} = {55904875-D27A-4052-A99D-C4B43B186A6C}
		{B8015A32-0B74-4C51-BFDA-A488AA51A199} = {55904875-D27A-4052-A99D-C4B43B186A6C}
		{F374A5D2-BBD2-437A-967F-3CB294205F5A} = {55904875-D27A-4052-A99D-C4B43B186A6C}
		{210601CD-5073-4A1B-BD22-E89B603A22F3} = {55904875-D27A-4052-A99D-C4B43B186A6C}
		{13C81FB0-9159-42C0-BFD6-1A562A4A5255} = {55904875-D27A-4052-A99D-C4B43B186A6C}
		{6A73B587-9004-4C17-9195-C6BB5FF04839} = {55904875-D27A-4052-A99D-C4B43B186A6C}
		{66CB3005-B1A2-4731-BF10-9428C3DC2D83} = {55904875-D27A-4052-A99D-C4B43B186A6C}
		{A70697D1-4DEA-41F4-BF4C-11493EDC2A3A} = {55904875-D27A-4052-A99D-C4B43B186A6C}
		{06D1543E-860F-438E-9146-FC654518B520} = {55904875-D27A-4052-A99D-C4B43B186A6C}
		{23EB1884-40CA-4B0C-854A-15AF2F090FF4} = {55904875-D27A-4052-A99D-C4B43B186A6C}
		{13BBBB3C-613D-4E32-8DCB-55212EC94B2F} = {55904875-D27A-4052-A99D-C4B43B186A6C}
		{3A1155E3-84D4-4FA1-ACF7-1E647DE1BF83} = {55904875-D27A-4052-A99D-C4B43B186A6C}
		{2D165B2F-0881-4AFE-BF23-F2DA0594AFF8} = {55904875-D27A-4052-A99D-C4B43B186A6C}
		{FFA2362A-C1B1-4A47-A1D5-24B672FBD9DE} = {55904875-D27A-4052-A99D-C4B43B186A6C}
		{923D0963-8FCF-42F4-8A1B-A6D6E5EC4E95} = {55904875-D27A-4052-A99D-C4B43B186A6C}
		{E15D72CF-7E02-41F8-8114-2A4631E65876} = {55904875-D27A-4052-A99D-C4B43B186A6C}
		{0191C9FE-1EB1-4932-9424-CD6269D07214} = {55904875-D27A-4052-A99D-C4B43B186A6C}
		{CC0F8660-324B-41B4-81AD-A82C0BC3F892} = {55904875-D27A-4052-A99D-C4B43B186A6C}
		{09B3BC3B-EA86-486C-B097-506C4D7780F5} = {D5F46C08-94B9-4D43-8F1B-1F2D558CF7EA}
		{9D993241-EBF4-4B97-BA88-EA132EDC7FF7} = {D5F46C08-94B9-4D43-8F1B-1F2D558CF7EA}
		{394031D7-6391-47AC-8A7B-BA48AACD4CA3} = {D5F46C08-94B9-4D43-8F1B-1F2D558CF7EA}
		{205553EB-BB83-4B55-807A-B03CF6C61CBD} = {D5F46C08-94B9-4D43-8F1B-1F2D558CF7EA}
		{6A94E39E-4409-4FAD-9D14-DDEF37E317D9} = {D5F46C08-94B9-4D43-8F1B-1F2D558CF7EA}
		{C456A912-5B38-45C0-BCE3-A55FA589A503} = {D5F46C08-94B9-4D43-8F1B-1F2D558CF7EA}
		{41D60D01-03DA-476B-8F1B-C0910D7B82A1} = {D5F46C08-94B9-4D43-8F1B-1F2D558CF7EA}
		{A4A18506-EAB2-4CFE-8CD9-FE34B61A1799} = {D5F46C08-94B9-4D43-8F1B-1F2D558CF7EA}
		{C07D567F-6C8F-4D60-90C5-32EE547BF124} = {D5F46C08-94B9-4D43-8F1B-1F2D558CF7EA}
		{6719D252-C19A-470C-9AEF-34AAC08A9222} = {D5F46C08-94B9-4D43-8F1B-1F2D558CF7EA}
		{6429B478-CC99-4A97-9D3A-A935792D0D8F} = {D5F46C08-94B9-4D43-8F1B-1F2D558CF7EA}
		{6450B83E-296C-4F76-88C1-0C1CFD7C6736} = {D5F46C08-94B9-4D43-8F1B-1F2D558CF7EA}
		{8E39B8C2-DF00-4A83-9905-04B8AF3C9985} = {D5F46C08-94B9-4D43-8F1B-1F2D558CF7EA}
		{B55020A6-B473-4FCA-89B2-9958A250D5BB} = {D5F46C08-94B9-4D43-8F1B-1F2D558CF7EA}
		{DF55390B-C646-4A17-AE88-1B63470A1421} = {D5F46C08-94B9-4D43-8F1B-1F2D558CF7EA}
		{12EF004A-B007-4527-8958-FD900FC97867} = {D5F46C08-94B9-4D43-8F1B-1F2D558CF7EA}
		{7F80F07E-8902-47E5-843F-C9E15D8B58F2} = {D5F46C08-94B9-4D43-8F1B-1F2D558CF7EA}
		{9810BDC8-C6D5-47B9-97AE-6159F510DD84} = {D5F46C08-94B9-4D43-8F1B-1F2D558CF7EA}
		{ED98AAE8-7EF6-47BA-85CB-8E7B60D264A4} = {D5F46C08-94B9-4D43-8F1B-1F2D558CF7EA}
		{8B8CB2FE-CE9D-4E45-8CF3-66ADE0230774} = {D5F46C08-94B9-4D43-8F1B-1F2D558CF7EA}
		{15A8CEFE-A0C1-4551-940A-047E3B5F1D61} = {D5F46C08-94B9-4D43-8F1B-1F2D558CF7EA}
		{B93D909E-7CB9-4E26-A4A0-4C2097739ECD} = {D5F46C08-94B9-4D43-8F1B-1F2D558CF7EA}
		{73E33835-ECB0-4745-85F3-74CCEC259FEF} = {D5F46C08-94B9-4D43-8F1B-1F2D558CF7EA}
		{AFEAD110-3939-4C65-A06E-AEFDA2DEEF6E} = {D5F46C08-94B9-4D43-8F1B-1F2D558CF7EA}
		{00355304-E093-434E-AFF3-CDBF530EB50F} = {D5F46C08-94B9-4D43-8F1B-1F2D558CF7EA}
		{28B6C9E2-91FC-48BF-80B8-4CDF932E0AD5} = {C4C5EFAB-33AB-4A69-9267-497B81F2C031}
		{F5BC6877-0975-4FA6-8E88-9F99DF284E7D} = {C4C5EFAB-33AB-4A69-9267-497B81F2C031}
		{CBD67307-14E9-4F55-BE19-C84D783A70C9} = {C4C5EFAB-33AB-4A69-9267-497B81F2C031}
		{6A46A51F-CFBA-470D-8921-DAD81B98B793} = {C4C5EFAB-33AB-4A69-9267-497B81F2C031}
		{18D9CF08-5043-4DC9-9A7A-BCC5FF65F7A0} = {C4C5EFAB-33AB-4A69-9267-497B81F2C031}
		{47805F25-C970-4483-B55C-CFCAA9A2972D} = {C4C5EFAB-33AB-4A69-9267-497B81F2C031}
		{304D8476-85C7-415B-869B-8AF9DE57B037} = {C4C5EFAB-33AB-4A69-9267-497B81F2C031}
		{F7F7A38A-9F68-4226-8386-F58E799DD4FD} = {C4C5EFAB-33AB-4A69-9267-497B81F2C031}
		{A743A113-BADB-43D8-B42A-D5E0AF0D0E35} = {C4C5EFAB-33AB-4A69-9267-497B81F2C031}
		{C138E21D-C13C-4114-8BBE-150B743F5C98} = {C4C5EFAB-33AB-4A69-9267-497B81F2C031}
		{D17DC92A-48FF-4BBB-BC76-829C96574520} = {C4C5EFAB-33AB-4A69-9267-497B81F2C031}
		{71E13923-E9D4-461E-BD19-0C0BB3877485} = {C4C5EFAB-33AB-4A69-9267-497B81F2C031}
		{78A72B3B-BC29-4ED1-986B-A51C7A00E1E2} = {C4C5EFAB-33AB-4A69-9267-497B81F2C031}
		{495948B0-8DAA-4F70-8019-7707F31EFA67} = {C4C5EFAB-33AB-4A69-9267-497B81F2C031}
		{CBD55F94-FE7E-4649-9464-DD6D70F77E74} = {C4C5EFAB-33AB-4A69-9267-497B81F2C031}
		{4052A023-709A-4AD8-99BD-C812542CFE2C} = {C4C5EFAB-33AB-4A69-9267-497B81F2C031}
		{72FF1008-EE99-4806-878B-0A6DCA7FA838} = {C4C5EFAB-33AB-4A69-9267-497B81F2C031}
		{4AFF263F-3649-4601-AA46-0B803917C90C} = {C4C5EFAB-33AB-4A69-9267-497B81F2C031}
		{64731B3F-953C-4BF5-89AA-82083BD5E4A9} = {C4C5EFAB-33AB-4A69-9267-497B81F2C031}
		{078D188F-FFE7-470D-9662-C032268B93DD} = {C4C5EFAB-33AB-4A69-9267-497B81F2C031}
		{F0812FAD-C12B-4D63-931A-8B4C379B47D5} = {C4C5EFAB-33AB-4A69-9267-497B81F2C031}
		{A3695BFD-534F-4EEC-8362-40A7F172CE7C} = {C4C5EFAB-33AB-4A69-9267-497B81F2C031}
		{8215FF9E-61E9-41A7-99B1-E1B067145CA1} = {C4C5EFAB-33AB-4A69-9267-497B81F2C031}
	EndGlobalSection
	GlobalSection(ExtensibilityGlobals) = postSolution
		SolutionGuid = {C73BC1FB-06D6-478E-B2D0-DE1E761743D4}
	EndGlobalSection
EndGlobal
