
Microsoft Visual Studio Solution File, Format Version 12.00
# Visual Studio 15
VisualStudioVersion = 15.0.27130.2003
MinimumVisualStudioVersion = 10.0.40219.1
Project("{8BC9CEB8-8B4A-11D0-8D11-00A0C91BC942}") = "AdventOfCodeCommon", "AdventOfCodeCommon\AdventOfCodeCommon.vcxproj", "{CACB5746-DED5-4746-82AA-8AA8F76CEC06}"
EndProject
Project("{2150E333-8FDC-42A3-9474-1A3956D46DE8}") = "AdventOfCode2017", "AdventOfCode2017", "{55904875-D27A-4052-A99D-C4B43B186A6C}"
EndProject
Project("{8BC9CEB8-8B4A-11D0-8D11-00A0C91BC942}") = "Day01-InverseCaptcha", "AdventOfCode2017\Day01-InverseCaptcha\Day01-InverseCaptcha.vcxproj", "{E157DBC3-3E58-4A10-ABD3-A597C6752F36}"
EndProject
Project("{8BC9CEB8-8B4A-11D0-8D11-00A0C91BC942}") = "Day02-CorruptedChecksum", "AdventOfCode2017\Day02-CorruptedChecksum\Day02-CorruptedChecksum.vcxproj", "{B542145C-B60E-4B0B-AD47-67FD721CA448}"
EndProject
Project("{8BC9CEB8-8B4A-11D0-8D11-00A0C91BC942}") = "Day03-SpiralMemory", "AdventOfCode2017\Day03-SpiralMemory\Day03-SpiralMemory.vcxproj", "{34E55C7E-2267-4862-81C0-2270AAD9C586}"
EndProject
Project("{8BC9CEB8-8B4A-11D0-8D11-00A0C91BC942}") = "Day04-HighEntropyPassphrases", "AdventOfCode2017\Day04-HighEntropyPassphrases\Day04-HighEntropyPassphrases.vcxproj", "{00105898-5BEA-4DD8-86A0-E4A73B42FF9C}"
EndProject
Project("{8BC9CEB8-8B4A-11D0-8D11-00A0C91BC942}") = "Day05-MazeOfTrampolines", "AdventOfCode2017\Day05-MazeOfTrampolines\Day05-MazeOfTrampolines.vcxproj", "{4A023829-02DC-4DC0-B388-B023F1C0A68E}"
EndProject
Project("{8BC9CEB8-8B4A-11D0-8D11-00A0C91BC942}") = "Day06-MemoryReallocation", "AdventOfCode2017\Day06-MemoryReallocation\Day06-MemoryReallocation.vcxproj", "{E3112216-81FD-465A-8732-375605FE2483}"
EndProject
Project("{8BC9CEB8-8B4A-11D0-8D11-00A0C91BC942}") = "Day07-RecursiveCircus", "AdventOfCode2017\Day07-RecursiveCircus\Day07-RecursiveCircus.vcxproj", "{07BFE542-3AA5-49C1-B479-E5CB38331457}"
EndProject
Project("{8BC9CEB8-8B4A-11D0-8D11-00A0C91BC942}") = "Day08-LikeRegisters", "AdventOfCode2017\Day08-LikeRegisters\Day08-LikeRegisters.vcxproj", "{971810EA-0811-4EF8-B21F-279C6016D148}"
EndProject
Project("{8BC9CEB8-8B4A-11D0-8D11-00A0C91BC942}") = "Day09-StreamProcessing", "AdventOfCode2017\Day09-StreamProcessing\Day09-StreamProcessing.vcxproj", "{B8015A32-0B74-4C51-BFDA-A488AA51A199}"
EndProject
Project("{8BC9CEB8-8B4A-11D0-8D11-00A0C91BC942}") = "Day10-KnotHash", "AdventOfCode2017\Day10-KnotHash\Day10-KnotHash.vcxproj", "{F374A5D2-BBD2-437A-967F-3CB294205F5A}"
EndProject
Project("{8BC9CEB8-8B4A-11D0-8D11-00A0C91BC942}") = "Day11-HexEd", "AdventOfCode2017\Day11-HexEd\Day11-HexEd.vcxproj", "{210601CD-5073-4A1B-BD22-E89B603A22F3}"
EndProject
Project("{8BC9CEB8-8B4A-11D0-8D11-00A0C91BC942}") = "Day12-DigitalPlumber", "AdventOfCode2017\Day12-DigitalPlumber\Day12-DigitalPlumber.vcxproj", "{13C81FB0-9159-42C0-BFD6-1A562A4A5255}"
EndProject
Project("{8BC9CEB8-8B4A-11D0-8D11-00A0C91BC942}") = "Day13-PacketScanners", "AdventOfCode2017\Day13-PacketScanners\Day13-PacketScanners.vcxproj", "{6A73B587-9004-4C17-9195-C6BB5FF04839}"
EndProject
Project("{8BC9CEB8-8B4A-11D0-8D11-00A0C91BC942}") = "Day14-DiskDefragmentation", "AdventOfCode2017\Day14-DiskDefragmentation\Day14-DiskDefragmentation.vcxproj", "{66CB3005-B1A2-4731-BF10-9428C3DC2D83}"
EndProject
Project("{8BC9CEB8-8B4A-11D0-8D11-00A0C91BC942}") = "Day15-DuelingGenerators", "AdventOfCode2017\Day15-DuelingGenerators\Day15-DuelingGenerators.vcxproj", "{A70697D1-4DEA-41F4-BF4C-11493EDC2A3A}"
EndProject
Project("{8BC9CEB8-8B4A-11D0-8D11-00A0C91BC942}") = "Day16-PermutationPromenade", "AdventOfCode2017\Day16-PermutationPromenade\Day16-PermutationPromenade.vcxproj", "{06D1543E-860F-438E-9146-FC654518B520}"
EndProject
Project("{8BC9CEB8-8B4A-11D0-8D11-00A0C91BC942}") = "Day17-Spinlock", "AdventOfCode2017\Day17-Spinlock\Day17-Spinlock.vcxproj", "{23EB1884-40CA-4B0C-854A-15AF2F090FF4}"
EndProject
Project("{8BC9CEB8-8B4A-11D0-8D11-00A0C91BC942}") = "Day18-Duet", "AdventOfCode2017\Day18-Duet\Day18-Duet.vcxproj", "{13BBBB3C-613D-4E32-8DCB-55212EC94B2F}"
EndProject
Project("{8BC9CEB8-8B4A-11D0-8D11-00A0C91BC942}") = "Day19-SeriesOfTubes", "AdventOfCode2017\Day19-SeriesOfTubes\Day19-SeriesOfTubes.vcxproj", "{3A1155E3-84D4-4FA1-ACF7-1E647DE1BF83}"
EndProject
Project("{8BC9CEB8-8B4A-11D0-8D11-00A0C91BC942}") = "Day20-ParticleSwarm", "AdventOfCode2017\Day20-ParticleSwarm\Day20-ParticleSwarm.vcxproj", "{2D165B2F-0881-4AFE-BF23-F2DA0594AFF8}"
EndProject
Project("{8BC9CEB8-8B4A-11D0-8D11-00A0C91BC942}") = "Day21-FractalArt", "AdventOfCode2017\Day21-FractalArt\Day21-FractalArt.vcxproj", "{FFA2362A-C1B1-4A47-A1D5-24B672FBD9DE}"
EndProject
Project("{8BC9CEB8-8B4A-11D0-8D11-00A0C91BC942}") = "Day22-SporificaVirus", "AdventOfCode2017\Day22-SporificaVirus\Day22-SporificaVirus.vcxproj", "{923D0963-8FCF-42F4-8A1B-A6D6E5EC4E95}"
EndProject
Project("{8BC9CEB8-8B4A-11D0-8D11-00A0C91BC942}") = "Day23-CoprocessorConflagration", "AdventOfCode2017\Day23-CoprocessorConflagration\Day23-CoprocessorConflagration.vcxproj", "{E15D72CF-7E02-41F8-8114-2A4631E65876}"
EndProject
Project("{8BC9CEB8-8B4A-11D0-8D11-00A0C91BC942}") = "Day24-ElectromagneticMoat", "AdventOfCode2017\Day24-ElectromagneticMoat\Day24-ElectromagneticMoat.vcxproj", "{0191C9FE-1EB1-4932-9424-CD6269D07214}"
EndProject
Project("{8BC9CEB8-8B4A-11D0-8D11-00A0C91BC942}") = "Day25-HaltingProblem", "AdventOfCode2017\Day25-HaltingProblem\Day25-HaltingProblem.vcxproj", "{CC0F8660-324B-41B4-81AD-A82C0BC3F892}"
EndProject
Project("{2150E333-8FDC-42A3-9474-1A3956D46DE8}") = "AdventOfCode2018", "AdventOfCode2018", "{D5F46C08-94B9-4D43-8F1B-1F2D558CF7EA}"
EndProject
Project("{8BC9CEB8-8B4A-11D0-8D11-00A0C91BC942}") = "Day01-ChronalCalibration", "AdventOfCode2018\Day01-ChronalCalibration\Day01-ChronalCalibration.vcxproj", "{09B3BC3B-EA86-486C-B097-506C4D7780F5}"
EndProject
Project("{8BC9CEB8-8B4A-11D0-8D11-00A0C91BC942}") = "Day02-InventoryManagement", "AdventOfCode2018\Day02-InventoryManagement\Day02-InventoryManagement.vcxproj", "{9D993241-EBF4-4B97-BA88-EA132EDC7FF7}"
EndProject
Project("{8BC9CEB8-8B4A-11D0-8D11-00A0C91BC942}") = "Day03-HowYouSliceIt", "AdventOfCode2018\Day03-HowYouSliceIt\Day03-HowYouSliceIt.vcxproj", "{394031D7-6391-47AC-8A7B-BA48AACD4CA3}"
EndProject
Project("{8BC9CEB8-8B4A-11D0-8D11-00A0C91BC942}") = "Day04-ReposeRecord", "AdventOfCode2018\Day04-ReposeRecord\Day04-ReposeRecord.vcxproj", "{205553EB-BB83-4B55-807A-B03CF6C61CBD}"
EndProject
Project("{8BC9CEB8-8B4A-11D0-8D11-00A0C91BC942}") = "Day05-AlchemicalReduction", "AdventOfCode2018\Day05-AlchemicalReduction\Day05-AlchemicalReduction.vcxproj", "{6A94E39E-4409-4FAD-9D14-DDEF37E317D9}"
EndProject
Global
	GlobalSection(SolutionConfigurationPlatforms) = preSolution
		Debug|x64 = Debug|x64
		Debug|x86 = Debug|x86
		Release|x64 = Release|x64
		Release|x86 = Release|x86
		Test|x64 = Test|x64
		Test|x86 = Test|x86
	EndGlobalSection
	GlobalSection(ProjectConfigurationPlatforms) = postSolution
		{CACB5746-DED5-4746-82AA-8AA8F76CEC06}.Debug|x64.ActiveCfg = Debug|x64
		{CACB5746-DED5-4746-82AA-8AA8F76CEC06}.Debug|x64.Build.0 = Debug|x64
		{CACB5746-DED5-4746-82AA-8AA8F76CEC06}.Debug|x86.ActiveCfg = Debug|Win32
		{CACB5746-DED5-4746-82AA-8AA8F76CEC06}.Debug|x86.Build.0 = Debug|Win32
		{CACB5746-DED5-4746-82AA-8AA8F76CEC06}.Release|x64.ActiveCfg = Release|x64
		{CACB5746-DED5-4746-82AA-8AA8F76CEC06}.Release|x64.Build.0 = Release|x64
		{CACB5746-DED5-4746-82AA-8AA8F76CEC06}.Release|x86.ActiveCfg = Release|Win32
		{CACB5746-DED5-4746-82AA-8AA8F76CEC06}.Release|x86.Build.0 = Release|Win32
		{CACB5746-DED5-4746-82AA-8AA8F76CEC06}.Test|x64.ActiveCfg = Test|x64
		{CACB5746-DED5-4746-82AA-8AA8F76CEC06}.Test|x64.Build.0 = Test|x64
		{CACB5746-DED5-4746-82AA-8AA8F76CEC06}.Test|x86.ActiveCfg = Test|Win32
		{CACB5746-DED5-4746-82AA-8AA8F76CEC06}.Test|x86.Build.0 = Test|Win32
		{E157DBC3-3E58-4A10-ABD3-A597C6752F36}.Debug|x64.ActiveCfg = Debug|x64
		{E157DBC3-3E58-4A10-ABD3-A597C6752F36}.Debug|x64.Build.0 = Debug|x64
		{E157DBC3-3E58-4A10-ABD3-A597C6752F36}.Debug|x86.ActiveCfg = Debug|Win32
		{E157DBC3-3E58-4A10-ABD3-A597C6752F36}.Debug|x86.Build.0 = Debug|Win32
		{E157DBC3-3E58-4A10-ABD3-A597C6752F36}.Release|x64.ActiveCfg = Release|x64
		{E157DBC3-3E58-4A10-ABD3-A597C6752F36}.Release|x64.Build.0 = Release|x64
		{E157DBC3-3E58-4A10-ABD3-A597C6752F36}.Release|x86.ActiveCfg = Release|Win32
		{E157DBC3-3E58-4A10-ABD3-A597C6752F36}.Release|x86.Build.0 = Release|Win32
		{E157DBC3-3E58-4A10-ABD3-A597C6752F36}.Test|x64.ActiveCfg = Test|x64
		{E157DBC3-3E58-4A10-ABD3-A597C6752F36}.Test|x64.Build.0 = Test|x64
		{E157DBC3-3E58-4A10-ABD3-A597C6752F36}.Test|x86.ActiveCfg = Test|Win32
		{E157DBC3-3E58-4A10-ABD3-A597C6752F36}.Test|x86.Build.0 = Test|Win32
		{B542145C-B60E-4B0B-AD47-67FD721CA448}.Debug|x64.ActiveCfg = Debug|x64
		{B542145C-B60E-4B0B-AD47-67FD721CA448}.Debug|x64.Build.0 = Debug|x64
		{B542145C-B60E-4B0B-AD47-67FD721CA448}.Debug|x86.ActiveCfg = Debug|Win32
		{B542145C-B60E-4B0B-AD47-67FD721CA448}.Debug|x86.Build.0 = Debug|Win32
		{B542145C-B60E-4B0B-AD47-67FD721CA448}.Release|x64.ActiveCfg = Release|x64
		{B542145C-B60E-4B0B-AD47-67FD721CA448}.Release|x64.Build.0 = Release|x64
		{B542145C-B60E-4B0B-AD47-67FD721CA448}.Release|x86.ActiveCfg = Release|Win32
		{B542145C-B60E-4B0B-AD47-67FD721CA448}.Release|x86.Build.0 = Release|Win32
		{B542145C-B60E-4B0B-AD47-67FD721CA448}.Test|x64.ActiveCfg = Test|x64
		{B542145C-B60E-4B0B-AD47-67FD721CA448}.Test|x64.Build.0 = Test|x64
		{B542145C-B60E-4B0B-AD47-67FD721CA448}.Test|x86.ActiveCfg = Test|Win32
		{B542145C-B60E-4B0B-AD47-67FD721CA448}.Test|x86.Build.0 = Test|Win32
		{34E55C7E-2267-4862-81C0-2270AAD9C586}.Debug|x64.ActiveCfg = Debug|x64
		{34E55C7E-2267-4862-81C0-2270AAD9C586}.Debug|x64.Build.0 = Debug|x64
		{34E55C7E-2267-4862-81C0-2270AAD9C586}.Debug|x86.ActiveCfg = Debug|Win32
		{34E55C7E-2267-4862-81C0-2270AAD9C586}.Debug|x86.Build.0 = Debug|Win32
		{34E55C7E-2267-4862-81C0-2270AAD9C586}.Release|x64.ActiveCfg = Release|x64
		{34E55C7E-2267-4862-81C0-2270AAD9C586}.Release|x64.Build.0 = Release|x64
		{34E55C7E-2267-4862-81C0-2270AAD9C586}.Release|x86.ActiveCfg = Release|Win32
		{34E55C7E-2267-4862-81C0-2270AAD9C586}.Release|x86.Build.0 = Release|Win32
		{34E55C7E-2267-4862-81C0-2270AAD9C586}.Test|x64.ActiveCfg = Test|x64
		{34E55C7E-2267-4862-81C0-2270AAD9C586}.Test|x64.Build.0 = Test|x64
		{34E55C7E-2267-4862-81C0-2270AAD9C586}.Test|x86.ActiveCfg = Test|Win32
		{34E55C7E-2267-4862-81C0-2270AAD9C586}.Test|x86.Build.0 = Test|Win32
		{00105898-5BEA-4DD8-86A0-E4A73B42FF9C}.Debug|x64.ActiveCfg = Debug|x64
		{00105898-5BEA-4DD8-86A0-E4A73B42FF9C}.Debug|x64.Build.0 = Debug|x64
		{00105898-5BEA-4DD8-86A0-E4A73B42FF9C}.Debug|x86.ActiveCfg = Debug|Win32
		{00105898-5BEA-4DD8-86A0-E4A73B42FF9C}.Debug|x86.Build.0 = Debug|Win32
		{00105898-5BEA-4DD8-86A0-E4A73B42FF9C}.Release|x64.ActiveCfg = Release|x64
		{00105898-5BEA-4DD8-86A0-E4A73B42FF9C}.Release|x64.Build.0 = Release|x64
		{00105898-5BEA-4DD8-86A0-E4A73B42FF9C}.Release|x86.ActiveCfg = Release|Win32
		{00105898-5BEA-4DD8-86A0-E4A73B42FF9C}.Release|x86.Build.0 = Release|Win32
		{00105898-5BEA-4DD8-86A0-E4A73B42FF9C}.Test|x64.ActiveCfg = Test|x64
		{00105898-5BEA-4DD8-86A0-E4A73B42FF9C}.Test|x64.Build.0 = Test|x64
		{00105898-5BEA-4DD8-86A0-E4A73B42FF9C}.Test|x86.ActiveCfg = Test|Win32
		{00105898-5BEA-4DD8-86A0-E4A73B42FF9C}.Test|x86.Build.0 = Test|Win32
		{4A023829-02DC-4DC0-B388-B023F1C0A68E}.Debug|x64.ActiveCfg = Debug|x64
		{4A023829-02DC-4DC0-B388-B023F1C0A68E}.Debug|x64.Build.0 = Debug|x64
		{4A023829-02DC-4DC0-B388-B023F1C0A68E}.Debug|x86.ActiveCfg = Debug|Win32
		{4A023829-02DC-4DC0-B388-B023F1C0A68E}.Debug|x86.Build.0 = Debug|Win32
		{4A023829-02DC-4DC0-B388-B023F1C0A68E}.Release|x64.ActiveCfg = Release|x64
		{4A023829-02DC-4DC0-B388-B023F1C0A68E}.Release|x64.Build.0 = Release|x64
		{4A023829-02DC-4DC0-B388-B023F1C0A68E}.Release|x86.ActiveCfg = Release|Win32
		{4A023829-02DC-4DC0-B388-B023F1C0A68E}.Release|x86.Build.0 = Release|Win32
		{4A023829-02DC-4DC0-B388-B023F1C0A68E}.Test|x64.ActiveCfg = Test|x64
		{4A023829-02DC-4DC0-B388-B023F1C0A68E}.Test|x64.Build.0 = Test|x64
		{4A023829-02DC-4DC0-B388-B023F1C0A68E}.Test|x86.ActiveCfg = Test|Win32
		{4A023829-02DC-4DC0-B388-B023F1C0A68E}.Test|x86.Build.0 = Test|Win32
		{E3112216-81FD-465A-8732-375605FE2483}.Debug|x64.ActiveCfg = Debug|x64
		{E3112216-81FD-465A-8732-375605FE2483}.Debug|x64.Build.0 = Debug|x64
		{E3112216-81FD-465A-8732-375605FE2483}.Debug|x86.ActiveCfg = Debug|Win32
		{E3112216-81FD-465A-8732-375605FE2483}.Debug|x86.Build.0 = Debug|Win32
		{E3112216-81FD-465A-8732-375605FE2483}.Release|x64.ActiveCfg = Release|x64
		{E3112216-81FD-465A-8732-375605FE2483}.Release|x64.Build.0 = Release|x64
		{E3112216-81FD-465A-8732-375605FE2483}.Release|x86.ActiveCfg = Release|Win32
		{E3112216-81FD-465A-8732-375605FE2483}.Release|x86.Build.0 = Release|Win32
		{E3112216-81FD-465A-8732-375605FE2483}.Test|x64.ActiveCfg = Test|x64
		{E3112216-81FD-465A-8732-375605FE2483}.Test|x64.Build.0 = Test|x64
		{E3112216-81FD-465A-8732-375605FE2483}.Test|x86.ActiveCfg = Test|Win32
		{E3112216-81FD-465A-8732-375605FE2483}.Test|x86.Build.0 = Test|Win32
		{07BFE542-3AA5-49C1-B479-E5CB38331457}.Debug|x64.ActiveCfg = Debug|x64
		{07BFE542-3AA5-49C1-B479-E5CB38331457}.Debug|x64.Build.0 = Debug|x64
		{07BFE542-3AA5-49C1-B479-E5CB38331457}.Debug|x86.ActiveCfg = Debug|Win32
		{07BFE542-3AA5-49C1-B479-E5CB38331457}.Debug|x86.Build.0 = Debug|Win32
		{07BFE542-3AA5-49C1-B479-E5CB38331457}.Release|x64.ActiveCfg = Release|x64
		{07BFE542-3AA5-49C1-B479-E5CB38331457}.Release|x64.Build.0 = Release|x64
		{07BFE542-3AA5-49C1-B479-E5CB38331457}.Release|x86.ActiveCfg = Release|Win32
		{07BFE542-3AA5-49C1-B479-E5CB38331457}.Release|x86.Build.0 = Release|Win32
		{07BFE542-3AA5-49C1-B479-E5CB38331457}.Test|x64.ActiveCfg = Test|x64
		{07BFE542-3AA5-49C1-B479-E5CB38331457}.Test|x64.Build.0 = Test|x64
		{07BFE542-3AA5-49C1-B479-E5CB38331457}.Test|x86.ActiveCfg = Test|Win32
		{07BFE542-3AA5-49C1-B479-E5CB38331457}.Test|x86.Build.0 = Test|Win32
		{971810EA-0811-4EF8-B21F-279C6016D148}.Debug|x64.ActiveCfg = Debug|x64
		{971810EA-0811-4EF8-B21F-279C6016D148}.Debug|x64.Build.0 = Debug|x64
		{971810EA-0811-4EF8-B21F-279C6016D148}.Debug|x86.ActiveCfg = Debug|Win32
		{971810EA-0811-4EF8-B21F-279C6016D148}.Debug|x86.Build.0 = Debug|Win32
		{971810EA-0811-4EF8-B21F-279C6016D148}.Release|x64.ActiveCfg = Release|x64
		{971810EA-0811-4EF8-B21F-279C6016D148}.Release|x64.Build.0 = Release|x64
		{971810EA-0811-4EF8-B21F-279C6016D148}.Release|x86.ActiveCfg = Release|Win32
		{971810EA-0811-4EF8-B21F-279C6016D148}.Release|x86.Build.0 = Release|Win32
		{971810EA-0811-4EF8-B21F-279C6016D148}.Test|x64.ActiveCfg = Test|x64
		{971810EA-0811-4EF8-B21F-279C6016D148}.Test|x64.Build.0 = Test|x64
		{971810EA-0811-4EF8-B21F-279C6016D148}.Test|x86.ActiveCfg = Test|Win32
		{971810EA-0811-4EF8-B21F-279C6016D148}.Test|x86.Build.0 = Test|Win32
		{B8015A32-0B74-4C51-BFDA-A488AA51A199}.Debug|x64.ActiveCfg = Debug|x64
		{B8015A32-0B74-4C51-BFDA-A488AA51A199}.Debug|x64.Build.0 = Debug|x64
		{B8015A32-0B74-4C51-BFDA-A488AA51A199}.Debug|x86.ActiveCfg = Debug|Win32
		{B8015A32-0B74-4C51-BFDA-A488AA51A199}.Debug|x86.Build.0 = Debug|Win32
		{B8015A32-0B74-4C51-BFDA-A488AA51A199}.Release|x64.ActiveCfg = Release|x64
		{B8015A32-0B74-4C51-BFDA-A488AA51A199}.Release|x64.Build.0 = Release|x64
		{B8015A32-0B74-4C51-BFDA-A488AA51A199}.Release|x86.ActiveCfg = Release|Win32
		{B8015A32-0B74-4C51-BFDA-A488AA51A199}.Release|x86.Build.0 = Release|Win32
		{B8015A32-0B74-4C51-BFDA-A488AA51A199}.Test|x64.ActiveCfg = Test|x64
		{B8015A32-0B74-4C51-BFDA-A488AA51A199}.Test|x64.Build.0 = Test|x64
		{B8015A32-0B74-4C51-BFDA-A488AA51A199}.Test|x86.ActiveCfg = Test|Win32
		{B8015A32-0B74-4C51-BFDA-A488AA51A199}.Test|x86.Build.0 = Test|Win32
		{F374A5D2-BBD2-437A-967F-3CB294205F5A}.Debug|x64.ActiveCfg = Debug|x64
		{F374A5D2-BBD2-437A-967F-3CB294205F5A}.Debug|x64.Build.0 = Debug|x64
		{F374A5D2-BBD2-437A-967F-3CB294205F5A}.Debug|x86.ActiveCfg = Debug|Win32
		{F374A5D2-BBD2-437A-967F-3CB294205F5A}.Debug|x86.Build.0 = Debug|Win32
		{F374A5D2-BBD2-437A-967F-3CB294205F5A}.Release|x64.ActiveCfg = Release|x64
		{F374A5D2-BBD2-437A-967F-3CB294205F5A}.Release|x64.Build.0 = Release|x64
		{F374A5D2-BBD2-437A-967F-3CB294205F5A}.Release|x86.ActiveCfg = Release|Win32
		{F374A5D2-BBD2-437A-967F-3CB294205F5A}.Release|x86.Build.0 = Release|Win32
		{F374A5D2-BBD2-437A-967F-3CB294205F5A}.Test|x64.ActiveCfg = Test|x64
		{F374A5D2-BBD2-437A-967F-3CB294205F5A}.Test|x64.Build.0 = Test|x64
		{F374A5D2-BBD2-437A-967F-3CB294205F5A}.Test|x86.ActiveCfg = Test|Win32
		{F374A5D2-BBD2-437A-967F-3CB294205F5A}.Test|x86.Build.0 = Test|Win32
		{210601CD-5073-4A1B-BD22-E89B603A22F3}.Debug|x64.ActiveCfg = Debug|x64
		{210601CD-5073-4A1B-BD22-E89B603A22F3}.Debug|x64.Build.0 = Debug|x64
		{210601CD-5073-4A1B-BD22-E89B603A22F3}.Debug|x86.ActiveCfg = Debug|Win32
		{210601CD-5073-4A1B-BD22-E89B603A22F3}.Debug|x86.Build.0 = Debug|Win32
		{210601CD-5073-4A1B-BD22-E89B603A22F3}.Release|x64.ActiveCfg = Release|x64
		{210601CD-5073-4A1B-BD22-E89B603A22F3}.Release|x64.Build.0 = Release|x64
		{210601CD-5073-4A1B-BD22-E89B603A22F3}.Release|x86.ActiveCfg = Release|Win32
		{210601CD-5073-4A1B-BD22-E89B603A22F3}.Release|x86.Build.0 = Release|Win32
		{210601CD-5073-4A1B-BD22-E89B603A22F3}.Test|x64.ActiveCfg = Test|x64
		{210601CD-5073-4A1B-BD22-E89B603A22F3}.Test|x64.Build.0 = Test|x64
		{210601CD-5073-4A1B-BD22-E89B603A22F3}.Test|x86.ActiveCfg = Test|Win32
		{210601CD-5073-4A1B-BD22-E89B603A22F3}.Test|x86.Build.0 = Test|Win32
		{13C81FB0-9159-42C0-BFD6-1A562A4A5255}.Debug|x64.ActiveCfg = Debug|x64
		{13C81FB0-9159-42C0-BFD6-1A562A4A5255}.Debug|x64.Build.0 = Debug|x64
		{13C81FB0-9159-42C0-BFD6-1A562A4A5255}.Debug|x86.ActiveCfg = Debug|Win32
		{13C81FB0-9159-42C0-BFD6-1A562A4A5255}.Debug|x86.Build.0 = Debug|Win32
		{13C81FB0-9159-42C0-BFD6-1A562A4A5255}.Release|x64.ActiveCfg = Release|x64
		{13C81FB0-9159-42C0-BFD6-1A562A4A5255}.Release|x64.Build.0 = Release|x64
		{13C81FB0-9159-42C0-BFD6-1A562A4A5255}.Release|x86.ActiveCfg = Release|Win32
		{13C81FB0-9159-42C0-BFD6-1A562A4A5255}.Release|x86.Build.0 = Release|Win32
		{13C81FB0-9159-42C0-BFD6-1A562A4A5255}.Test|x64.ActiveCfg = Test|x64
		{13C81FB0-9159-42C0-BFD6-1A562A4A5255}.Test|x64.Build.0 = Test|x64
		{13C81FB0-9159-42C0-BFD6-1A562A4A5255}.Test|x86.ActiveCfg = Test|Win32
		{13C81FB0-9159-42C0-BFD6-1A562A4A5255}.Test|x86.Build.0 = Test|Win32
		{6A73B587-9004-4C17-9195-C6BB5FF04839}.Debug|x64.ActiveCfg = Debug|x64
		{6A73B587-9004-4C17-9195-C6BB5FF04839}.Debug|x64.Build.0 = Debug|x64
		{6A73B587-9004-4C17-9195-C6BB5FF04839}.Debug|x86.ActiveCfg = Debug|Win32
		{6A73B587-9004-4C17-9195-C6BB5FF04839}.Debug|x86.Build.0 = Debug|Win32
		{6A73B587-9004-4C17-9195-C6BB5FF04839}.Release|x64.ActiveCfg = Release|x64
		{6A73B587-9004-4C17-9195-C6BB5FF04839}.Release|x64.Build.0 = Release|x64
		{6A73B587-9004-4C17-9195-C6BB5FF04839}.Release|x86.ActiveCfg = Release|Win32
		{6A73B587-9004-4C17-9195-C6BB5FF04839}.Release|x86.Build.0 = Release|Win32
		{6A73B587-9004-4C17-9195-C6BB5FF04839}.Test|x64.ActiveCfg = Test|x64
		{6A73B587-9004-4C17-9195-C6BB5FF04839}.Test|x64.Build.0 = Test|x64
		{6A73B587-9004-4C17-9195-C6BB5FF04839}.Test|x86.ActiveCfg = Test|Win32
		{6A73B587-9004-4C17-9195-C6BB5FF04839}.Test|x86.Build.0 = Test|Win32
		{66CB3005-B1A2-4731-BF10-9428C3DC2D83}.Debug|x64.ActiveCfg = Debug|x64
		{66CB3005-B1A2-4731-BF10-9428C3DC2D83}.Debug|x64.Build.0 = Debug|x64
		{66CB3005-B1A2-4731-BF10-9428C3DC2D83}.Debug|x86.ActiveCfg = Debug|Win32
		{66CB3005-B1A2-4731-BF10-9428C3DC2D83}.Debug|x86.Build.0 = Debug|Win32
		{66CB3005-B1A2-4731-BF10-9428C3DC2D83}.Release|x64.ActiveCfg = Release|x64
		{66CB3005-B1A2-4731-BF10-9428C3DC2D83}.Release|x64.Build.0 = Release|x64
		{66CB3005-B1A2-4731-BF10-9428C3DC2D83}.Release|x86.ActiveCfg = Release|Win32
		{66CB3005-B1A2-4731-BF10-9428C3DC2D83}.Release|x86.Build.0 = Release|Win32
		{66CB3005-B1A2-4731-BF10-9428C3DC2D83}.Test|x64.ActiveCfg = Test|x64
		{66CB3005-B1A2-4731-BF10-9428C3DC2D83}.Test|x64.Build.0 = Test|x64
		{66CB3005-B1A2-4731-BF10-9428C3DC2D83}.Test|x86.ActiveCfg = Test|Win32
		{66CB3005-B1A2-4731-BF10-9428C3DC2D83}.Test|x86.Build.0 = Test|Win32
		{A70697D1-4DEA-41F4-BF4C-11493EDC2A3A}.Debug|x64.ActiveCfg = Debug|x64
		{A70697D1-4DEA-41F4-BF4C-11493EDC2A3A}.Debug|x64.Build.0 = Debug|x64
		{A70697D1-4DEA-41F4-BF4C-11493EDC2A3A}.Debug|x86.ActiveCfg = Debug|Win32
		{A70697D1-4DEA-41F4-BF4C-11493EDC2A3A}.Debug|x86.Build.0 = Debug|Win32
		{A70697D1-4DEA-41F4-BF4C-11493EDC2A3A}.Release|x64.ActiveCfg = Release|x64
		{A70697D1-4DEA-41F4-BF4C-11493EDC2A3A}.Release|x64.Build.0 = Release|x64
		{A70697D1-4DEA-41F4-BF4C-11493EDC2A3A}.Release|x86.ActiveCfg = Release|Win32
		{A70697D1-4DEA-41F4-BF4C-11493EDC2A3A}.Release|x86.Build.0 = Release|Win32
		{A70697D1-4DEA-41F4-BF4C-11493EDC2A3A}.Test|x64.ActiveCfg = Test|x64
		{A70697D1-4DEA-41F4-BF4C-11493EDC2A3A}.Test|x64.Build.0 = Test|x64
		{A70697D1-4DEA-41F4-BF4C-11493EDC2A3A}.Test|x86.ActiveCfg = Test|Win32
		{A70697D1-4DEA-41F4-BF4C-11493EDC2A3A}.Test|x86.Build.0 = Test|Win32
		{06D1543E-860F-438E-9146-FC654518B520}.Debug|x64.ActiveCfg = Debug|x64
		{06D1543E-860F-438E-9146-FC654518B520}.Debug|x64.Build.0 = Debug|x64
		{06D1543E-860F-438E-9146-FC654518B520}.Debug|x86.ActiveCfg = Debug|Win32
		{06D1543E-860F-438E-9146-FC654518B520}.Debug|x86.Build.0 = Debug|Win32
		{06D1543E-860F-438E-9146-FC654518B520}.Release|x64.ActiveCfg = Release|x64
		{06D1543E-860F-438E-9146-FC654518B520}.Release|x64.Build.0 = Release|x64
		{06D1543E-860F-438E-9146-FC654518B520}.Release|x86.ActiveCfg = Release|Win32
		{06D1543E-860F-438E-9146-FC654518B520}.Release|x86.Build.0 = Release|Win32
		{06D1543E-860F-438E-9146-FC654518B520}.Test|x64.ActiveCfg = Test|x64
		{06D1543E-860F-438E-9146-FC654518B520}.Test|x64.Build.0 = Test|x64
		{06D1543E-860F-438E-9146-FC654518B520}.Test|x86.ActiveCfg = Test|Win32
		{06D1543E-860F-438E-9146-FC654518B520}.Test|x86.Build.0 = Test|Win32
		{23EB1884-40CA-4B0C-854A-15AF2F090FF4}.Debug|x64.ActiveCfg = Debug|x64
		{23EB1884-40CA-4B0C-854A-15AF2F090FF4}.Debug|x64.Build.0 = Debug|x64
		{23EB1884-40CA-4B0C-854A-15AF2F090FF4}.Debug|x86.ActiveCfg = Debug|Win32
		{23EB1884-40CA-4B0C-854A-15AF2F090FF4}.Debug|x86.Build.0 = Debug|Win32
		{23EB1884-40CA-4B0C-854A-15AF2F090FF4}.Release|x64.ActiveCfg = Release|x64
		{23EB1884-40CA-4B0C-854A-15AF2F090FF4}.Release|x64.Build.0 = Release|x64
		{23EB1884-40CA-4B0C-854A-15AF2F090FF4}.Release|x86.ActiveCfg = Release|Win32
		{23EB1884-40CA-4B0C-854A-15AF2F090FF4}.Release|x86.Build.0 = Release|Win32
		{23EB1884-40CA-4B0C-854A-15AF2F090FF4}.Test|x64.ActiveCfg = Test|x64
		{23EB1884-40CA-4B0C-854A-15AF2F090FF4}.Test|x64.Build.0 = Test|x64
		{23EB1884-40CA-4B0C-854A-15AF2F090FF4}.Test|x86.ActiveCfg = Test|Win32
		{23EB1884-40CA-4B0C-854A-15AF2F090FF4}.Test|x86.Build.0 = Test|Win32
		{13BBBB3C-613D-4E32-8DCB-55212EC94B2F}.Debug|x64.ActiveCfg = Debug|x64
		{13BBBB3C-613D-4E32-8DCB-55212EC94B2F}.Debug|x64.Build.0 = Debug|x64
		{13BBBB3C-613D-4E32-8DCB-55212EC94B2F}.Debug|x86.ActiveCfg = Debug|Win32
		{13BBBB3C-613D-4E32-8DCB-55212EC94B2F}.Debug|x86.Build.0 = Debug|Win32
		{13BBBB3C-613D-4E32-8DCB-55212EC94B2F}.Release|x64.ActiveCfg = Release|x64
		{13BBBB3C-613D-4E32-8DCB-55212EC94B2F}.Release|x64.Build.0 = Release|x64
		{13BBBB3C-613D-4E32-8DCB-55212EC94B2F}.Release|x86.ActiveCfg = Release|Win32
		{13BBBB3C-613D-4E32-8DCB-55212EC94B2F}.Release|x86.Build.0 = Release|Win32
		{13BBBB3C-613D-4E32-8DCB-55212EC94B2F}.Test|x64.ActiveCfg = Test|x64
		{13BBBB3C-613D-4E32-8DCB-55212EC94B2F}.Test|x64.Build.0 = Test|x64
		{13BBBB3C-613D-4E32-8DCB-55212EC94B2F}.Test|x86.ActiveCfg = Test|Win32
		{13BBBB3C-613D-4E32-8DCB-55212EC94B2F}.Test|x86.Build.0 = Test|Win32
		{3A1155E3-84D4-4FA1-ACF7-1E647DE1BF83}.Debug|x64.ActiveCfg = Debug|x64
		{3A1155E3-84D4-4FA1-ACF7-1E647DE1BF83}.Debug|x64.Build.0 = Debug|x64
		{3A1155E3-84D4-4FA1-ACF7-1E647DE1BF83}.Debug|x86.ActiveCfg = Debug|Win32
		{3A1155E3-84D4-4FA1-ACF7-1E647DE1BF83}.Debug|x86.Build.0 = Debug|Win32
		{3A1155E3-84D4-4FA1-ACF7-1E647DE1BF83}.Release|x64.ActiveCfg = Release|x64
		{3A1155E3-84D4-4FA1-ACF7-1E647DE1BF83}.Release|x64.Build.0 = Release|x64
		{3A1155E3-84D4-4FA1-ACF7-1E647DE1BF83}.Release|x86.ActiveCfg = Release|Win32
		{3A1155E3-84D4-4FA1-ACF7-1E647DE1BF83}.Release|x86.Build.0 = Release|Win32
		{3A1155E3-84D4-4FA1-ACF7-1E647DE1BF83}.Test|x64.ActiveCfg = Test|x64
		{3A1155E3-84D4-4FA1-ACF7-1E647DE1BF83}.Test|x64.Build.0 = Test|x64
		{3A1155E3-84D4-4FA1-ACF7-1E647DE1BF83}.Test|x86.ActiveCfg = Test|Win32
		{3A1155E3-84D4-4FA1-ACF7-1E647DE1BF83}.Test|x86.Build.0 = Test|Win32
		{2D165B2F-0881-4AFE-BF23-F2DA0594AFF8}.Debug|x64.ActiveCfg = Debug|x64
		{2D165B2F-0881-4AFE-BF23-F2DA0594AFF8}.Debug|x64.Build.0 = Debug|x64
		{2D165B2F-0881-4AFE-BF23-F2DA0594AFF8}.Debug|x86.ActiveCfg = Debug|Win32
		{2D165B2F-0881-4AFE-BF23-F2DA0594AFF8}.Debug|x86.Build.0 = Debug|Win32
		{2D165B2F-0881-4AFE-BF23-F2DA0594AFF8}.Release|x64.ActiveCfg = Release|x64
		{2D165B2F-0881-4AFE-BF23-F2DA0594AFF8}.Release|x64.Build.0 = Release|x64
		{2D165B2F-0881-4AFE-BF23-F2DA0594AFF8}.Release|x86.ActiveCfg = Release|Win32
		{2D165B2F-0881-4AFE-BF23-F2DA0594AFF8}.Release|x86.Build.0 = Release|Win32
		{2D165B2F-0881-4AFE-BF23-F2DA0594AFF8}.Test|x64.ActiveCfg = Test|x64
		{2D165B2F-0881-4AFE-BF23-F2DA0594AFF8}.Test|x64.Build.0 = Test|x64
		{2D165B2F-0881-4AFE-BF23-F2DA0594AFF8}.Test|x86.ActiveCfg = Test|Win32
		{2D165B2F-0881-4AFE-BF23-F2DA0594AFF8}.Test|x86.Build.0 = Test|Win32
		{FFA2362A-C1B1-4A47-A1D5-24B672FBD9DE}.Debug|x64.ActiveCfg = Debug|x64
		{FFA2362A-C1B1-4A47-A1D5-24B672FBD9DE}.Debug|x64.Build.0 = Debug|x64
		{FFA2362A-C1B1-4A47-A1D5-24B672FBD9DE}.Debug|x86.ActiveCfg = Debug|Win32
		{FFA2362A-C1B1-4A47-A1D5-24B672FBD9DE}.Debug|x86.Build.0 = Debug|Win32
		{FFA2362A-C1B1-4A47-A1D5-24B672FBD9DE}.Release|x64.ActiveCfg = Release|x64
		{FFA2362A-C1B1-4A47-A1D5-24B672FBD9DE}.Release|x64.Build.0 = Release|x64
		{FFA2362A-C1B1-4A47-A1D5-24B672FBD9DE}.Release|x86.ActiveCfg = Release|Win32
		{FFA2362A-C1B1-4A47-A1D5-24B672FBD9DE}.Release|x86.Build.0 = Release|Win32
		{FFA2362A-C1B1-4A47-A1D5-24B672FBD9DE}.Test|x64.ActiveCfg = Test|x64
		{FFA2362A-C1B1-4A47-A1D5-24B672FBD9DE}.Test|x64.Build.0 = Test|x64
		{FFA2362A-C1B1-4A47-A1D5-24B672FBD9DE}.Test|x86.ActiveCfg = Test|Win32
		{FFA2362A-C1B1-4A47-A1D5-24B672FBD9DE}.Test|x86.Build.0 = Test|Win32
		{923D0963-8FCF-42F4-8A1B-A6D6E5EC4E95}.Debug|x64.ActiveCfg = Debug|x64
		{923D0963-8FCF-42F4-8A1B-A6D6E5EC4E95}.Debug|x64.Build.0 = Debug|x64
		{923D0963-8FCF-42F4-8A1B-A6D6E5EC4E95}.Debug|x86.ActiveCfg = Debug|Win32
		{923D0963-8FCF-42F4-8A1B-A6D6E5EC4E95}.Debug|x86.Build.0 = Debug|Win32
		{923D0963-8FCF-42F4-8A1B-A6D6E5EC4E95}.Release|x64.ActiveCfg = Release|x64
		{923D0963-8FCF-42F4-8A1B-A6D6E5EC4E95}.Release|x64.Build.0 = Release|x64
		{923D0963-8FCF-42F4-8A1B-A6D6E5EC4E95}.Release|x86.ActiveCfg = Release|Win32
		{923D0963-8FCF-42F4-8A1B-A6D6E5EC4E95}.Release|x86.Build.0 = Release|Win32
		{923D0963-8FCF-42F4-8A1B-A6D6E5EC4E95}.Test|x64.ActiveCfg = Test|x64
		{923D0963-8FCF-42F4-8A1B-A6D6E5EC4E95}.Test|x64.Build.0 = Test|x64
		{923D0963-8FCF-42F4-8A1B-A6D6E5EC4E95}.Test|x86.ActiveCfg = Test|Win32
		{923D0963-8FCF-42F4-8A1B-A6D6E5EC4E95}.Test|x86.Build.0 = Test|Win32
		{E15D72CF-7E02-41F8-8114-2A4631E65876}.Debug|x64.ActiveCfg = Debug|x64
		{E15D72CF-7E02-41F8-8114-2A4631E65876}.Debug|x64.Build.0 = Debug|x64
		{E15D72CF-7E02-41F8-8114-2A4631E65876}.Debug|x86.ActiveCfg = Debug|Win32
		{E15D72CF-7E02-41F8-8114-2A4631E65876}.Debug|x86.Build.0 = Debug|Win32
		{E15D72CF-7E02-41F8-8114-2A4631E65876}.Release|x64.ActiveCfg = Release|x64
		{E15D72CF-7E02-41F8-8114-2A4631E65876}.Release|x64.Build.0 = Release|x64
		{E15D72CF-7E02-41F8-8114-2A4631E65876}.Release|x86.ActiveCfg = Release|Win32
		{E15D72CF-7E02-41F8-8114-2A4631E65876}.Release|x86.Build.0 = Release|Win32
		{E15D72CF-7E02-41F8-8114-2A4631E65876}.Test|x64.ActiveCfg = Test|x64
		{E15D72CF-7E02-41F8-8114-2A4631E65876}.Test|x64.Build.0 = Test|x64
		{E15D72CF-7E02-41F8-8114-2A4631E65876}.Test|x86.ActiveCfg = Test|Win32
		{E15D72CF-7E02-41F8-8114-2A4631E65876}.Test|x86.Build.0 = Test|Win32
		{0191C9FE-1EB1-4932-9424-CD6269D07214}.Debug|x64.ActiveCfg = Debug|x64
		{0191C9FE-1EB1-4932-9424-CD6269D07214}.Debug|x64.Build.0 = Debug|x64
		{0191C9FE-1EB1-4932-9424-CD6269D07214}.Debug|x86.ActiveCfg = Debug|Win32
		{0191C9FE-1EB1-4932-9424-CD6269D07214}.Debug|x86.Build.0 = Debug|Win32
		{0191C9FE-1EB1-4932-9424-CD6269D07214}.Release|x64.ActiveCfg = Release|x64
		{0191C9FE-1EB1-4932-9424-CD6269D07214}.Release|x64.Build.0 = Release|x64
		{0191C9FE-1EB1-4932-9424-CD6269D07214}.Release|x86.ActiveCfg = Release|Win32
		{0191C9FE-1EB1-4932-9424-CD6269D07214}.Release|x86.Build.0 = Release|Win32
		{0191C9FE-1EB1-4932-9424-CD6269D07214}.Test|x64.ActiveCfg = Test|x64
		{0191C9FE-1EB1-4932-9424-CD6269D07214}.Test|x64.Build.0 = Test|x64
		{0191C9FE-1EB1-4932-9424-CD6269D07214}.Test|x86.ActiveCfg = Test|Win32
		{0191C9FE-1EB1-4932-9424-CD6269D07214}.Test|x86.Build.0 = Test|Win32
		{CC0F8660-324B-41B4-81AD-A82C0BC3F892}.Debug|x64.ActiveCfg = Debug|x64
		{CC0F8660-324B-41B4-81AD-A82C0BC3F892}.Debug|x64.Build.0 = Debug|x64
		{CC0F8660-324B-41B4-81AD-A82C0BC3F892}.Debug|x86.ActiveCfg = Debug|Win32
		{CC0F8660-324B-41B4-81AD-A82C0BC3F892}.Debug|x86.Build.0 = Debug|Win32
		{CC0F8660-324B-41B4-81AD-A82C0BC3F892}.Release|x64.ActiveCfg = Release|x64
		{CC0F8660-324B-41B4-81AD-A82C0BC3F892}.Release|x64.Build.0 = Release|x64
		{CC0F8660-324B-41B4-81AD-A82C0BC3F892}.Release|x86.ActiveCfg = Release|Win32
		{CC0F8660-324B-41B4-81AD-A82C0BC3F892}.Release|x86.Build.0 = Release|Win32
		{CC0F8660-324B-41B4-81AD-A82C0BC3F892}.Test|x64.ActiveCfg = Test|x64
		{CC0F8660-324B-41B4-81AD-A82C0BC3F892}.Test|x64.Build.0 = Test|x64
		{CC0F8660-324B-41B4-81AD-A82C0BC3F892}.Test|x86.ActiveCfg = Test|Win32
		{CC0F8660-324B-41B4-81AD-A82C0BC3F892}.Test|x86.Build.0 = Test|Win32
		{09B3BC3B-EA86-486C-B097-506C4D7780F5}.Debug|x64.ActiveCfg = Debug|x64
		{09B3BC3B-EA86-486C-B097-506C4D7780F5}.Debug|x64.Build.0 = Debug|x64
		{09B3BC3B-EA86-486C-B097-506C4D7780F5}.Debug|x86.ActiveCfg = Debug|Win32
		{09B3BC3B-EA86-486C-B097-506C4D7780F5}.Debug|x86.Build.0 = Debug|Win32
		{09B3BC3B-EA86-486C-B097-506C4D7780F5}.Release|x64.ActiveCfg = Release|x64
		{09B3BC3B-EA86-486C-B097-506C4D7780F5}.Release|x64.Build.0 = Release|x64
		{09B3BC3B-EA86-486C-B097-506C4D7780F5}.Release|x86.ActiveCfg = Release|Win32
		{09B3BC3B-EA86-486C-B097-506C4D7780F5}.Release|x86.Build.0 = Release|Win32
		{09B3BC3B-EA86-486C-B097-506C4D7780F5}.Test|x64.ActiveCfg = Test|x64
		{09B3BC3B-EA86-486C-B097-506C4D7780F5}.Test|x64.Build.0 = Test|x64
		{09B3BC3B-EA86-486C-B097-506C4D7780F5}.Test|x86.ActiveCfg = Test|Win32
		{09B3BC3B-EA86-486C-B097-506C4D7780F5}.Test|x86.Build.0 = Test|Win32
		{9D993241-EBF4-4B97-BA88-EA132EDC7FF7}.Debug|x64.ActiveCfg = Debug|x64
		{9D993241-EBF4-4B97-BA88-EA132EDC7FF7}.Debug|x64.Build.0 = Debug|x64
		{9D993241-EBF4-4B97-BA88-EA132EDC7FF7}.Debug|x86.ActiveCfg = Debug|Win32
		{9D993241-EBF4-4B97-BA88-EA132EDC7FF7}.Debug|x86.Build.0 = Debug|Win32
		{9D993241-EBF4-4B97-BA88-EA132EDC7FF7}.Release|x64.ActiveCfg = Release|x64
		{9D993241-EBF4-4B97-BA88-EA132EDC7FF7}.Release|x64.Build.0 = Release|x64
		{9D993241-EBF4-4B97-BA88-EA132EDC7FF7}.Release|x86.ActiveCfg = Release|Win32
		{9D993241-EBF4-4B97-BA88-EA132EDC7FF7}.Release|x86.Build.0 = Release|Win32
		{9D993241-EBF4-4B97-BA88-EA132EDC7FF7}.Test|x64.ActiveCfg = Test|x64
		{9D993241-EBF4-4B97-BA88-EA132EDC7FF7}.Test|x64.Build.0 = Test|x64
		{9D993241-EBF4-4B97-BA88-EA132EDC7FF7}.Test|x86.ActiveCfg = Test|Win32
		{9D993241-EBF4-4B97-BA88-EA132EDC7FF7}.Test|x86.Build.0 = Test|Win32
		{394031D7-6391-47AC-8A7B-BA48AACD4CA3}.Debug|x64.ActiveCfg = Debug|x64
		{394031D7-6391-47AC-8A7B-BA48AACD4CA3}.Debug|x64.Build.0 = Debug|x64
		{394031D7-6391-47AC-8A7B-BA48AACD4CA3}.Debug|x86.ActiveCfg = Debug|Win32
		{394031D7-6391-47AC-8A7B-BA48AACD4CA3}.Debug|x86.Build.0 = Debug|Win32
		{394031D7-6391-47AC-8A7B-BA48AACD4CA3}.Release|x64.ActiveCfg = Release|x64
		{394031D7-6391-47AC-8A7B-BA48AACD4CA3}.Release|x64.Build.0 = Release|x64
		{394031D7-6391-47AC-8A7B-BA48AACD4CA3}.Release|x86.ActiveCfg = Release|Win32
		{394031D7-6391-47AC-8A7B-BA48AACD4CA3}.Release|x86.Build.0 = Release|Win32
		{394031D7-6391-47AC-8A7B-BA48AACD4CA3}.Test|x64.ActiveCfg = Test|x64
		{394031D7-6391-47AC-8A7B-BA48AACD4CA3}.Test|x64.Build.0 = Test|x64
		{394031D7-6391-47AC-8A7B-BA48AACD4CA3}.Test|x86.ActiveCfg = Test|Win32
		{394031D7-6391-47AC-8A7B-BA48AACD4CA3}.Test|x86.Build.0 = Test|Win32
		{205553EB-BB83-4B55-807A-B03CF6C61CBD}.Debug|x64.ActiveCfg = Debug|x64
		{205553EB-BB83-4B55-807A-B03CF6C61CBD}.Debug|x64.Build.0 = Debug|x64
		{205553EB-BB83-4B55-807A-B03CF6C61CBD}.Debug|x86.ActiveCfg = Debug|Win32
		{205553EB-BB83-4B55-807A-B03CF6C61CBD}.Debug|x86.Build.0 = Debug|Win32
		{205553EB-BB83-4B55-807A-B03CF6C61CBD}.Release|x64.ActiveCfg = Release|x64
		{205553EB-BB83-4B55-807A-B03CF6C61CBD}.Release|x64.Build.0 = Release|x64
		{205553EB-BB83-4B55-807A-B03CF6C61CBD}.Release|x86.ActiveCfg = Release|Win32
		{205553EB-BB83-4B55-807A-B03CF6C61CBD}.Release|x86.Build.0 = Release|Win32
		{205553EB-BB83-4B55-807A-B03CF6C61CBD}.Test|x64.ActiveCfg = Test|x64
		{205553EB-BB83-4B55-807A-B03CF6C61CBD}.Test|x64.Build.0 = Test|x64
		{205553EB-BB83-4B55-807A-B03CF6C61CBD}.Test|x86.ActiveCfg = Test|Win32
		{205553EB-BB83-4B55-807A-B03CF6C61CBD}.Test|x86.Build.0 = Test|Win32
		{6A94E39E-4409-4FAD-9D14-DDEF37E317D9}.Debug|x64.ActiveCfg = Debug|x64
		{6A94E39E-4409-4FAD-9D14-DDEF37E317D9}.Debug|x64.Build.0 = Debug|x64
		{6A94E39E-4409-4FAD-9D14-DDEF37E317D9}.Debug|x86.ActiveCfg = Debug|Win32
		{6A94E39E-4409-4FAD-9D14-DDEF37E317D9}.Debug|x86.Build.0 = Debug|Win32
		{6A94E39E-4409-4FAD-9D14-DDEF37E317D9}.Release|x64.ActiveCfg = Release|x64
		{6A94E39E-4409-4FAD-9D14-DDEF37E317D9}.Release|x64.Build.0 = Release|x64
		{6A94E39E-4409-4FAD-9D14-DDEF37E317D9}.Release|x86.ActiveCfg = Release|Win32
		{6A94E39E-4409-4FAD-9D14-DDEF37E317D9}.Release|x86.Build.0 = Release|Win32
		{6A94E39E-4409-4FAD-9D14-DDEF37E317D9}.Test|x64.ActiveCfg = Test|x64
		{6A94E39E-4409-4FAD-9D14-DDEF37E317D9}.Test|x64.Build.0 = Test|x64
		{6A94E39E-4409-4FAD-9D14-DDEF37E317D9}.Test|x86.ActiveCfg = Test|Win32
		{6A94E39E-4409-4FAD-9D14-DDEF37E317D9}.Test|x86.Build.0 = Test|Win32
	EndGlobalSection
	GlobalSection(SolutionProperties) = preSolution
		HideSolutionNode = FALSE
	EndGlobalSection
	GlobalSection(NestedProjects) = preSolution
		{E157DBC3-3E58-4A10-ABD3-A597C6752F36} = {55904875-D27A-4052-A99D-C4B43B186A6C}
		{B542145C-B60E-4B0B-AD47-67FD721CA448} = {55904875-D27A-4052-A99D-C4B43B186A6C}
		{34E55C7E-2267-4862-81C0-2270AAD9C586} = {55904875-D27A-4052-A99D-C4B43B186A6C}
		{00105898-5BEA-4DD8-86A0-E4A73B42FF9C} = {55904875-D27A-4052-A99D-C4B43B186A6C}
		{4A023829-02DC-4DC0-B388-B023F1C0A68E} = {55904875-D27A-4052-A99D-C4B43B186A6C}
		{E3112216-81FD-465A-8732-375605FE2483} = {55904875-D27A-4052-A99D-C4B43B186A6C}
		{07BFE542-3AA5-49C1-B479-E5CB38331457} = {55904875-D27A-4052-A99D-C4B43B186A6C}
		{971810EA-0811-4EF8-B21F-279C6016D148} = {55904875-D27A-4052-A99D-C4B43B186A6C}
		{B8015A32-0B74-4C51-BFDA-A488AA51A199} = {55904875-D27A-4052-A99D-C4B43B186A6C}
		{F374A5D2-BBD2-437A-967F-3CB294205F5A} = {55904875-D27A-4052-A99D-C4B43B186A6C}
		{210601CD-5073-4A1B-BD22-E89B603A22F3} = {55904875-D27A-4052-A99D-C4B43B186A6C}
		{13C81FB0-9159-42C0-BFD6-1A562A4A5255} = {55904875-D27A-4052-A99D-C4B43B186A6C}
		{6A73B587-9004-4C17-9195-C6BB5FF04839} = {55904875-D27A-4052-A99D-C4B43B186A6C}
		{66CB3005-B1A2-4731-BF10-9428C3DC2D83} = {55904875-D27A-4052-A99D-C4B43B186A6C}
		{A70697D1-4DEA-41F4-BF4C-11493EDC2A3A} = {55904875-D27A-4052-A99D-C4B43B186A6C}
		{06D1543E-860F-438E-9146-FC654518B520} = {55904875-D27A-4052-A99D-C4B43B186A6C}
		{23EB1884-40CA-4B0C-854A-15AF2F090FF4} = {55904875-D27A-4052-A99D-C4B43B186A6C}
		{13BBBB3C-613D-4E32-8DCB-55212EC94B2F} = {55904875-D27A-4052-A99D-C4B43B186A6C}
		{3A1155E3-84D4-4FA1-ACF7-1E647DE1BF83} = {55904875-D27A-4052-A99D-C4B43B186A6C}
		{2D165B2F-0881-4AFE-BF23-F2DA0594AFF8} = {55904875-D27A-4052-A99D-C4B43B186A6C}
		{FFA2362A-C1B1-4A47-A1D5-24B672FBD9DE} = {55904875-D27A-4052-A99D-C4B43B186A6C}
		{923D0963-8FCF-42F4-8A1B-A6D6E5EC4E95} = {55904875-D27A-4052-A99D-C4B43B186A6C}
		{E15D72CF-7E02-41F8-8114-2A4631E65876} = {55904875-D27A-4052-A99D-C4B43B186A6C}
		{0191C9FE-1EB1-4932-9424-CD6269D07214} = {55904875-D27A-4052-A99D-C4B43B186A6C}
		{CC0F8660-324B-41B4-81AD-A82C0BC3F892} = {55904875-D27A-4052-A99D-C4B43B186A6C}
		{09B3BC3B-EA86-486C-B097-506C4D7780F5} = {D5F46C08-94B9-4D43-8F1B-1F2D558CF7EA}
		{9D993241-EBF4-4B97-BA88-EA132EDC7FF7} = {D5F46C08-94B9-4D43-8F1B-1F2D558CF7EA}
		{394031D7-6391-47AC-8A7B-BA48AACD4CA3} = {D5F46C08-94B9-4D43-8F1B-1F2D558CF7EA}
		{205553EB-BB83-4B55-807A-B03CF6C61CBD} = {D5F46C08-94B9-4D43-8F1B-1F2D558CF7EA}
		{6A94E39E-4409-4FAD-9D14-DDEF37E317D9} = {D5F46C08-94B9-4D43-8F1B-1F2D558CF7EA}
	EndGlobalSection
	GlobalSection(ExtensibilityGlobals) = postSolution
		SolutionGuid = {C73BC1FB-06D6-478E-B2D0-DE1E761743D4}
	EndGlobalSection
EndGlobal
